<?xml version="1.0" encoding="utf-8"?>
<Project ToolsVersion="4.0" xmlns="http://schemas.microsoft.com/developer/msbuild/2003">
  <ItemGroup>
    <Filter Include="Public">
      <UniqueIdentifier>{db610d61-aee8-4415-bbff-3d1e3e19f131}</UniqueIdentifier>
    </Filter>
    <Filter Include="Private">
      <UniqueIdentifier>{00b53c2a-9f40-4916-ae85-e545ad355f84}</UniqueIdentifier>
    </Filter>
    <Filter Include="Public\Assert">
      <UniqueIdentifier>{aadfef03-f795-4eaf-932c-95a2c0f5a63f}</UniqueIdentifier>
    </Filter>
    <Filter Include="Public\Common">
      <UniqueIdentifier>{6f838407-50d1-4b13-8656-d0a666ea9d55}</UniqueIdentifier>
    </Filter>
    <Filter Include="Public\Container">
      <UniqueIdentifier>{32a165f2-f5c6-46a6-85df-c723ef81f6e3}</UniqueIdentifier>
    </Filter>
    <Filter Include="Public\DataType">
      <UniqueIdentifier>{10e8cda8-3910-4366-955e-65ca6bce204f}</UniqueIdentifier>
    </Filter>
    <Filter Include="Public\Math">
      <UniqueIdentifier>{72f2b5bb-f141-48f7-92dd-f3775322a498}</UniqueIdentifier>
    </Filter>
    <Filter Include="Public\Memory">
      <UniqueIdentifier>{df05a51b-fed5-4c9b-83f0-a6a4071c0873}</UniqueIdentifier>
    </Filter>
    <Filter Include="Public\Runtime">
      <UniqueIdentifier>{3970997a-79f4-4865-9446-dfd3391082c9}</UniqueIdentifier>
    </Filter>
    <Filter Include="Public\Thread">
      <UniqueIdentifier>{8ef6a199-f29f-4f1b-8e27-1ffce3ae9235}</UniqueIdentifier>
    </Filter>
    <Filter Include="Public\Time">
      <UniqueIdentifier>{449cc016-115d-4f72-8073-169d5b2546ae}</UniqueIdentifier>
    </Filter>
    <Filter Include="Private\Assert">
      <UniqueIdentifier>{3c848763-f2f4-4890-9d86-a6060e1d9a89}</UniqueIdentifier>
    </Filter>
    <Filter Include="Private\Container">
      <UniqueIdentifier>{4b875034-2bb7-4237-8c49-1a416b279fae}</UniqueIdentifier>
    </Filter>
    <Filter Include="Private\Memory">
      <UniqueIdentifier>{b4554d0c-e6e1-4cc6-9f2b-07efc3681f3f}</UniqueIdentifier>
    </Filter>
    <Filter Include="Private\Runtime">
      <UniqueIdentifier>{a4b8dafb-0458-4be2-9bfa-28566c07bef7}</UniqueIdentifier>
    </Filter>
    <Filter Include="Private\Thread">
      <UniqueIdentifier>{998850ae-3c8c-4f81-8990-aa66969634d3}</UniqueIdentifier>
    </Filter>
    <Filter Include="Private\Time">
      <UniqueIdentifier>{0ced4f38-269b-4679-83f1-224c609c8487}</UniqueIdentifier>
    </Filter>
    <Filter Include="Public\Text">
      <UniqueIdentifier>{573a6fac-981a-4f43-a381-741ff7d4e1b0}</UniqueIdentifier>
    </Filter>
    <Filter Include="Private\Text">
      <UniqueIdentifier>{556cb699-ee25-4a58-ae69-e5473c4075c5}</UniqueIdentifier>
    </Filter>
    <Filter Include="Public\Hashing">
      <UniqueIdentifier>{18943cef-4100-4e46-acca-db4540a51480}</UniqueIdentifier>
    </Filter>
    <Filter Include="Private\Hashing">
      <UniqueIdentifier>{88f2a30e-04e6-4eda-93cb-4a7bc6ba6ad9}</UniqueIdentifier>
    </Filter>
    <Filter Include="Private\DataType">
      <UniqueIdentifier>{8c00a9e7-794c-46c9-9bfd-3c811ac8ee64}</UniqueIdentifier>
    </Filter>
    <Filter Include="Private\Math">
      <UniqueIdentifier>{ac5470b8-0e98-42e5-8bc8-643436752030}</UniqueIdentifier>
    </Filter>
    <Filter Include="Public\Codec">
      <UniqueIdentifier>{31056bb9-5552-46cb-8451-c167ad46b73a}</UniqueIdentifier>
    </Filter>
    <Filter Include="Private\Codec">
      <UniqueIdentifier>{9f423a1f-ee4f-4a6c-b1c9-c24efbe5e130}</UniqueIdentifier>
    </Filter>
    <Filter Include="Public\Collision">
      <UniqueIdentifier>{91aabdd1-fdeb-4ccf-9891-b1932f033e17}</UniqueIdentifier>
    </Filter>
    <Filter Include="Private\Collision">
      <UniqueIdentifier>{d0280790-2e07-43ac-84dc-eafb7c8f699b}</UniqueIdentifier>
    </Filter>
    <Filter Include="Public\FileSystem">
      <UniqueIdentifier>{53cf59b1-7951-4559-b4a6-aa388c213ea1}</UniqueIdentifier>
    </Filter>
    <Filter Include="Private\FileSysterm">
      <UniqueIdentifier>{5aeeb08c-ebe6-4f68-b5e4-5ec06702ccaf}</UniqueIdentifier>
    </Filter>
    <Filter Include="Private\IO">
      <UniqueIdentifier>{c2d1a462-c5b4-48ea-b6f4-9cff1b2c7e01}</UniqueIdentifier>
    </Filter>
    <Filter Include="Private\IO\ImageFile">
      <UniqueIdentifier>{4cca0c60-1c04-46a5-bdb4-47bbb69bc141}</UniqueIdentifier>
    </Filter>
    <Filter Include="Private\IO\MeshFile">
      <UniqueIdentifier>{976dec17-f7e4-49e3-84fe-0181833ce285}</UniqueIdentifier>
    </Filter>
    <Filter Include="Public\Render">
      <UniqueIdentifier>{02cf7142-7ecd-412f-887e-b6de96834682}</UniqueIdentifier>
    </Filter>
    <Filter Include="Private\Render">
      <UniqueIdentifier>{8bd6e7ed-aa60-48bd-9f12-5b32245c88b2}</UniqueIdentifier>
    </Filter>
    <Filter Include="Private\Render\VertexLayout">
      <UniqueIdentifier>{a61dab69-b8d5-4aa0-8649-9566a73cbbd6}</UniqueIdentifier>
    </Filter>
    <Filter Include="Private\Render\Document">
      <UniqueIdentifier>{0a413813-6e6a-4546-ab34-6e25063d8c58}</UniqueIdentifier>
    </Filter>
    <Filter Include="Public\SceneGraph">
      <UniqueIdentifier>{59214a37-7702-43f0-812b-cfbe946b6423}</UniqueIdentifier>
    </Filter>
    <Filter Include="Private\SceneGraph">
      <UniqueIdentifier>{7bfaa0a5-fc3c-4a00-b24e-bb933459aaa4}</UniqueIdentifier>
    </Filter>
  </ItemGroup>
  <ItemGroup>
    <ClInclude Include="Public\Assert\RuntimeAssert.hpp">
      <Filter>Public\Assert</Filter>
    </ClInclude>
    <ClInclude Include="Public\Common\CommonDefines.hpp">
      <Filter>Public\Common</Filter>
    </ClInclude>
    <ClInclude Include="Public\Common\CompilerDefines.hpp">
      <Filter>Public\Common</Filter>
    </ClInclude>
    <ClInclude Include="Public\Common\PlatformDefines.hpp">
      <Filter>Public\Common</Filter>
    </ClInclude>
    <ClInclude Include="Public\Container\RingBuffer.hpp">
      <Filter>Public\Container</Filter>
    </ClInclude>
    <ClInclude Include="Public\Math\MathUtilities.hpp">
      <Filter>Public\Math</Filter>
    </ClInclude>
    <ClInclude Include="Public\Memory\ArenaAllocator.hpp">
      <Filter>Public\Memory</Filter>
    </ClInclude>
    <ClInclude Include="Public\Memory\MemoryUtilities.hpp">
      <Filter>Public\Memory</Filter>
    </ClInclude>
    <ClInclude Include="Public\Runtime\GameLogic.hpp">
      <Filter>Public\Runtime</Filter>
    </ClInclude>
    <ClInclude Include="Public\Thread\ThreadDefines.hpp">
      <Filter>Public\Thread</Filter>
    </ClInclude>
    <ClInclude Include="Public\Thread\WorkerThread.hpp">
      <Filter>Public\Thread</Filter>
    </ClInclude>
    <ClInclude Include="Public\Time\ClockTime.hpp">
      <Filter>Public\Time</Filter>
    </ClInclude>
    <ClInclude Include="Private\Runtime\GameMainLoop.hpp">
      <Filter>Private\Runtime</Filter>
    </ClInclude>
    <ClInclude Include="Public\Text\StaticString.hpp">
      <Filter>Public\Text</Filter>
    </ClInclude>
    <ClInclude Include="Public\Text\StaticStringId.hpp">
      <Filter>Public\Text</Filter>
    </ClInclude>
    <ClInclude Include="Private\Text\StaticStringDepot.hpp">
      <Filter>Private\Text</Filter>
    </ClInclude>
    <ClInclude Include="Public\Hashing\RuntimeHash.hpp">
      <Filter>Public\Hashing</Filter>
    </ClInclude>
    <ClInclude Include="Private\Hashing\RuntimeXXHash32.hpp">
      <Filter>Private\Hashing</Filter>
    </ClInclude>
    <ClInclude Include="Private\Hashing\RuntimeXXHash64.hpp">
      <Filter>Private\Hashing</Filter>
    </ClInclude>
    <ClInclude Include="Public\Hashing\StaticXXHash32.hpp">
      <Filter>Public\Hashing</Filter>
    </ClInclude>
    <ClInclude Include="Public\Hashing\StaticXXHash64.hpp">
      <Filter>Public\Hashing</Filter>
    </ClInclude>
    <ClInclude Include="Public\DataType\Float4D.hpp">
      <Filter>Public\DataType</Filter>
    </ClInclude>
    <ClInclude Include="Public\Math\MathDefines.hpp">
      <Filter>Public\Math</Filter>
    </ClInclude>
    <ClInclude Include="Public\DataType\Float3D.hpp">
      <Filter>Public\DataType</Filter>
    </ClInclude>
    <ClInclude Include="Public\DataType\Matrix3x4.hpp">
      <Filter>Public\DataType</Filter>
    </ClInclude>
    <ClInclude Include="Public\DataType\Matrix4x4.hpp">
      <Filter>Public\DataType</Filter>
    </ClInclude>
    <ClInclude Include="Public\DataType\Quaternion.hpp">
      <Filter>Public\DataType</Filter>
    </ClInclude>
    <ClInclude Include="Public\Codec\X2TeaCodec.hpp">
      <Filter>Public\Codec</Filter>
    </ClInclude>
    <ClInclude Include="Public\DataType\Float2D.hpp">
      <Filter>Public\DataType</Filter>
    </ClInclude>
    <ClInclude Include="Public\Collision\Ray3D.hpp">
      <Filter>Public\Collision</Filter>
    </ClInclude>
    <ClInclude Include="Public\Collision\Triangle3D.hpp">
      <Filter>Public\Collision</Filter>
    </ClInclude>
    <ClInclude Include="Public\Collision\AABB.hpp">
      <Filter>Public\Collision</Filter>
    </ClInclude>
    <ClInclude Include="Public\DataType\AxisType.hpp">
      <Filter>Public\DataType</Filter>
    </ClInclude>
    <ClInclude Include="Public\FileSystem\FileHandle.hpp">
      <Filter>Public\FileSystem</Filter>
    </ClInclude>
    <ClInclude Include="Public\FileSystem\FileName.hpp">
      <Filter>Public\FileSystem</Filter>
    </ClInclude>
    <ClInclude Include="Private\FileSystem\MiSoft\WCharHelper.hpp">
      <Filter>Private\FileSysterm</Filter>
    </ClInclude>
    <ClInclude Include="Private\FileSystem\MiSoft\WinFileHandle.hpp">
      <Filter>Private\FileSysterm</Filter>
    </ClInclude>
    <ClInclude Include="Public\FileSystem\NativeDirectory.hpp">
      <Filter>Public\FileSystem</Filter>
    </ClInclude>
    <ClInclude Include="Public\FileSystem\NativeFile.hpp">
      <Filter>Public\FileSystem</Filter>
    </ClInclude>
    <ClInclude Include="Public\FileSystem\NativeReadStream.hpp">
      <Filter>Public\FileSystem</Filter>
    </ClInclude>
    <ClInclude Include="Public\FileSystem\NativeWriteStream.hpp">
      <Filter>Public\FileSystem</Filter>
    </ClInclude>
    <ClInclude Include="Public\Hashing\StaticStringHash.hpp">
      <Filter>Public\Hashing</Filter>
    </ClInclude>
    <ClInclude Include="Private\IO\ImageFile\PpmFile.hpp">
      <Filter>Private\IO\ImageFile</Filter>
    </ClInclude>
    <ClInclude Include="Private\IO\MeshFile\PlyFile.hpp">
      <Filter>Private\IO\MeshFile</Filter>
    </ClInclude>
    <ClInclude Include="Private\IO\MeshFile\RMeshFile.hpp">
      <Filter>Private\IO\MeshFile</Filter>
    </ClInclude>
    <ClInclude Include="Private\IO\MeshFile\RMeshHead_v1.0.hpp">
      <Filter>Private\IO\MeshFile</Filter>
    </ClInclude>
    <ClInclude Include="Private\IO\SoULFileHead.hpp">
      <Filter>Private\IO</Filter>
    </ClInclude>
    <ClInclude Include="Public\Math\BitOperationUtilities.hpp">
      <Filter>Public\Math</Filter>
    </ClInclude>
    <ClInclude Include="Public\Math\RandomNumber.hpp">
      <Filter>Public\Math</Filter>
    </ClInclude>
    <ClInclude Include="Private\Memory\BlockAllocatorImpl.hpp">
      <Filter>Private\Memory</Filter>
    </ClInclude>
    <ClInclude Include="Public\Memory\BlockAllocator.hpp">
      <Filter>Public\Memory</Filter>
    </ClInclude>
    <ClInclude Include="Public\Render\RenderMeshId.hpp">
      <Filter>Public\Render</Filter>
    </ClInclude>
    <ClInclude Include="Private\Render\RenderMesh.hpp">
      <Filter>Private\Render</Filter>
    </ClInclude>
    <ClInclude Include="Private\Render\RenderMeshDepot.hpp">
      <Filter>Private\Render</Filter>
    </ClInclude>
    <ClInclude Include="Private\Render\VertexDataType.hpp">
      <Filter>Private\Render</Filter>
    </ClInclude>
    <ClInclude Include="Private\Render\VertexLayout\Layout_Pos.hpp">
      <Filter>Private\Render\VertexLayout</Filter>
    </ClInclude>
    <ClInclude Include="Private\Render\VertexLayout\Layout_Pos_Colr.hpp">
      <Filter>Private\Render\VertexLayout</Filter>
    </ClInclude>
    <ClInclude Include="Private\Render\VertexLayout\Layout_Pos_Colr_Norm.hpp">
      <Filter>Private\Render\VertexLayout</Filter>
    </ClInclude>
    <ClInclude Include="Private\Render\VertexLayout\Layout_Pos_Colr_Uv.hpp">
      <Filter>Private\Render\VertexLayout</Filter>
    </ClInclude>
    <ClInclude Include="Private\Render\VertexLayout\Layout_Pos_Norm.hpp">
      <Filter>Private\Render\VertexLayout</Filter>
    </ClInclude>
    <ClInclude Include="Private\Render\VertexLayout\Layout_Pos_Uv.hpp">
      <Filter>Private\Render\VertexLayout</Filter>
    </ClInclude>
    <ClInclude Include="Private\Render\IndexedTriangle.hpp">
      <Filter>Private\Render</Filter>
    </ClInclude>
    <ClInclude Include="Public\Text\TextEncoding.hpp">
      <Filter>Public\Text</Filter>
    </ClInclude>
    <ClInclude Include="Private\Render\VertexLayout\Layout_Pos_Colr_Norm_Uv.hpp">
      <Filter>Private\Render\VertexLayout</Filter>
    </ClInclude>
    <ClInclude Include="Public\SceneGraph\GameScene.hpp">
      <Filter>Public\SceneGraph</Filter>
    </ClInclude>
    <ClInclude Include="Private\SceneGraph\MarkerTypeDepot.hpp">
      <Filter>Private\SceneGraph</Filter>
    </ClInclude>
    <ClInclude Include="Public\SceneGraph\ObjectMarker.hpp">
      <Filter>Public\SceneGraph</Filter>
    </ClInclude>
    <ClInclude Include="Public\SceneGraph\SceneObject.hpp">
      <Filter>Public\SceneGraph</Filter>
    </ClInclude>
    <ClInclude Include="Public\SceneGraph\TransformMarker.hpp">
      <Filter>Public\SceneGraph</Filter>
    </ClInclude>
  </ItemGroup>
  <ItemGroup>
    <ClCompile Include="Private\Assert\RuntimeAssert.cpp">
      <Filter>Private\Assert</Filter>
    </ClCompile>
    <ClCompile Include="Private\Codec\X2TeaCodec.cpp">
      <Filter>Private\Codec</Filter>
    </ClCompile>
    <ClCompile Include="Private\Collision\AABB.cpp">
      <Filter>Private\Collision</Filter>
    </ClCompile>
    <ClCompile Include="Private\Collision\Triangle3D.cpp">
      <Filter>Private\Collision</Filter>
    </ClCompile>
    <ClCompile Include="Private\Container\RingBuffer.cpp">
      <Filter>Private\Container</Filter>
    </ClCompile>
    <ClCompile Include="Private\DataType\Float2D.cpp">
      <Filter>Private\DataType</Filter>
    </ClCompile>
    <ClCompile Include="Private\DataType\Float3D.cpp">
      <Filter>Private\DataType</Filter>
    </ClCompile>
    <ClCompile Include="Private\DataType\Float4D.cpp">
      <Filter>Private\DataType</Filter>
    </ClCompile>
    <ClCompile Include="Private\DataType\Matrix3x4.cpp">
      <Filter>Private\DataType</Filter>
    </ClCompile>
    <ClCompile Include="Private\DataType\Matrix4x4.cpp">
      <Filter>Private\DataType</Filter>
    </ClCompile>
    <ClCompile Include="Private\DataType\Quaternion.cpp">
      <Filter>Private\DataType</Filter>
    </ClCompile>
    <ClCompile Include="Private\FileSystem\FileName.cpp">
      <Filter>Private\FileSysterm</Filter>
    </ClCompile>
    <ClCompile Include="Private\FileSystem\MiSoft\WCharHelper.cpp">
      <Filter>Private\FileSysterm</Filter>
    </ClCompile>
    <ClCompile Include="Private\FileSystem\MiSoft\WinNativeDirectory.cpp">
      <Filter>Private\FileSysterm</Filter>
    </ClCompile>
    <ClCompile Include="Private\FileSystem\MiSoft\WinNativeFile.cpp">
      <Filter>Private\FileSysterm</Filter>
    </ClCompile>
    <ClCompile Include="Private\FileSystem\NativeReadStream.cpp">
      <Filter>Private\FileSysterm</Filter>
    </ClCompile>
    <ClCompile Include="Private\FileSystem\NativeWriteStream.cpp">
      <Filter>Private\FileSysterm</Filter>
    </ClCompile>
    <ClCompile Include="Private\Hashing\RuntimeHash.cpp">
      <Filter>Private\Hashing</Filter>
    </ClCompile>
    <ClCompile Include="Private\Math\BitOperationUtilities.cpp">
      <Filter>Private\Math</Filter>
    </ClCompile>
    <ClCompile Include="Private\Math\MathUtilities.cpp">
      <Filter>Private\Math</Filter>
    </ClCompile>
    <ClCompile Include="Private\Math\RandomNumber.cpp">
      <Filter>Private\Math</Filter>
    </ClCompile>
    <ClCompile Include="Private\Memory\ArenaAllocator.cpp">
      <Filter>Private\Memory</Filter>
    </ClCompile>
    <ClCompile Include="Private\Memory\BlockAllocatorImpl.cpp">
      <Filter>Private\Memory</Filter>
    </ClCompile>
    <ClCompile Include="Private\Memory\MemoryUtilities.cpp">
      <Filter>Private\Memory</Filter>
    </ClCompile>
    <ClCompile Include="Private\IO\ImageFile\PpmFile.cpp">
      <Filter>Private\IO\ImageFile</Filter>
    </ClCompile>
    <ClCompile Include="Private\IO\MeshFile\PlyFile.cpp">
      <Filter>Private\IO\MeshFile</Filter>
    </ClCompile>
    <ClCompile Include="Private\IO\MeshFile\RMeshFile.cpp">
      <Filter>Private\IO\MeshFile</Filter>
    </ClCompile>
    <ClCompile Include="Private\Render\RenderMesh.cpp">
      <Filter>Private\Render</Filter>
    </ClCompile>
    <ClCompile Include="Private\Render\RenderMeshDepot.cpp">
      <Filter>Private\Render</Filter>
    </ClCompile>
    <ClCompile Include="Private\Runtime\GameMainLoop.cpp">
      <Filter>Private\Runtime</Filter>
    </ClCompile>
    <ClCompile Include="Private\SceneGraph\GameScene.cpp">
      <Filter>Private\SceneGraph</Filter>
    </ClCompile>
    <ClCompile Include="Private\SceneGraph\MarkerTypeDepot.cpp">
      <Filter>Private\SceneGraph</Filter>
    </ClCompile>
    <ClCompile Include="Private\SceneGraph\ObjectMarker.cpp">
      <Filter>Private\SceneGraph</Filter>
    </ClCompile>
    <ClCompile Include="Private\SceneGraph\SceneObject.cpp">
      <Filter>Private\SceneGraph</Filter>
    </ClCompile>
    <ClCompile Include="Private\SceneGraph\TransformMarker.cpp">
      <Filter>Private\SceneGraph</Filter>
    </ClCompile>
    <ClCompile Include="Private\Thread\WorkerThread.cpp">
      <Filter>Private\Thread</Filter>
    </ClCompile>
    <ClCompile Include="Private\Time\ClockTime.cpp">
      <Filter>Private\Time</Filter>
    </ClCompile>
    <ClCompile Include="Private\Text\StaticString.cpp">
      <Filter>Private\Text</Filter>
    </ClCompile>
    <ClCompile Include="Private\Text\StaticStringDepot.cpp">
      <Filter>Private\Text</Filter>
    </ClCompile>
  </ItemGroup>
  <ItemGroup>
    <Image Include="Private\Render\Cube_face_layout.png">
      <Filter>Private\Render\Document</Filter>
    </Image>
    <Image Include="Private\Render\Cube_vertex_layout.png">
      <Filter>Private\Render\Document</Filter>
    </Image>
    <Image Include="Private\Render\IcoSphere_vertex_layout.png">
      <Filter>Private\Render\Document</Filter>
    </Image>
  </ItemGroup>
</Project>