// !$*UTF8*$!
{
	archiveVersion = 1;
	classes = {
	};
	objectVersion = 55;
	objects = {

/* Begin PBXBuildFile section */
		BD0E410A2F778DF600CFA766 /* Float2D.hpp in Headers */ = {isa = PBXBuildFile; fileRef = BD0E41092F778DF600CFA766 /* Float2D.hpp */; };
		BD0E410B2F778DF600CFA766 /* Float2D.hpp in Headers */ = {isa = PBXBuildFile; fileRef = BD0E41092F778DF600CFA766 /* Float2D.hpp */; };
		BD0E410D2F778E4A00CFA766 /* Float2D.cpp in Sources */ = {isa = PBXBuildFile; fileRef = BD0E410C2F778E4A00CFA766 /* Float2D.cpp */; };
		BD0E410E2F778E4A00CFA766 /* Float2D.cpp in Sources */ = {isa = PBXBuildFile; fileRef = BD0E410C2F778E4A00CFA766 /* Float2D.cpp */; };
		BD0E411C2F78A1AC00CFA766 /* Ray3D.hpp in Headers */ = {isa = PBXBuildFile; fileRef = BD0E411B2F78A1AC00CFA766 /* Ray3D.hpp */; };
		BD0E411D2F78A1AC00CFA766 /* Ray3D.hpp in Headers */ = {isa = PBXBuildFile; fileRef = BD0E411B2F78A1AC00CFA766 /* Ray3D.hpp */; };
		BD0E411F2F79245600CFA766 /* Ray3D.cpp in Sources */ = {isa = PBXBuildFile; fileRef = BD0E411E2F79245600CFA766 /* Ray3D.cpp */; };
		BD0E41202F79245600CFA766 /* Ray3D.cpp in Sources */ = {isa = PBXBuildFile; fileRef = BD0E411E2F79245600CFA766 /* Ray3D.cpp */; };
		BD0E41222F79281800CFA766 /* Triangle3D.hpp in Headers */ = {isa = PBXBuildFile; fileRef = BD0E41212F79281800CFA766 /* Triangle3D.hpp */; };
		BD0E41232F79281800CFA766 /* Triangle3D.hpp in Headers */ = {isa = PBXBuildFile; fileRef = BD0E41212F79281800CFA766 /* Triangle3D.hpp */; };
		BD0E41252F7BC7F400CFA766 /* Matrix3x4.hpp in Headers */ = {isa = PBXBuildFile; fileRef = BD0E41242F7BC7F400CFA766 /* Matrix3x4.hpp */; };
		BD0E41262F7BC7F400CFA766 /* Matrix3x4.hpp in Headers */ = {isa = PBXBuildFile; fileRef = BD0E41242F7BC7F400CFA766 /* Matrix3x4.hpp */; };
		BD0E41282F7BC83D00CFA766 /* Matrix4x4.hpp in Headers */ = {isa = PBXBuildFile; fileRef = BD0E41272F7BC83D00CFA766 /* Matrix4x4.hpp */; };
		BD0E41292F7BC83D00CFA766 /* Matrix4x4.hpp in Headers */ = {isa = PBXBuildFile; fileRef = BD0E41272F7BC83D00CFA766 /* Matrix4x4.hpp */; };
		BD0E412B2F7BC88E00CFA766 /* MathDefines.hpp in Headers */ = {isa = PBXBuildFile; fileRef = BD0E412A2F7BC88E00CFA766 /* MathDefines.hpp */; };
		BD0E412C2F7BC88E00CFA766 /* MathDefines.hpp in Headers */ = {isa = PBXBuildFile; fileRef = BD0E412A2F7BC88E00CFA766 /* MathDefines.hpp */; };
		BD0E412E2F7BC8EF00CFA766 /* GameLogic.hpp in Headers */ = {isa = PBXBuildFile; fileRef = BD0E412D2F7BC8EF00CFA766 /* GameLogic.hpp */; };
		BD0E412F2F7BC8EF00CFA766 /* GameLogic.hpp in Headers */ = {isa = PBXBuildFile; fileRef = BD0E412D2F7BC8EF00CFA766 /* GameLogic.hpp */; };
		BD0E41312F7BC95900CFA766 /* RandomNumber.hpp in Headers */ = {isa = PBXBuildFile; fileRef = BD0E41302F7BC95900CFA766 /* RandomNumber.hpp */; };
		BD0E41322F7BC95900CFA766 /* RandomNumber.hpp in Headers */ = {isa = PBXBuildFile; fileRef = BD0E41302F7BC95900CFA766 /* RandomNumber.hpp */; };
		BD0E41342F7BD6B600CFA766 /* RandomNumber.cpp in Sources */ = {isa = PBXBuildFile; fileRef = BD0E41332F7BD6B600CFA766 /* RandomNumber.cpp */; };
		BD0E41352F7BD6B600CFA766 /* RandomNumber.cpp in Sources */ = {isa = PBXBuildFile; fileRef = BD0E41332F7BD6B600CFA766 /* RandomNumber.cpp */; };
		BD326EC72F3B32F0007EE8EC /* CommonDefines.hpp in Headers */ = {isa = PBXBuildFile; fileRef = BD326EC42F3B32F0007EE8EC /* CommonDefines.hpp */; };
		BD326ECC2F3BFC80007EE8EC /* CommonDefines.hpp in Headers */ = {isa = PBXBuildFile; fileRef = BD326EC42F3B32F0007EE8EC /* CommonDefines.hpp */; };
		BD326ED82F3C24A5007EE8EC /* RuntimeAssert.hpp in Headers */ = {isa = PBXBuildFile; fileRef = BD326ED72F3C24A5007EE8EC /* RuntimeAssert.hpp */; };
		BD326ED92F3C24A5007EE8EC /* RuntimeAssert.hpp in Headers */ = {isa = PBXBuildFile; fileRef = BD326ED72F3C24A5007EE8EC /* RuntimeAssert.hpp */; };
		BD326EDB2F3C2625007EE8EC /* CompilerDefines.hpp in Headers */ = {isa = PBXBuildFile; fileRef = BD326EDA2F3C2625007EE8EC /* CompilerDefines.hpp */; };
		BD326EDC2F3C2625007EE8EC /* CompilerDefines.hpp in Headers */ = {isa = PBXBuildFile; fileRef = BD326EDA2F3C2625007EE8EC /* CompilerDefines.hpp */; };
		BD326EDE2F3C40A5007EE8EC /* PlatformDefines.hpp in Headers */ = {isa = PBXBuildFile; fileRef = BD326EDD2F3C40A5007EE8EC /* PlatformDefines.hpp */; };
		BD326EDF2F3C40A5007EE8EC /* PlatformDefines.hpp in Headers */ = {isa = PBXBuildFile; fileRef = BD326EDD2F3C40A5007EE8EC /* PlatformDefines.hpp */; };
		BD326EE22F3C7F9A007EE8EC /* RuntimeAssert.cpp in Sources */ = {isa = PBXBuildFile; fileRef = BD326EE12F3C7F9A007EE8EC /* RuntimeAssert.cpp */; };
		BD326EE32F3C7F9A007EE8EC /* RuntimeAssert.cpp in Sources */ = {isa = PBXBuildFile; fileRef = BD326EE12F3C7F9A007EE8EC /* RuntimeAssert.cpp */; };
		BD326EE62F41773A007EE8EC /* MathUtilities.hpp in Headers */ = {isa = PBXBuildFile; fileRef = BD326EE52F41773A007EE8EC /* MathUtilities.hpp */; };
		BD326EE72F41773B007EE8EC /* MathUtilities.hpp in Headers */ = {isa = PBXBuildFile; fileRef = BD326EE52F41773A007EE8EC /* MathUtilities.hpp */; };
		BD326F2A2F431CD5007EE8EC /* MemoryUtilities.hpp in Headers */ = {isa = PBXBuildFile; fileRef = BD326F292F431CD5007EE8EC /* MemoryUtilities.hpp */; };
		BD326F2B2F431CD5007EE8EC /* MemoryUtilities.hpp in Headers */ = {isa = PBXBuildFile; fileRef = BD326F292F431CD5007EE8EC /* MemoryUtilities.hpp */; };
		BD326F2E2F431F39007EE8EC /* MemoryUtilities.cpp in Sources */ = {isa = PBXBuildFile; fileRef = BD326F2D2F431F39007EE8EC /* MemoryUtilities.cpp */; };
		BD326F2F2F431F39007EE8EC /* MemoryUtilities.cpp in Sources */ = {isa = PBXBuildFile; fileRef = BD326F2D2F431F39007EE8EC /* MemoryUtilities.cpp */; };
		BD326F322F495429007EE8EC /* RingBuffer.hpp in Headers */ = {isa = PBXBuildFile; fileRef = BD326F312F495429007EE8EC /* RingBuffer.hpp */; };
		BD326F332F495429007EE8EC /* RingBuffer.hpp in Headers */ = {isa = PBXBuildFile; fileRef = BD326F312F495429007EE8EC /* RingBuffer.hpp */; };
		BD326F392F4958CE007EE8EC /* RingBuffer.cpp in Sources */ = {isa = PBXBuildFile; fileRef = BD326F382F4958CE007EE8EC /* RingBuffer.cpp */; };
		BD326F3A2F4958CE007EE8EC /* RingBuffer.cpp in Sources */ = {isa = PBXBuildFile; fileRef = BD326F382F4958CE007EE8EC /* RingBuffer.cpp */; };
		BD58B0802F4DA6D40024C670 /* WorkerThread.hpp in Headers */ = {isa = PBXBuildFile; fileRef = BD58B07F2F4DA6D40024C670 /* WorkerThread.hpp */; };
		BD58B0812F4DA6D40024C670 /* WorkerThread.hpp in Headers */ = {isa = PBXBuildFile; fileRef = BD58B07F2F4DA6D40024C670 /* WorkerThread.hpp */; };
		BD58B0832F4EECE10024C670 /* ThreadDefines.hpp in Headers */ = {isa = PBXBuildFile; fileRef = BD58B0822F4EECE10024C670 /* ThreadDefines.hpp */; };
		BD58B0842F4EECE10024C670 /* ThreadDefines.hpp in Headers */ = {isa = PBXBuildFile; fileRef = BD58B0822F4EECE10024C670 /* ThreadDefines.hpp */; };
		BD58B0872F4EF27D0024C670 /* WorkerThread.cpp in Sources */ = {isa = PBXBuildFile; fileRef = BD58B0862F4EF27D0024C670 /* WorkerThread.cpp */; };
		BD58B0882F4EF27D0024C670 /* WorkerThread.cpp in Sources */ = {isa = PBXBuildFile; fileRef = BD58B0862F4EF27D0024C670 /* WorkerThread.cpp */; };
		BD58B08A2F519C4A0024C670 /* ArenaAllocator.hpp in Headers */ = {isa = PBXBuildFile; fileRef = BD58B0892F519C4A0024C670 /* ArenaAllocator.hpp */; };
		BD58B08B2F519C4A0024C670 /* ArenaAllocator.hpp in Headers */ = {isa = PBXBuildFile; fileRef = BD58B0892F519C4A0024C670 /* ArenaAllocator.hpp */; };
		BD58B08D2F519D890024C670 /* ArenaAllocator.cpp in Sources */ = {isa = PBXBuildFile; fileRef = BD58B08C2F519D890024C670 /* ArenaAllocator.cpp */; };
		BD58B08E2F519D890024C670 /* ArenaAllocator.cpp in Sources */ = {isa = PBXBuildFile; fileRef = BD58B08C2F519D890024C670 /* ArenaAllocator.cpp */; };
		BD58B0982F56DCDC0024C670 /* ClockTime.hpp in Headers */ = {isa = PBXBuildFile; fileRef = BD58B0972F56DCDC0024C670 /* ClockTime.hpp */; };
		BD58B0992F56DCDC0024C670 /* ClockTime.hpp in Headers */ = {isa = PBXBuildFile; fileRef = BD58B0972F56DCDC0024C670 /* ClockTime.hpp */; };
		BD58B09C2F56DE1D0024C670 /* ClockTime.cpp in Sources */ = {isa = PBXBuildFile; fileRef = BD58B09B2F56DE1D0024C670 /* ClockTime.cpp */; };
		BD58B09D2F56DE1D0024C670 /* ClockTime.cpp in Sources */ = {isa = PBXBuildFile; fileRef = BD58B09B2F56DE1D0024C670 /* ClockTime.cpp */; };
		BD58B0A52F582F480024C670 /* GameMainLoop.cpp in Sources */ = {isa = PBXBuildFile; fileRef = BD58B0A32F582F480024C670 /* GameMainLoop.cpp */; };
		BD58B0A62F582F480024C670 /* GameMainLoop.cpp in Sources */ = {isa = PBXBuildFile; fileRef = BD58B0A32F582F480024C670 /* GameMainLoop.cpp */; };
		BD58B0BE2F5974630024C670 /* RuntimeHash.hpp in Headers */ = {isa = PBXBuildFile; fileRef = BD58B0BD2F5974630024C670 /* RuntimeHash.hpp */; };
		BD58B0BF2F5974630024C670 /* RuntimeHash.hpp in Headers */ = {isa = PBXBuildFile; fileRef = BD58B0BD2F5974630024C670 /* RuntimeHash.hpp */; };
		BD58B0CA2F5AD4BF0024C670 /* StaticStringId.hpp in Headers */ = {isa = PBXBuildFile; fileRef = BD58B0C92F5AD4BF0024C670 /* StaticStringId.hpp */; };
		BD58B0CB2F5AD4BF0024C670 /* StaticStringId.hpp in Headers */ = {isa = PBXBuildFile; fileRef = BD58B0C92F5AD4BF0024C670 /* StaticStringId.hpp */; };
		BD58B0CE2F5B93B90024C670 /* StaticXXHash64.hpp in Headers */ = {isa = PBXBuildFile; fileRef = BD58B0CC2F5B93B90024C670 /* StaticXXHash64.hpp */; };
		BD58B0CF2F5B93B90024C670 /* StaticXXHash64.hpp in Headers */ = {isa = PBXBuildFile; fileRef = BD58B0CC2F5B93B90024C670 /* StaticXXHash64.hpp */; };
		BD58B0D02F5B93B90024C670 /* StaticXXHash32.hpp in Headers */ = {isa = PBXBuildFile; fileRef = BD58B0CD2F5B93B90024C670 /* StaticXXHash32.hpp */; };
		BD58B0D12F5B93B90024C670 /* StaticXXHash32.hpp in Headers */ = {isa = PBXBuildFile; fileRef = BD58B0CD2F5B93B90024C670 /* StaticXXHash32.hpp */; };
		BD58B0D32F5B93F30024C670 /* StaticStringHash.hpp in Headers */ = {isa = PBXBuildFile; fileRef = BD58B0D22F5B93F30024C670 /* StaticStringHash.hpp */; };
		BD58B0D42F5B93F30024C670 /* StaticStringHash.hpp in Headers */ = {isa = PBXBuildFile; fileRef = BD58B0D22F5B93F30024C670 /* StaticStringHash.hpp */; };
		BD58B0D72F5B97750024C670 /* RuntimeXXHash32.hpp in Headers */ = {isa = PBXBuildFile; fileRef = BD58B0D52F5B97750024C670 /* RuntimeXXHash32.hpp */; };
		BD58B0D82F5B97750024C670 /* RuntimeXXHash32.hpp in Headers */ = {isa = PBXBuildFile; fileRef = BD58B0D52F5B97750024C670 /* RuntimeXXHash32.hpp */; };
		BD58B0D92F5B97750024C670 /* RuntimeXXHash64.hpp in Headers */ = {isa = PBXBuildFile; fileRef = BD58B0D62F5B97750024C670 /* RuntimeXXHash64.hpp */; };
		BD58B0DA2F5B97750024C670 /* RuntimeXXHash64.hpp in Headers */ = {isa = PBXBuildFile; fileRef = BD58B0D62F5B97750024C670 /* RuntimeXXHash64.hpp */; };
		BD58B0DC2F5B97BA0024C670 /* RuntimeHash.cpp in Sources */ = {isa = PBXBuildFile; fileRef = BD58B0DB2F5B97BA0024C670 /* RuntimeHash.cpp */; };
		BD58B0DD2F5B97BA0024C670 /* RuntimeHash.cpp in Sources */ = {isa = PBXBuildFile; fileRef = BD58B0DB2F5B97BA0024C670 /* RuntimeHash.cpp */; };
		BD58B0E12F5B9C930024C670 /* StaticString.hpp in Headers */ = {isa = PBXBuildFile; fileRef = BD58B0E02F5B9C930024C670 /* StaticString.hpp */; };
		BD58B0E22F5B9C930024C670 /* StaticString.hpp in Headers */ = {isa = PBXBuildFile; fileRef = BD58B0E02F5B9C930024C670 /* StaticString.hpp */; };
		BD58B0EB2F5BA1790024C670 /* StaticStringDepot.hpp in Headers */ = {isa = PBXBuildFile; fileRef = BD58B0E92F5BA1790024C670 /* StaticStringDepot.hpp */; };
		BD58B0EC2F5BA1790024C670 /* StaticStringDepot.hpp in Headers */ = {isa = PBXBuildFile; fileRef = BD58B0E92F5BA1790024C670 /* StaticStringDepot.hpp */; };
		BD58B0ED2F5BA1790024C670 /* StaticStringDepot.cpp in Sources */ = {isa = PBXBuildFile; fileRef = BD58B0EA2F5BA1790024C670 /* StaticStringDepot.cpp */; };
		BD58B0EE2F5BA1790024C670 /* StaticStringDepot.cpp in Sources */ = {isa = PBXBuildFile; fileRef = BD58B0EA2F5BA1790024C670 /* StaticStringDepot.cpp */; };
		BD58B0F02F5BB84C0024C670 /* StaticString.cpp in Sources */ = {isa = PBXBuildFile; fileRef = BD58B0EF2F5BB84C0024C670 /* StaticString.cpp */; };
		BD58B0F12F5BB84C0024C670 /* StaticString.cpp in Sources */ = {isa = PBXBuildFile; fileRef = BD58B0EF2F5BB84C0024C670 /* StaticString.cpp */; };
		BD8FB80B2F7F6EF000EE67B4 /* RenderMeshId.hpp in Headers */ = {isa = PBXBuildFile; fileRef = BD8FB80A2F7F6EF000EE67B4 /* RenderMeshId.hpp */; };
		BD8FB80C2F7F6EF000EE67B4 /* RenderMeshId.hpp in Headers */ = {isa = PBXBuildFile; fileRef = BD8FB80A2F7F6EF000EE67B4 /* RenderMeshId.hpp */; };
		BD8FB80F2F7F701800EE67B4 /* RenderMeshDepot.hpp in Headers */ = {isa = PBXBuildFile; fileRef = BD8FB80E2F7F701800EE67B4 /* RenderMeshDepot.hpp */; };
		BD8FB8102F7F701800EE67B4 /* RenderMeshDepot.hpp in Headers */ = {isa = PBXBuildFile; fileRef = BD8FB80E2F7F701800EE67B4 /* RenderMeshDepot.hpp */; };
		BD8FB8122F7F7C6A00EE67B4 /* RenderMeshDepot.cpp in Sources */ = {isa = PBXBuildFile; fileRef = BD8FB8112F7F7C6A00EE67B4 /* RenderMeshDepot.cpp */; };
		BD8FB8132F7F7C6A00EE67B4 /* RenderMeshDepot.cpp in Sources */ = {isa = PBXBuildFile; fileRef = BD8FB8112F7F7C6A00EE67B4 /* RenderMeshDepot.cpp */; };
		BD8FB8222F81047F00EE67B4 /* IndexedTriangle.hpp in Headers */ = {isa = PBXBuildFile; fileRef = BD8FB8212F81047F00EE67B4 /* IndexedTriangle.hpp */; };
		BD8FB8232F81047F00EE67B4 /* IndexedTriangle.hpp in Headers */ = {isa = PBXBuildFile; fileRef = BD8FB8212F81047F00EE67B4 /* IndexedTriangle.hpp */; };
		BD8FB8272F822DC900EE67B4 /* RenderMesh.hpp in Headers */ = {isa = PBXBuildFile; fileRef = BD8FB8262F822DC900EE67B4 /* RenderMesh.hpp */; };
		BD8FB8282F822DC900EE67B4 /* RenderMesh.hpp in Headers */ = {isa = PBXBuildFile; fileRef = BD8FB8262F822DC900EE67B4 /* RenderMesh.hpp */; };
		BD8FB82A2F8230E300EE67B4 /* RenderMesh.cpp in Sources */ = {isa = PBXBuildFile; fileRef = BD8FB8292F8230E300EE67B4 /* RenderMesh.cpp */; };
		BD8FB82B2F8230E300EE67B4 /* RenderMesh.cpp in Sources */ = {isa = PBXBuildFile; fileRef = BD8FB8292F8230E300EE67B4 /* RenderMesh.cpp */; };
		BD8FB8332F850FA800EE67B4 /* AABB.hpp in Headers */ = {isa = PBXBuildFile; fileRef = BD8FB8322F850FA800EE67B4 /* AABB.hpp */; };
		BD8FB8342F850FA800EE67B4 /* AABB.hpp in Headers */ = {isa = PBXBuildFile; fileRef = BD8FB8322F850FA800EE67B4 /* AABB.hpp */; };
		BD8FB8362F850FFD00EE67B4 /* AxisType.hpp in Headers */ = {isa = PBXBuildFile; fileRef = BD8FB8352F850FFD00EE67B4 /* AxisType.hpp */; };
		BD8FB8372F850FFD00EE67B4 /* AxisType.hpp in Headers */ = {isa = PBXBuildFile; fileRef = BD8FB8352F850FFD00EE67B4 /* AxisType.hpp */; };
		BD8FB8392F85109100EE67B4 /* TextEncoding.hpp in Headers */ = {isa = PBXBuildFile; fileRef = BD8FB8382F85109100EE67B4 /* TextEncoding.hpp */; };
		BD8FB83A2F85109100EE67B4 /* TextEncoding.hpp in Headers */ = {isa = PBXBuildFile; fileRef = BD8FB8382F85109100EE67B4 /* TextEncoding.hpp */; };
		BD8FB83C2F8510D600EE67B4 /* AABB.cpp in Sources */ = {isa = PBXBuildFile; fileRef = BD8FB83B2F8510D600EE67B4 /* AABB.cpp */; };
		BD8FB83D2F8510D600EE67B4 /* AABB.cpp in Sources */ = {isa = PBXBuildFile; fileRef = BD8FB83B2F8510D600EE67B4 /* AABB.cpp */; };
		BD8FB83F2F85112900EE67B4 /* Triangle3D.cpp in Sources */ = {isa = PBXBuildFile; fileRef = BD8FB83E2F85112900EE67B4 /* Triangle3D.cpp */; };
		BD8FB8402F85112900EE67B4 /* Triangle3D.cpp in Sources */ = {isa = PBXBuildFile; fileRef = BD8FB83E2F85112900EE67B4 /* Triangle3D.cpp */; };
		BD8FB8442F8512B100EE67B4 /* Layout_Pos.hpp in Headers */ = {isa = PBXBuildFile; fileRef = BD8FB8412F8512B100EE67B4 /* Layout_Pos.hpp */; };
		BD8FB8452F8512B100EE67B4 /* Layout_Pos.hpp in Headers */ = {isa = PBXBuildFile; fileRef = BD8FB8412F8512B100EE67B4 /* Layout_Pos.hpp */; };
		BD8FB8462F8512B100EE67B4 /* Layout_Pos_Colr.hpp in Headers */ = {isa = PBXBuildFile; fileRef = BD8FB8422F8512B100EE67B4 /* Layout_Pos_Colr.hpp */; };
		BD8FB8472F8512B100EE67B4 /* Layout_Pos_Colr.hpp in Headers */ = {isa = PBXBuildFile; fileRef = BD8FB8422F8512B100EE67B4 /* Layout_Pos_Colr.hpp */; };
		BD8FB8482F8512B100EE67B4 /* Layout_Pos_Uv.hpp in Headers */ = {isa = PBXBuildFile; fileRef = BD8FB8432F8512B100EE67B4 /* Layout_Pos_Uv.hpp */; };
		BD8FB8492F8512B100EE67B4 /* Layout_Pos_Uv.hpp in Headers */ = {isa = PBXBuildFile; fileRef = BD8FB8432F8512B100EE67B4 /* Layout_Pos_Uv.hpp */; };
		BD8FB84B2F8512EE00EE67B4 /* VertexDataType.hpp in Headers */ = {isa = PBXBuildFile; fileRef = BD8FB84A2F8512EE00EE67B4 /* VertexDataType.hpp */; };
		BD8FB84C2F8512EE00EE67B4 /* VertexDataType.hpp in Headers */ = {isa = PBXBuildFile; fileRef = BD8FB84A2F8512EE00EE67B4 /* VertexDataType.hpp */; };
		BD9FAFB32F6E528C000B085D /* MathUtilities.cpp in Sources */ = {isa = PBXBuildFile; fileRef = BD9FAFB22F6E528C000B085D /* MathUtilities.cpp */; };
		BD9FAFB42F6E528C000B085D /* MathUtilities.cpp in Sources */ = {isa = PBXBuildFile; fileRef = BD9FAFB22F6E528C000B085D /* MathUtilities.cpp */; };
		BD9FAFB92F6E7430000B085D /* Float4D.hpp in Headers */ = {isa = PBXBuildFile; fileRef = BD9FAFB82F6E7430000B085D /* Float4D.hpp */; };
		BD9FAFBA2F6E7430000B085D /* Float4D.hpp in Headers */ = {isa = PBXBuildFile; fileRef = BD9FAFB82F6E7430000B085D /* Float4D.hpp */; };
		BD9FAFBD2F6E756B000B085D /* Float4D.cpp in Sources */ = {isa = PBXBuildFile; fileRef = BD9FAFBC2F6E756B000B085D /* Float4D.cpp */; };
		BD9FAFBE2F6E756B000B085D /* Float4D.cpp in Sources */ = {isa = PBXBuildFile; fileRef = BD9FAFBC2F6E756B000B085D /* Float4D.cpp */; };
		BDA8960E2F6F6F0300B0683B /* Float3D.hpp in Headers */ = {isa = PBXBuildFile; fileRef = BDA8960D2F6F6F0300B0683B /* Float3D.hpp */; };
		BDA8960F2F6F6F0300B0683B /* Float3D.hpp in Headers */ = {isa = PBXBuildFile; fileRef = BDA8960D2F6F6F0300B0683B /* Float3D.hpp */; };
		BDA896112F6F70FA00B0683B /* Float3D.cpp in Sources */ = {isa = PBXBuildFile; fileRef = BDA896102F6F70FA00B0683B /* Float3D.cpp */; };
		BDA896122F6F70FA00B0683B /* Float3D.cpp in Sources */ = {isa = PBXBuildFile; fileRef = BDA896102F6F70FA00B0683B /* Float3D.cpp */; };
		BDA896172F6F9C8300B0683B /* Matrix3x4.cpp in Sources */ = {isa = PBXBuildFile; fileRef = BDA896162F6F9C8300B0683B /* Matrix3x4.cpp */; };
		BDA896182F6F9C8300B0683B /* Matrix3x4.cpp in Sources */ = {isa = PBXBuildFile; fileRef = BDA896162F6F9C8300B0683B /* Matrix3x4.cpp */; };
		BDA8961D2F6FE89900B0683B /* Matrix4x4.cpp in Sources */ = {isa = PBXBuildFile; fileRef = BDA8961C2F6FE89900B0683B /* Matrix4x4.cpp */; };
		BDA8961E2F6FE89900B0683B /* Matrix4x4.cpp in Sources */ = {isa = PBXBuildFile; fileRef = BDA8961C2F6FE89900B0683B /* Matrix4x4.cpp */; };
		BDA896202F714B9400B0683B /* Quaternion.hpp in Headers */ = {isa = PBXBuildFile; fileRef = BDA8961F2F714B9400B0683B /* Quaternion.hpp */; };
		BDA896212F714B9400B0683B /* Quaternion.hpp in Headers */ = {isa = PBXBuildFile; fileRef = BDA8961F2F714B9400B0683B /* Quaternion.hpp */; };
		BDA896232F72A05D00B0683B /* Quaternion.cpp in Sources */ = {isa = PBXBuildFile; fileRef = BDA896222F72A05D00B0683B /* Quaternion.cpp */; };
		BDA896242F72A05D00B0683B /* Quaternion.cpp in Sources */ = {isa = PBXBuildFile; fileRef = BDA896222F72A05D00B0683B /* Quaternion.cpp */; };
		BDA896292F74F48400B0683B /* X2TeaCodec.cpp in Sources */ = {isa = PBXBuildFile; fileRef = BDA896282F74F48400B0683B /* X2TeaCodec.cpp */; };
		BDA8962A2F74F48400B0683B /* X2TeaCodec.cpp in Sources */ = {isa = PBXBuildFile; fileRef = BDA896282F74F48400B0683B /* X2TeaCodec.cpp */; };
		BDA8962D2F74F4C100B0683B /* X2TeaCodec.hpp in Headers */ = {isa = PBXBuildFile; fileRef = BDA8962C2F74F4C100B0683B /* X2TeaCodec.hpp */; };
		BDA8962E2F74F4C100B0683B /* X2TeaCodec.hpp in Headers */ = {isa = PBXBuildFile; fileRef = BDA8962C2F74F4C100B0683B /* X2TeaCodec.hpp */; };
		BDC9CB012F94DD580042BF24 /* NativeReadStream.hpp in Headers */ = {isa = PBXBuildFile; fileRef = BDC9CB002F94DD580042BF24 /* NativeReadStream.hpp */; };
		BDC9CB022F94DD580042BF24 /* NativeReadStream.hpp in Headers */ = {isa = PBXBuildFile; fileRef = BDC9CB002F94DD580042BF24 /* NativeReadStream.hpp */; };
		BDC9CB042F94DDB50042BF24 /* NativeWriteStream.hpp in Headers */ = {isa = PBXBuildFile; fileRef = BDC9CB032F94DDB50042BF24 /* NativeWriteStream.hpp */; };
		BDC9CB052F94DDB50042BF24 /* NativeWriteStream.hpp in Headers */ = {isa = PBXBuildFile; fileRef = BDC9CB032F94DDB50042BF24 /* NativeWriteStream.hpp */; };
		BDC9CB082F94DE020042BF24 /* NativeWriteStream.cpp in Sources */ = {isa = PBXBuildFile; fileRef = BDC9CB062F94DE020042BF24 /* NativeWriteStream.cpp */; };
		BDC9CB092F94DE020042BF24 /* NativeWriteStream.cpp in Sources */ = {isa = PBXBuildFile; fileRef = BDC9CB062F94DE020042BF24 /* NativeWriteStream.cpp */; };
		BDC9CB0A2F94DE020042BF24 /* NativeReadStream.cpp in Sources */ = {isa = PBXBuildFile; fileRef = BDC9CB072F94DE020042BF24 /* NativeReadStream.cpp */; };
		BDC9CB0B2F94DE020042BF24 /* NativeReadStream.cpp in Sources */ = {isa = PBXBuildFile; fileRef = BDC9CB072F94DE020042BF24 /* NativeReadStream.cpp */; };
		BDC9CB0D2F96324D0042BF24 /* FileHandle.hpp in Headers */ = {isa = PBXBuildFile; fileRef = BDC9CB0C2F96324D0042BF24 /* FileHandle.hpp */; };
		BDC9CB0E2F96324D0042BF24 /* FileHandle.hpp in Headers */ = {isa = PBXBuildFile; fileRef = BDC9CB0C2F96324D0042BF24 /* FileHandle.hpp */; };
		BDC9CB102F9633470042BF24 /* ApplFileHandle.hpp in Headers */ = {isa = PBXBuildFile; fileRef = BDC9CB0F2F9633470042BF24 /* ApplFileHandle.hpp */; };
		BDC9CB112F9633470042BF24 /* ApplFileHandle.hpp in Headers */ = {isa = PBXBuildFile; fileRef = BDC9CB0F2F9633470042BF24 /* ApplFileHandle.hpp */; };
		BDC9CB1F2F978A680042BF24 /* Layout_Pos_Colr_Norm.hpp in Headers */ = {isa = PBXBuildFile; fileRef = BDC9CB1E2F978A680042BF24 /* Layout_Pos_Colr_Norm.hpp */; };
		BDC9CB202F978A680042BF24 /* Layout_Pos_Colr_Norm.hpp in Headers */ = {isa = PBXBuildFile; fileRef = BDC9CB1E2F978A680042BF24 /* Layout_Pos_Colr_Norm.hpp */; };
		BDC9CB232F978AB60042BF24 /* Layout_Pos_Colr_Norm_Uv.hpp in Headers */ = {isa = PBXBuildFile; fileRef = BDC9CB222F978AB60042BF24 /* Layout_Pos_Colr_Norm_Uv.hpp */; };
		BDC9CB242F978AB60042BF24 /* Layout_Pos_Colr_Norm_Uv.hpp in Headers */ = {isa = PBXBuildFile; fileRef = BDC9CB222F978AB60042BF24 /* Layout_Pos_Colr_Norm_Uv.hpp */; };
		BDC9CB262F978AFF0042BF24 /* Layout_Pos_Colr_Uv.hpp in Headers */ = {isa = PBXBuildFile; fileRef = BDC9CB252F978AFF0042BF24 /* Layout_Pos_Colr_Uv.hpp */; };
		BDC9CB272F978AFF0042BF24 /* Layout_Pos_Colr_Uv.hpp in Headers */ = {isa = PBXBuildFile; fileRef = BDC9CB252F978AFF0042BF24 /* Layout_Pos_Colr_Uv.hpp */; };
		BDC9CB292F978B320042BF24 /* Layout_Pos_Norm.hpp in Headers */ = {isa = PBXBuildFile; fileRef = BDC9CB282F978B320042BF24 /* Layout_Pos_Norm.hpp */; };
		BDC9CB2A2F978B320042BF24 /* Layout_Pos_Norm.hpp in Headers */ = {isa = PBXBuildFile; fileRef = BDC9CB282F978B320042BF24 /* Layout_Pos_Norm.hpp */; };
		BDC9CB2D2F978BA00042BF24 /* PpmFile.hpp in Headers */ = {isa = PBXBuildFile; fileRef = BDC9CB2C2F978BA00042BF24 /* PpmFile.hpp */; };
		BDC9CB2E2F978BA00042BF24 /* PpmFile.hpp in Headers */ = {isa = PBXBuildFile; fileRef = BDC9CB2C2F978BA00042BF24 /* PpmFile.hpp */; };
		BDC9CB302F978BC80042BF24 /* PpmFile.cpp in Sources */ = {isa = PBXBuildFile; fileRef = BDC9CB2F2F978BC80042BF24 /* PpmFile.cpp */; };
		BDC9CB312F978BC80042BF24 /* PpmFile.cpp in Sources */ = {isa = PBXBuildFile; fileRef = BDC9CB2F2F978BC80042BF24 /* PpmFile.cpp */; };
		BDC9CB342F978C0E0042BF24 /* PlyFile.hpp in Headers */ = {isa = PBXBuildFile; fileRef = BDC9CB332F978C0E0042BF24 /* PlyFile.hpp */; };
		BDC9CB352F978C0E0042BF24 /* PlyFile.hpp in Headers */ = {isa = PBXBuildFile; fileRef = BDC9CB332F978C0E0042BF24 /* PlyFile.hpp */; };
		BDC9CB372F978C2F0042BF24 /* PlyFile.cpp in Sources */ = {isa = PBXBuildFile; fileRef = BDC9CB362F978C2F0042BF24 /* PlyFile.cpp */; };
		BDC9CB382F978C2F0042BF24 /* PlyFile.cpp in Sources */ = {isa = PBXBuildFile; fileRef = BDC9CB362F978C2F0042BF24 /* PlyFile.cpp */; };
		BDD4034D2F9300F70019BE16 /* NativeDirectory.hpp in Headers */ = {isa = PBXBuildFile; fileRef = BDD4034C2F9300F70019BE16 /* NativeDirectory.hpp */; };
		BDD4034E2F9300F70019BE16 /* NativeDirectory.hpp in Headers */ = {isa = PBXBuildFile; fileRef = BDD4034C2F9300F70019BE16 /* NativeDirectory.hpp */; };
		BDD403502F9301BD0019BE16 /* GameMainLoop.hpp in Headers */ = {isa = PBXBuildFile; fileRef = BDD4034F2F9301BD0019BE16 /* GameMainLoop.hpp */; };
		BDD403512F9301BD0019BE16 /* GameMainLoop.hpp in Headers */ = {isa = PBXBuildFile; fileRef = BDD4034F2F9301BD0019BE16 /* GameMainLoop.hpp */; };
		BDD403542F93519C0019BE16 /* ApplNativeDirectory.mm in Sources */ = {isa = PBXBuildFile; fileRef = BDD403532F93519C0019BE16 /* ApplNativeDirectory.mm */; };
		BDD403552F93519C0019BE16 /* ApplNativeDirectory.mm in Sources */ = {isa = PBXBuildFile; fileRef = BDD403532F93519C0019BE16 /* ApplNativeDirectory.mm */; };
		BDD403572F9385090019BE16 /* NativeFile.hpp in Headers */ = {isa = PBXBuildFile; fileRef = BDD403562F9385090019BE16 /* NativeFile.hpp */; };
		BDD403582F9385090019BE16 /* NativeFile.hpp in Headers */ = {isa = PBXBuildFile; fileRef = BDD403562F9385090019BE16 /* NativeFile.hpp */; };
		BDD4035D2F9387AD0019BE16 /* ApplNativeFile.mm in Sources */ = {isa = PBXBuildFile; fileRef = BDD4035C2F9387AC0019BE16 /* ApplNativeFile.mm */; };
		BDD4035E2F9387AD0019BE16 /* ApplNativeFile.mm in Sources */ = {isa = PBXBuildFile; fileRef = BDD4035C2F9387AC0019BE16 /* ApplNativeFile.mm */; };
		BDD403602F947EB80019BE16 /* FileName.hpp in Headers */ = {isa = PBXBuildFile; fileRef = BDD4035F2F947EB80019BE16 /* FileName.hpp */; };
		BDD403612F947EB80019BE16 /* FileName.hpp in Headers */ = {isa = PBXBuildFile; fileRef = BDD4035F2F947EB80019BE16 /* FileName.hpp */; };
		BDD403632F947F2F0019BE16 /* FileName.cpp in Sources */ = {isa = PBXBuildFile; fileRef = BDD403622F947F2F0019BE16 /* FileName.cpp */; };
		BDD403642F947F2F0019BE16 /* FileName.cpp in Sources */ = {isa = PBXBuildFile; fileRef = BDD403622F947F2F0019BE16 /* FileName.cpp */; };
/* End PBXBuildFile section */

/* Begin PBXCopyFilesBuildPhase section */
		BD86B60C2F39E1FC00DD8D2E /* CopyFiles */ = {
			isa = PBXCopyFilesBuildPhase;
			buildActionMask = 2147483647;
			dstPath = "include/$(PRODUCT_NAME)";
			dstSubfolderSpec = 16;
			files = (
			);
			runOnlyForDeploymentPostprocessing = 0;
		};
/* End PBXCopyFilesBuildPhase section */

/* Begin PBXFileReference section */
		BD0E41092F778DF600CFA766 /* Float2D.hpp */ = {isa = PBXFileReference; fileEncoding = 4; lastKnownFileType = sourcecode.cpp.h; lineEnding = 0; name = Float2D.hpp; path = Public/DataType/Float2D.hpp; sourceTree = "<group>"; };
		BD0E410C2F778E4A00CFA766 /* Float2D.cpp */ = {isa = PBXFileReference; fileEncoding = 4; lastKnownFileType = sourcecode.cpp.cpp; lineEnding = 0; name = Float2D.cpp; path = Private/DataType/Float2D.cpp; sourceTree = "<group>"; };
		BD0E411B2F78A1AC00CFA766 /* Ray3D.hpp */ = {isa = PBXFileReference; fileEncoding = 4; lastKnownFileType = sourcecode.cpp.h; lineEnding = 0; name = Ray3D.hpp; path = Public/Collision/Ray3D.hpp; sourceTree = "<group>"; };
		BD0E411E2F79245600CFA766 /* Ray3D.cpp */ = {isa = PBXFileReference; fileEncoding = 4; lastKnownFileType = sourcecode.cpp.cpp; lineEnding = 0; name = Ray3D.cpp; path = Private/Collision/Ray3D.cpp; sourceTree = "<group>"; };
		BD0E41212F79281800CFA766 /* Triangle3D.hpp */ = {isa = PBXFileReference; fileEncoding = 4; lastKnownFileType = sourcecode.cpp.h; lineEnding = 0; name = Triangle3D.hpp; path = Public/Collision/Triangle3D.hpp; sourceTree = "<group>"; };
		BD0E41242F7BC7F400CFA766 /* Matrix3x4.hpp */ = {isa = PBXFileReference; fileEncoding = 4; lastKnownFileType = sourcecode.cpp.h; lineEnding = 0; name = Matrix3x4.hpp; path = Public/DataType/Matrix3x4.hpp; sourceTree = "<group>"; };
		BD0E41272F7BC83D00CFA766 /* Matrix4x4.hpp */ = {isa = PBXFileReference; fileEncoding = 4; lastKnownFileType = sourcecode.cpp.h; lineEnding = 0; name = Matrix4x4.hpp; path = Public/DataType/Matrix4x4.hpp; sourceTree = "<group>"; };
		BD0E412A2F7BC88E00CFA766 /* MathDefines.hpp */ = {isa = PBXFileReference; lastKnownFileType = sourcecode.cpp.h; name = MathDefines.hpp; path = Public/Math/MathDefines.hpp; sourceTree = "<group>"; };
		BD0E412D2F7BC8EF00CFA766 /* GameLogic.hpp */ = {isa = PBXFileReference; fileEncoding = 4; lastKnownFileType = sourcecode.cpp.h; lineEnding = 0; name = GameLogic.hpp; path = Public/Runtime/GameLogic.hpp; sourceTree = "<group>"; };
		BD0E41302F7BC95900CFA766 /* RandomNumber.hpp */ = {isa = PBXFileReference; fileEncoding = 4; lastKnownFileType = sourcecode.cpp.h; lineEnding = 0; name = RandomNumber.hpp; path = Public/Math/RandomNumber.hpp; sourceTree = "<group>"; };
		BD0E41332F7BD6B600CFA766 /* RandomNumber.cpp */ = {isa = PBXFileReference; fileEncoding = 4; lastKnownFileType = sourcecode.cpp.cpp; lineEnding = 0; name = RandomNumber.cpp; path = Private/Math/RandomNumber.cpp; sourceTree = "<group>"; };
		BD326EC42F3B32F0007EE8EC /* CommonDefines.hpp */ = {isa = PBXFileReference; fileEncoding = 4; lastKnownFileType = sourcecode.cpp.h; lineEnding = 0; name = CommonDefines.hpp; path = Public/Common/CommonDefines.hpp; sourceTree = "<group>"; };
		BD326ED72F3C24A5007EE8EC /* RuntimeAssert.hpp */ = {isa = PBXFileReference; fileEncoding = 4; lastKnownFileType = sourcecode.cpp.h; lineEnding = 0; name = RuntimeAssert.hpp; path = Public/Assert/RuntimeAssert.hpp; sourceTree = "<group>"; };
		BD326EDA2F3C2625007EE8EC /* CompilerDefines.hpp */ = {isa = PBXFileReference; fileEncoding = 4; lastKnownFileType = sourcecode.cpp.h; lineEnding = 0; name = CompilerDefines.hpp; path = Public/Common/CompilerDefines.hpp; sourceTree = "<group>"; };
		BD326EDD2F3C40A5007EE8EC /* PlatformDefines.hpp */ = {isa = PBXFileReference; fileEncoding = 4; lastKnownFileType = sourcecode.cpp.h; lineEnding = 0; name = PlatformDefines.hpp; path = Public/Common/PlatformDefines.hpp; sourceTree = "<group>"; };
		BD326EE12F3C7F9A007EE8EC /* RuntimeAssert.cpp */ = {isa = PBXFileReference; fileEncoding = 4; lastKnownFileType = sourcecode.cpp.cpp; lineEnding = 0; name = RuntimeAssert.cpp; path = Private/Assert/RuntimeAssert.cpp; sourceTree = "<group>"; };
		BD326EE52F41773A007EE8EC /* MathUtilities.hpp */ = {isa = PBXFileReference; fileEncoding = 4; lastKnownFileType = sourcecode.cpp.h; lineEnding = 0; name = MathUtilities.hpp; path = Public/Math/MathUtilities.hpp; sourceTree = "<group>"; };
		BD326F292F431CD5007EE8EC /* MemoryUtilities.hpp */ = {isa = PBXFileReference; fileEncoding = 4; lastKnownFileType = sourcecode.cpp.h; lineEnding = 0; name = MemoryUtilities.hpp; path = Public/Memory/MemoryUtilities.hpp; sourceTree = "<group>"; };
		BD326F2D2F431F39007EE8EC /* MemoryUtilities.cpp */ = {isa = PBXFileReference; fileEncoding = 4; lastKnownFileType = sourcecode.cpp.cpp; lineEnding = 0; name = MemoryUtilities.cpp; path = Private/Memory/MemoryUtilities.cpp; sourceTree = "<group>"; };
		BD326F312F495429007EE8EC /* RingBuffer.hpp */ = {isa = PBXFileReference; fileEncoding = 4; lastKnownFileType = sourcecode.cpp.h; lineEnding = 0; name = RingBuffer.hpp; path = Public/Container/RingBuffer.hpp; sourceTree = "<group>"; };
		BD326F382F4958CE007EE8EC /* RingBuffer.cpp */ = {isa = PBXFileReference; fileEncoding = 4; lastKnownFileType = sourcecode.cpp.cpp; lineEnding = 0; name = RingBuffer.cpp; path = Private/Container/RingBuffer.cpp; sourceTree = "<group>"; };
		BD58B07F2F4DA6D40024C670 /* WorkerThread.hpp */ = {isa = PBXFileReference; fileEncoding = 4; lastKnownFileType = sourcecode.cpp.h; lineEnding = 0; name = WorkerThread.hpp; path = Public/Thread/WorkerThread.hpp; sourceTree = "<group>"; };
		BD58B0822F4EECE10024C670 /* ThreadDefines.hpp */ = {isa = PBXFileReference; fileEncoding = 4; lastKnownFileType = sourcecode.cpp.h; lineEnding = 0; name = ThreadDefines.hpp; path = Public/Thread/ThreadDefines.hpp; sourceTree = "<group>"; };
		BD58B0862F4EF27D0024C670 /* WorkerThread.cpp */ = {isa = PBXFileReference; fileEncoding = 4; lastKnownFileType = sourcecode.cpp.cpp; lineEnding = 0; name = WorkerThread.cpp; path = Private/Thread/WorkerThread.cpp; sourceTree = "<group>"; };
		BD58B0892F519C4A0024C670 /* ArenaAllocator.hpp */ = {isa = PBXFileReference; fileEncoding = 4; lastKnownFileType = sourcecode.cpp.h; lineEnding = 0; name = ArenaAllocator.hpp; path = Public/Memory/ArenaAllocator.hpp; sourceTree = "<group>"; };
		BD58B08C2F519D890024C670 /* ArenaAllocator.cpp */ = {isa = PBXFileReference; fileEncoding = 4; lastKnownFileType = sourcecode.cpp.cpp; lineEnding = 0; name = ArenaAllocator.cpp; path = Private/Memory/ArenaAllocator.cpp; sourceTree = "<group>"; };
		BD58B0972F56DCDC0024C670 /* ClockTime.hpp */ = {isa = PBXFileReference; fileEncoding = 4; lastKnownFileType = sourcecode.cpp.h; lineEnding = 0; name = ClockTime.hpp; path = Public/Time/ClockTime.hpp; sourceTree = "<group>"; };
		BD58B09B2F56DE1D0024C670 /* ClockTime.cpp */ = {isa = PBXFileReference; fileEncoding = 4; lastKnownFileType = sourcecode.cpp.cpp; lineEnding = 0; name = ClockTime.cpp; path = Private/Time/ClockTime.cpp; sourceTree = "<group>"; };
		BD58B0A32F582F480024C670 /* GameMainLoop.cpp */ = {isa = PBXFileReference; fileEncoding = 4; lastKnownFileType = sourcecode.cpp.cpp; lineEnding = 0; name = GameMainLoop.cpp; path = Private/Runtime/GameMainLoop.cpp; sourceTree = "<group>"; };
		BD58B0BD2F5974630024C670 /* RuntimeHash.hpp */ = {isa = PBXFileReference; fileEncoding = 4; lastKnownFileType = sourcecode.cpp.h; lineEnding = 0; name = RuntimeHash.hpp; path = Public/Hashing/RuntimeHash.hpp; sourceTree = "<group>"; };
		BD58B0C92F5AD4BF0024C670 /* StaticStringId.hpp */ = {isa = PBXFileReference; fileEncoding = 4; lastKnownFileType = sourcecode.cpp.h; name = StaticStringId.hpp; path = Public/Text/StaticStringId.hpp; sourceTree = "<group>"; };
		BD58B0CC2F5B93B90024C670 /* StaticXXHash64.hpp */ = {isa = PBXFileReference; fileEncoding = 4; lastKnownFileType = sourcecode.cpp.h; lineEnding = 0; name = StaticXXHash64.hpp; path = Public/Hashing/StaticXXHash64.hpp; sourceTree = "<group>"; };
		BD58B0CD2F5B93B90024C670 /* StaticXXHash32.hpp */ = {isa = PBXFileReference; fileEncoding = 4; lastKnownFileType = sourcecode.cpp.h; lineEnding = 0; name = StaticXXHash32.hpp; path = Public/Hashing/StaticXXHash32.hpp; sourceTree = "<group>"; };
		BD58B0D22F5B93F30024C670 /* StaticStringHash.hpp */ = {isa = PBXFileReference; fileEncoding = 4; lastKnownFileType = sourcecode.cpp.h; lineEnding = 0; name = StaticStringHash.hpp; path = Public/Hashing/StaticStringHash.hpp; sourceTree = "<group>"; };
		BD58B0D52F5B97750024C670 /* RuntimeXXHash32.hpp */ = {isa = PBXFileReference; fileEncoding = 4; lastKnownFileType = sourcecode.cpp.h; lineEnding = 0; name = RuntimeXXHash32.hpp; path = Private/Hashing/RuntimeXXHash32.hpp; sourceTree = "<group>"; };
		BD58B0D62F5B97750024C670 /* RuntimeXXHash64.hpp */ = {isa = PBXFileReference; fileEncoding = 4; lastKnownFileType = sourcecode.cpp.h; lineEnding = 0; name = RuntimeXXHash64.hpp; path = Private/Hashing/RuntimeXXHash64.hpp; sourceTree = "<group>"; };
		BD58B0DB2F5B97BA0024C670 /* RuntimeHash.cpp */ = {isa = PBXFileReference; fileEncoding = 4; lastKnownFileType = sourcecode.cpp.cpp; lineEnding = 0; name = RuntimeHash.cpp; path = Private/Hashing/RuntimeHash.cpp; sourceTree = "<group>"; };
		BD58B0E02F5B9C930024C670 /* StaticString.hpp */ = {isa = PBXFileReference; fileEncoding = 4; lastKnownFileType = sourcecode.cpp.h; lineEnding = 0; name = StaticString.hpp; path = Public/Text/StaticString.hpp; sourceTree = "<group>"; };
		BD58B0E92F5BA1790024C670 /* StaticStringDepot.hpp */ = {isa = PBXFileReference; fileEncoding = 4; lastKnownFileType = sourcecode.cpp.h; lineEnding = 0; name = StaticStringDepot.hpp; path = Private/Text/StaticStringDepot.hpp; sourceTree = "<group>"; };
		BD58B0EA2F5BA1790024C670 /* StaticStringDepot.cpp */ = {isa = PBXFileReference; fileEncoding = 4; lastKnownFileType = sourcecode.cpp.cpp; lineEnding = 0; name = StaticStringDepot.cpp; path = Private/Text/StaticStringDepot.cpp; sourceTree = "<group>"; };
		BD58B0EF2F5BB84C0024C670 /* StaticString.cpp */ = {isa = PBXFileReference; fileEncoding = 4; lastKnownFileType = sourcecode.cpp.cpp; lineEnding = 0; name = StaticString.cpp; path = Private/Text/StaticString.cpp; sourceTree = "<group>"; };
		BD86B5FA2F388E1600DD8D2E /* libRedSoUL-macOS.a */ = {isa = PBXFileReference; explicitFileType = archive.ar; includeInIndex = 0; path = "libRedSoUL-macOS.a"; sourceTree = BUILT_PRODUCTS_DIR; };
		BD86B60E2F39E1FC00DD8D2E /* libRedSoUL-iOS.a */ = {isa = PBXFileReference; explicitFileType = archive.ar; includeInIndex = 0; path = "libRedSoUL-iOS.a"; sourceTree = BUILT_PRODUCTS_DIR; };
		BD8FB80A2F7F6EF000EE67B4 /* RenderMeshId.hpp */ = {isa = PBXFileReference; fileEncoding = 4; lastKnownFileType = sourcecode.cpp.h; lineEnding = 0; name = RenderMeshId.hpp; path = Public/Render/RenderMeshId.hpp; sourceTree = "<group>"; };
		BD8FB80E2F7F701800EE67B4 /* RenderMeshDepot.hpp */ = {isa = PBXFileReference; fileEncoding = 4; lastKnownFileType = sourcecode.cpp.h; lineEnding = 0; name = RenderMeshDepot.hpp; path = Private/Render/RenderMeshDepot.hpp; sourceTree = "<group>"; };
		BD8FB8112F7F7C6A00EE67B4 /* RenderMeshDepot.cpp */ = {isa = PBXFileReference; fileEncoding = 4; lastKnownFileType = sourcecode.cpp.cpp; lineEnding = 0; name = RenderMeshDepot.cpp; path = Private/Render/RenderMeshDepot.cpp; sourceTree = "<group>"; };
		BD8FB8212F81047F00EE67B4 /* IndexedTriangle.hpp */ = {isa = PBXFileReference; fileEncoding = 4; lastKnownFileType = sourcecode.cpp.h; lineEnding = 0; name = IndexedTriangle.hpp; path = Private/Render/IndexedTriangle.hpp; sourceTree = "<group>"; };
		BD8FB8252F8127D600EE67B4 /* Cube_face_layout.png */ = {isa = PBXFileReference; lastKnownFileType = image.png; name = Cube_face_layout.png; path = Private/Render/Cube_face_layout.png; sourceTree = "<group>"; };
		BD8FB8262F822DC900EE67B4 /* RenderMesh.hpp */ = {isa = PBXFileReference; fileEncoding = 4; lastKnownFileType = sourcecode.cpp.h; lineEnding = 0; name = RenderMesh.hpp; path = Private/Render/RenderMesh.hpp; sourceTree = "<group>"; };
		BD8FB8292F8230E300EE67B4 /* RenderMesh.cpp */ = {isa = PBXFileReference; fileEncoding = 4; lastKnownFileType = sourcecode.cpp.cpp; lineEnding = 0; name = RenderMesh.cpp; path = Private/Render/RenderMesh.cpp; sourceTree = "<group>"; };
		BD8FB8322F850FA800EE67B4 /* AABB.hpp */ = {isa = PBXFileReference; fileEncoding = 4; lastKnownFileType = sourcecode.cpp.h; lineEnding = 0; name = AABB.hpp; path = Public/Collision/AABB.hpp; sourceTree = "<group>"; };
		BD8FB8352F850FFD00EE67B4 /* AxisType.hpp */ = {isa = PBXFileReference; fileEncoding = 4; lastKnownFileType = sourcecode.cpp.h; lineEnding = 0; name = AxisType.hpp; path = Public/DataType/AxisType.hpp; sourceTree = "<group>"; };
		BD8FB8382F85109100EE67B4 /* TextEncoding.hpp */ = {isa = PBXFileReference; fileEncoding = 4; lastKnownFileType = sourcecode.cpp.h; lineEnding = 0; name = TextEncoding.hpp; path = Public/Text/TextEncoding.hpp; sourceTree = "<group>"; };
		BD8FB83B2F8510D600EE67B4 /* AABB.cpp */ = {isa = PBXFileReference; fileEncoding = 4; lastKnownFileType = sourcecode.cpp.cpp; lineEnding = 0; name = AABB.cpp; path = Private/Collision/AABB.cpp; sourceTree = "<group>"; };
		BD8FB83E2F85112900EE67B4 /* Triangle3D.cpp */ = {isa = PBXFileReference; fileEncoding = 4; lastKnownFileType = sourcecode.cpp.cpp; lineEnding = 0; name = Triangle3D.cpp; path = Private/Collision/Triangle3D.cpp; sourceTree = "<group>"; };
		BD8FB8412F8512B100EE67B4 /* Layout_Pos.hpp */ = {isa = PBXFileReference; fileEncoding = 4; lastKnownFileType = sourcecode.cpp.h; lineEnding = 0; name = Layout_Pos.hpp; path = Private/Render/VertexLayout/Layout_Pos.hpp; sourceTree = "<group>"; };
		BD8FB8422F8512B100EE67B4 /* Layout_Pos_Colr.hpp */ = {isa = PBXFileReference; fileEncoding = 4; lastKnownFileType = sourcecode.cpp.h; lineEnding = 0; name = Layout_Pos_Colr.hpp; path = Private/Render/VertexLayout/Layout_Pos_Colr.hpp; sourceTree = "<group>"; };
		BD8FB8432F8512B100EE67B4 /* Layout_Pos_Uv.hpp */ = {isa = PBXFileReference; fileEncoding = 4; lastKnownFileType = sourcecode.cpp.h; lineEnding = 0; name = Layout_Pos_Uv.hpp; path = Private/Render/VertexLayout/Layout_Pos_Uv.hpp; sourceTree = "<group>"; };
		BD8FB84A2F8512EE00EE67B4 /* VertexDataType.hpp */ = {isa = PBXFileReference; fileEncoding = 4; lastKnownFileType = sourcecode.cpp.h; lineEnding = 0; name = VertexDataType.hpp; path = Private/Render/VertexDataType.hpp; sourceTree = "<group>"; };
		BD9FAFB22F6E528C000B085D /* MathUtilities.cpp */ = {isa = PBXFileReference; fileEncoding = 4; lastKnownFileType = sourcecode.cpp.cpp; lineEnding = 0; name = MathUtilities.cpp; path = Private/Math/MathUtilities.cpp; sourceTree = "<group>"; };
		BD9FAFB82F6E7430000B085D /* Float4D.hpp */ = {isa = PBXFileReference; fileEncoding = 4; lastKnownFileType = sourcecode.cpp.h; lineEnding = 0; name = Float4D.hpp; path = Public/DataType/Float4D.hpp; sourceTree = "<group>"; };
		BD9FAFBC2F6E756B000B085D /* Float4D.cpp */ = {isa = PBXFileReference; fileEncoding = 4; lastKnownFileType = sourcecode.cpp.cpp; lineEnding = 0; name = Float4D.cpp; path = Private/DataType/Float4D.cpp; sourceTree = "<group>"; };
		BDA8960D2F6F6F0300B0683B /* Float3D.hpp */ = {isa = PBXFileReference; fileEncoding = 4; lastKnownFileType = sourcecode.cpp.h; lineEnding = 0; name = Float3D.hpp; path = Public/DataType/Float3D.hpp; sourceTree = "<group>"; };
		BDA896102F6F70FA00B0683B /* Float3D.cpp */ = {isa = PBXFileReference; fileEncoding = 4; lastKnownFileType = sourcecode.cpp.cpp; lineEnding = 0; name = Float3D.cpp; path = Private/DataType/Float3D.cpp; sourceTree = "<group>"; };
		BDA896162F6F9C8300B0683B /* Matrix3x4.cpp */ = {isa = PBXFileReference; fileEncoding = 4; lastKnownFileType = sourcecode.cpp.cpp; lineEnding = 0; name = Matrix3x4.cpp; path = Private/DataType/Matrix3x4.cpp; sourceTree = "<group>"; };
		BDA8961C2F6FE89900B0683B /* Matrix4x4.cpp */ = {isa = PBXFileReference; fileEncoding = 4; lastKnownFileType = sourcecode.cpp.cpp; lineEnding = 0; name = Matrix4x4.cpp; path = Private/DataType/Matrix4x4.cpp; sourceTree = "<group>"; };
		BDA8961F2F714B9400B0683B /* Quaternion.hpp */ = {isa = PBXFileReference; fileEncoding = 4; lastKnownFileType = sourcecode.cpp.h; lineEnding = 0; name = Quaternion.hpp; path = Public/DataType/Quaternion.hpp; sourceTree = "<group>"; };
		BDA896222F72A05D00B0683B /* Quaternion.cpp */ = {isa = PBXFileReference; fileEncoding = 4; lastKnownFileType = sourcecode.cpp.cpp; lineEnding = 0; name = Quaternion.cpp; path = Private/DataType/Quaternion.cpp; sourceTree = "<group>"; };
		BDA896282F74F48400B0683B /* X2TeaCodec.cpp */ = {isa = PBXFileReference; fileEncoding = 4; lastKnownFileType = sourcecode.cpp.cpp; lineEnding = 0; name = X2TeaCodec.cpp; path = Private/Codec/X2TeaCodec.cpp; sourceTree = "<group>"; };
		BDA8962C2F74F4C100B0683B /* X2TeaCodec.hpp */ = {isa = PBXFileReference; fileEncoding = 4; lastKnownFileType = sourcecode.cpp.h; lineEnding = 0; name = X2TeaCodec.hpp; path = Public/Codec/X2TeaCodec.hpp; sourceTree = "<group>"; };
		BDA896322F74F6E900B0683B /* Quaternion_derivation.txt */ = {isa = PBXFileReference; fileEncoding = 4; lastKnownFileType = text; lineEnding = 0; name = Quaternion_derivation.txt; path = ../Document/Quaternion_derivation.txt; sourceTree = "<group>"; };
		BDC9CB002F94DD580042BF24 /* NativeReadStream.hpp */ = {isa = PBXFileReference; fileEncoding = 4; lastKnownFileType = sourcecode.cpp.h; lineEnding = 0; name = NativeReadStream.hpp; path = Public/FileSystem/NativeReadStream.hpp; sourceTree = "<group>"; };
		BDC9CB032F94DDB50042BF24 /* NativeWriteStream.hpp */ = {isa = PBXFileReference; fileEncoding = 4; lastKnownFileType = sourcecode.cpp.h; lineEnding = 0; name = NativeWriteStream.hpp; path = Public/FileSystem/NativeWriteStream.hpp; sourceTree = "<group>"; };
		BDC9CB062F94DE020042BF24 /* NativeWriteStream.cpp */ = {isa = PBXFileReference; fileEncoding = 4; lastKnownFileType = sourcecode.cpp.cpp; lineEnding = 0; name = NativeWriteStream.cpp; path = Private/FileSystem/NativeWriteStream.cpp; sourceTree = "<group>"; };
		BDC9CB072F94DE020042BF24 /* NativeReadStream.cpp */ = {isa = PBXFileReference; fileEncoding = 4; lastKnownFileType = sourcecode.cpp.cpp; lineEnding = 0; name = NativeReadStream.cpp; path = Private/FileSystem/NativeReadStream.cpp; sourceTree = "<group>"; };
		BDC9CB0C2F96324D0042BF24 /* FileHandle.hpp */ = {isa = PBXFileReference; fileEncoding = 4; lastKnownFileType = sourcecode.cpp.h; lineEnding = 0; name = FileHandle.hpp; path = Public/FileSystem/FileHandle.hpp; sourceTree = "<group>"; };
		BDC9CB0F2F9633470042BF24 /* ApplFileHandle.hpp */ = {isa = PBXFileReference; fileEncoding = 4; lastKnownFileType = sourcecode.cpp.h; lineEnding = 0; name = ApplFileHandle.hpp; path = Private/FileSystem/Apple/ApplFileHandle.hpp; sourceTree = "<group>"; };
		BDC9CB1E2F978A680042BF24 /* Layout_Pos_Colr_Norm.hpp */ = {isa = PBXFileReference; fileEncoding = 4; lastKnownFileType = sourcecode.cpp.h; lineEnding = 0; name = Layout_Pos_Colr_Norm.hpp; path = Private/Render/VertexLayout/Layout_Pos_Colr_Norm.hpp; sourceTree = "<group>"; };
		BDC9CB212F978A7A0042BF24 /* Cube_vertex_layout.png */ = {isa = PBXFileReference; lastKnownFileType = image.png; name = Cube_vertex_layout.png; path = Private/Render/Cube_vertex_layout.png; sourceTree = "<group>"; };
		BDC9CB222F978AB60042BF24 /* Layout_Pos_Colr_Norm_Uv.hpp */ = {isa = PBXFileReference; fileEncoding = 4; lastKnownFileType = sourcecode.cpp.h; lineEnding = 0; name = Layout_Pos_Colr_Norm_Uv.hpp; path = Private/Render/VertexLayout/Layout_Pos_Colr_Norm_Uv.hpp; sourceTree = "<group>"; };
		BDC9CB252F978AFF0042BF24 /* Layout_Pos_Colr_Uv.hpp */ = {isa = PBXFileReference; fileEncoding = 4; lastKnownFileType = sourcecode.cpp.h; lineEnding = 0; name = Layout_Pos_Colr_Uv.hpp; path = Private/Render/VertexLayout/Layout_Pos_Colr_Uv.hpp; sourceTree = "<group>"; };
		BDC9CB282F978B320042BF24 /* Layout_Pos_Norm.hpp */ = {isa = PBXFileReference; fileEncoding = 4; lastKnownFileType = sourcecode.cpp.h; lineEnding = 0; name = Layout_Pos_Norm.hpp; path = Private/Render/VertexLayout/Layout_Pos_Norm.hpp; sourceTree = "<group>"; };
		BDC9CB2C2F978BA00042BF24 /* PpmFile.hpp */ = {isa = PBXFileReference; fileEncoding = 4; lastKnownFileType = sourcecode.cpp.h; lineEnding = 0; name = PpmFile.hpp; path = Private/IO/ImageFile/PpmFile.hpp; sourceTree = "<group>"; };
		BDC9CB2F2F978BC80042BF24 /* PpmFile.cpp */ = {isa = PBXFileReference; fileEncoding = 4; lastKnownFileType = sourcecode.cpp.cpp; lineEnding = 0; name = PpmFile.cpp; path = Private/IO/ImageFile/PpmFile.cpp; sourceTree = "<group>"; };
		BDC9CB332F978C0E0042BF24 /* PlyFile.hpp */ = {isa = PBXFileReference; fileEncoding = 4; lastKnownFileType = sourcecode.cpp.h; lineEnding = 0; name = PlyFile.hpp; path = Private/IO/MeshFile/PlyFile.hpp; sourceTree = "<group>"; };
		BDC9CB362F978C2F0042BF24 /* PlyFile.cpp */ = {isa = PBXFileReference; fileEncoding = 4; lastKnownFileType = sourcecode.cpp.cpp; lineEnding = 0; name = PlyFile.cpp; path = Private/IO/MeshFile/PlyFile.cpp; sourceTree = "<group>"; };
		BDC9CB392F98D65F0042BF24 /* IcoSphere_vertex_layout.png */ = {isa = PBXFileReference; lastKnownFileType = image.png; name = IcoSphere_vertex_layout.png; path = Private/Render/IcoSphere_vertex_layout.png; sourceTree = "<group>"; };
		BDD4034C2F9300F70019BE16 /* NativeDirectory.hpp */ = {isa = PBXFileReference; fileEncoding = 4; lastKnownFileType = sourcecode.cpp.h; lineEnding = 0; name = NativeDirectory.hpp; path = Public/FileSystem/NativeDirectory.hpp; sourceTree = "<group>"; };
		BDD4034F2F9301BD0019BE16 /* GameMainLoop.hpp */ = {isa = PBXFileReference; fileEncoding = 4; lastKnownFileType = sourcecode.cpp.h; lineEnding = 0; name = GameMainLoop.hpp; path = Private/Runtime/GameMainLoop.hpp; sourceTree = "<group>"; };
		BDD403532F93519C0019BE16 /* ApplNativeDirectory.mm */ = {isa = PBXFileReference; fileEncoding = 4; lastKnownFileType = sourcecode.cpp.objcpp; lineEnding = 0; name = ApplNativeDirectory.mm; path = Private/FileSystem/Apple/ApplNativeDirectory.mm; sourceTree = "<group>"; };
		BDD403562F9385090019BE16 /* NativeFile.hpp */ = {isa = PBXFileReference; fileEncoding = 4; lastKnownFileType = sourcecode.cpp.h; lineEnding = 0; name = NativeFile.hpp; path = Public/FileSystem/NativeFile.hpp; sourceTree = "<group>"; };
		BDD4035C2F9387AC0019BE16 /* ApplNativeFile.mm */ = {isa = PBXFileReference; fileEncoding = 4; lastKnownFileType = sourcecode.cpp.objcpp; lineEnding = 0; name = ApplNativeFile.mm; path = Private/FileSystem/Apple/ApplNativeFile.mm; sourceTree = "<group>"; };
		BDD4035F2F947EB80019BE16 /* FileName.hpp */ = {isa = PBXFileReference; fileEncoding = 4; lastKnownFileType = sourcecode.cpp.h; lineEnding = 0; name = FileName.hpp; path = Public/FileSystem/FileName.hpp; sourceTree = "<group>"; };
		BDD403622F947F2F0019BE16 /* FileName.cpp */ = {isa = PBXFileReference; fileEncoding = 4; lastKnownFileType = sourcecode.cpp.cpp; lineEnding = 0; name = FileName.cpp; path = Private/FileSystem/FileName.cpp; sourceTree = "<group>"; };
/* End PBXFileReference section */

/* Begin PBXFrameworksBuildPhase section */
		BD86B5F82F388E1600DD8D2E /* Frameworks */ = {
			isa = PBXFrameworksBuildPhase;
			buildActionMask = 2147483647;
			files = (
			);
			runOnlyForDeploymentPostprocessing = 0;
		};
		BD86B60B2F39E1FC00DD8D2E /* Frameworks */ = {
			isa = PBXFrameworksBuildPhase;
			buildActionMask = 2147483647;
			files = (
			);
			runOnlyForDeploymentPostprocessing = 0;
		};
/* End PBXFrameworksBuildPhase section */

/* Begin PBXGroup section */
		BD0E41162F78A05200CFA766 /* Collision */ = {
			isa = PBXGroup;
			children = (
				BD8FB83B2F8510D600EE67B4 /* AABB.cpp */,
				BD0E411E2F79245600CFA766 /* Ray3D.cpp */,
				BD8FB83E2F85112900EE67B4 /* Triangle3D.cpp */,
			);
			name = Collision;
			sourceTree = "<group>";
		};
		BD0E411A2F78A16F00CFA766 /* Collision */ = {
			isa = PBXGroup;
			children = (
				BD8FB8322F850FA800EE67B4 /* AABB.hpp */,
				BD0E411B2F78A1AC00CFA766 /* Ray3D.hpp */,
				BD0E41212F79281800CFA766 /* Triangle3D.hpp */,
			);
			name = Collision;
			sourceTree = "<group>";
		};
		BD326EC82F3BEF2B007EE8EC /* DataType */ = {
			isa = PBXGroup;
			children = (
				BD8FB8352F850FFD00EE67B4 /* AxisType.hpp */,
				BD0E41092F778DF600CFA766 /* Float2D.hpp */,
				BDA8960D2F6F6F0300B0683B /* Float3D.hpp */,
				BD9FAFB82F6E7430000B085D /* Float4D.hpp */,
				BD0E41242F7BC7F400CFA766 /* Matrix3x4.hpp */,
				BD0E41272F7BC83D00CFA766 /* Matrix4x4.hpp */,
				BDA8961F2F714B9400B0683B /* Quaternion.hpp */,
			);
			name = DataType;
			sourceTree = "<group>";
		};
		BD326ED62F3C246F007EE8EC /* Assert */ = {
			isa = PBXGroup;
			children = (
				BD326ED72F3C24A5007EE8EC /* RuntimeAssert.hpp */,
			);
			name = Assert;
			sourceTree = "<group>";
		};
		BD326EE02F3C7DF7007EE8EC /* Assert */ = {
			isa = PBXGroup;
			children = (
				BD326EE12F3C7F9A007EE8EC /* RuntimeAssert.cpp */,
			);
			name = Assert;
			sourceTree = "<group>";
		};
		BD326EE42F4176F2007EE8EC /* Math */ = {
			isa = PBXGroup;
			children = (
				BD326EE52F41773A007EE8EC /* MathUtilities.hpp */,
				BD0E412A2F7BC88E00CFA766 /* MathDefines.hpp */,
				BD0E41302F7BC95900CFA766 /* RandomNumber.hpp */,
			);
			name = Math;
			sourceTree = "<group>";
		};
		BD326F282F431C8A007EE8EC /* Memory */ = {
			isa = PBXGroup;
			children = (
				BD58B0892F519C4A0024C670 /* ArenaAllocator.hpp */,
				BD326F292F431CD5007EE8EC /* MemoryUtilities.hpp */,
			);
			name = Memory;
			sourceTree = "<group>";
		};
		BD326F2C2F431F23007EE8EC /* Memory */ = {
			isa = PBXGroup;
			children = (
				BD58B08C2F519D890024C670 /* ArenaAllocator.cpp */,
				BD326F2D2F431F39007EE8EC /* MemoryUtilities.cpp */,
			);
			name = Memory;
			sourceTree = "<group>";
		};
		BD326F302F495402007EE8EC /* Container */ = {
			isa = PBXGroup;
			children = (
				BD326F312F495429007EE8EC /* RingBuffer.hpp */,
			);
			name = Container;
			sourceTree = "<group>";
		};
		BD326F372F4958BC007EE8EC /* Container */ = {
			isa = PBXGroup;
			children = (
				BD326F382F4958CE007EE8EC /* RingBuffer.cpp */,
			);
			name = Container;
			sourceTree = "<group>";
		};
		BD58B07E2F4DA6920024C670 /* Thread */ = {
			isa = PBXGroup;
			children = (
				BD58B0822F4EECE10024C670 /* ThreadDefines.hpp */,
				BD58B07F2F4DA6D40024C670 /* WorkerThread.hpp */,
			);
			name = Thread;
			sourceTree = "<group>";
		};
		BD58B0852F4EF2640024C670 /* Thread */ = {
			isa = PBXGroup;
			children = (
				BD58B0862F4EF27D0024C670 /* WorkerThread.cpp */,
			);
			name = Thread;
			sourceTree = "<group>";
		};
		BD58B08F2F51A03F0024C670 /* Text */ = {
			isa = PBXGroup;
			children = (
				BD58B0E02F5B9C930024C670 /* StaticString.hpp */,
				BD58B0C92F5AD4BF0024C670 /* StaticStringId.hpp */,
				BD8FB8382F85109100EE67B4 /* TextEncoding.hpp */,
			);
			name = Text;
			sourceTree = "<group>";
		};
		BD58B0962F56DBA70024C670 /* Time */ = {
			isa = PBXGroup;
			children = (
				BD58B0972F56DCDC0024C670 /* ClockTime.hpp */,
			);
			name = Time;
			sourceTree = "<group>";
		};
		BD58B09A2F56DE0B0024C670 /* Time */ = {
			isa = PBXGroup;
			children = (
				BD58B09B2F56DE1D0024C670 /* ClockTime.cpp */,
			);
			name = Time;
			sourceTree = "<group>";
		};
		BD58B09E2F582F0F0024C670 /* Runtime */ = {
			isa = PBXGroup;
			children = (
				BDD4034F2F9301BD0019BE16 /* GameMainLoop.hpp */,
				BD58B0A32F582F480024C670 /* GameMainLoop.cpp */,
			);
			name = Runtime;
			sourceTree = "<group>";
		};
		BD58B09F2F582F180024C670 /* Runtime */ = {
			isa = PBXGroup;
			children = (
				BD0E412D2F7BC8EF00CFA766 /* GameLogic.hpp */,
			);
			name = Runtime;
			sourceTree = "<group>";
		};
		BD58B0AE2F58EF5C0024C670 /* Text */ = {
			isa = PBXGroup;
			children = (
				BD58B0EF2F5BB84C0024C670 /* StaticString.cpp */,
				BD58B0E92F5BA1790024C670 /* StaticStringDepot.hpp */,
				BD58B0EA2F5BA1790024C670 /* StaticStringDepot.cpp */,
			);
			name = Text;
			sourceTree = "<group>";
		};
		BD58B0B82F5973A10024C670 /* Hashing */ = {
			isa = PBXGroup;
			children = (
				BD58B0DB2F5B97BA0024C670 /* RuntimeHash.cpp */,
				BD58B0D52F5B97750024C670 /* RuntimeXXHash32.hpp */,
				BD58B0D62F5B97750024C670 /* RuntimeXXHash64.hpp */,
			);
			name = Hashing;
			sourceTree = "<group>";
		};
		BD58B0B92F5973B00024C670 /* Hashing */ = {
			isa = PBXGroup;
			children = (
				BD58B0BD2F5974630024C670 /* RuntimeHash.hpp */,
				BD58B0D22F5B93F30024C670 /* StaticStringHash.hpp */,
				BD58B0CD2F5B93B90024C670 /* StaticXXHash32.hpp */,
				BD58B0CC2F5B93B90024C670 /* StaticXXHash64.hpp */,
			);
			name = Hashing;
			sourceTree = "<group>";
		};
		BD86B5F12F388E1600DD8D2E = {
			isa = PBXGroup;
			children = (
				BD86B6182F39E26800DD8D2E /* Private */,
				BD86B6172F39E25B00DD8D2E /* Public */,
				BD86B5FB2F388E1600DD8D2E /* Products */,
			);
			sourceTree = "<group>";
		};
		BD86B5FB2F388E1600DD8D2E /* Products */ = {
			isa = PBXGroup;
			children = (
				BD86B5FA2F388E1600DD8D2E /* libRedSoUL-macOS.a */,
				BD86B60E2F39E1FC00DD8D2E /* libRedSoUL-iOS.a */,
			);
			name = Products;
			sourceTree = "<group>";
		};
		BD86B6172F39E25B00DD8D2E /* Public */ = {
			isa = PBXGroup;
			children = (
				BD326ED62F3C246F007EE8EC /* Assert */,
				BDA8962B2F74F4B200B0683B /* Codec */,
				BD0E411A2F78A16F00CFA766 /* Collision */,
				BD86B6192F3B316800DD8D2E /* Common */,
				BD326F302F495402007EE8EC /* Container */,
				BD326EC82F3BEF2B007EE8EC /* DataType */,
				BDD4034B2F9300E00019BE16 /* FileSystem */,
				BD58B0B92F5973B00024C670 /* Hashing */,
				BD326EE42F4176F2007EE8EC /* Math */,
				BD326F282F431C8A007EE8EC /* Memory */,
				BD8FB8062F7F6D7700EE67B4 /* Render */,
				BD58B09F2F582F180024C670 /* Runtime */,
				BD58B08F2F51A03F0024C670 /* Text */,
				BD58B0962F56DBA70024C670 /* Time */,
				BD58B07E2F4DA6920024C670 /* Thread */,
			);
			name = Public;
			sourceTree = "<group>";
		};
		BD86B6182F39E26800DD8D2E /* Private */ = {
			isa = PBXGroup;
			children = (
				BD326EE02F3C7DF7007EE8EC /* Assert */,
				BDA896272F74F46E00B0683B /* Codec */,
				BD0E41162F78A05200CFA766 /* Collision */,
				BD326F372F4958BC007EE8EC /* Container */,
				BD9FAFBB2F6E753F000B085D /* DataType */,
				BDD403522F9351660019BE16 /* FileSystem */,
				BD58B0B82F5973A10024C670 /* Hashing */,
				BDD403462F90EA120019BE16 /* IO */,
				BD9FAFB12F6E526F000B085D /* Math */,
				BD326F2C2F431F23007EE8EC /* Memory */,
				BD8FB80D2F7F6FF800EE67B4 /* Render */,
				BD58B09E2F582F0F0024C670 /* Runtime */,
				BD58B0AE2F58EF5C0024C670 /* Text */,
				BD58B09A2F56DE0B0024C670 /* Time */,
				BD58B0852F4EF2640024C670 /* Thread */,
			);
			name = Private;
			sourceTree = "<group>";
		};
		BD86B6192F3B316800DD8D2E /* Common */ = {
			isa = PBXGroup;
			children = (
				BD326EC42F3B32F0007EE8EC /* CommonDefines.hpp */,
				BD326EDA2F3C2625007EE8EC /* CompilerDefines.hpp */,
				BD326EDD2F3C40A5007EE8EC /* PlatformDefines.hpp */,
			);
			name = Common;
			sourceTree = "<group>";
		};
		BD8FB8062F7F6D7700EE67B4 /* Render */ = {
			isa = PBXGroup;
			children = (
				BD8FB80A2F7F6EF000EE67B4 /* RenderMeshId.hpp */,
			);
			name = Render;
			sourceTree = "<group>";
		};
		BD8FB80D2F7F6FF800EE67B4 /* Render */ = {
			isa = PBXGroup;
			children = (
				BD8FB8242F8127C400EE67B4 /* Document */,
				BD8FB8172F7FD27700EE67B4 /* VertexLayout */,
				BD8FB8212F81047F00EE67B4 /* IndexedTriangle.hpp */,
				BD8FB8262F822DC900EE67B4 /* RenderMesh.hpp */,
				BD8FB8292F8230E300EE67B4 /* RenderMesh.cpp */,
				BD8FB80E2F7F701800EE67B4 /* RenderMeshDepot.hpp */,
				BD8FB8112F7F7C6A00EE67B4 /* RenderMeshDepot.cpp */,
				BD8FB84A2F8512EE00EE67B4 /* VertexDataType.hpp */,
			);
			name = Render;
			sourceTree = "<group>";
		};
		BD8FB8172F7FD27700EE67B4 /* VertexLayout */ = {
			isa = PBXGroup;
			children = (
				BD8FB8412F8512B100EE67B4 /* Layout_Pos.hpp */,
				BD8FB8422F8512B100EE67B4 /* Layout_Pos_Colr.hpp */,
				BDC9CB1E2F978A680042BF24 /* Layout_Pos_Colr_Norm.hpp */,
				BDC9CB222F978AB60042BF24 /* Layout_Pos_Colr_Norm_Uv.hpp */,
				BDC9CB252F978AFF0042BF24 /* Layout_Pos_Colr_Uv.hpp */,
				BDC9CB282F978B320042BF24 /* Layout_Pos_Norm.hpp */,
				BD8FB8432F8512B100EE67B4 /* Layout_Pos_Uv.hpp */,
			);
			name = VertexLayout;
			sourceTree = "<group>";
		};
		BD8FB8242F8127C400EE67B4 /* Document */ = {
			isa = PBXGroup;
			children = (
				BD8FB8252F8127D600EE67B4 /* Cube_face_layout.png */,
				BDC9CB212F978A7A0042BF24 /* Cube_vertex_layout.png */,
				BDC9CB392F98D65F0042BF24 /* IcoSphere_vertex_layout.png */,
			);
			name = Document;
			sourceTree = "<group>";
		};
		BD9FAFB12F6E526F000B085D /* Math */ = {
			isa = PBXGroup;
			children = (
				BD9FAFB22F6E528C000B085D /* MathUtilities.cpp */,
				BD0E41332F7BD6B600CFA766 /* RandomNumber.cpp */,
			);
			name = Math;
			sourceTree = "<group>";
		};
		BD9FAFBB2F6E753F000B085D /* DataType */ = {
			isa = PBXGroup;
			children = (
				BDA896312F74F6D600B0683B /* Document */,
				BD0E410C2F778E4A00CFA766 /* Float2D.cpp */,
				BDA896102F6F70FA00B0683B /* Float3D.cpp */,
				BD9FAFBC2F6E756B000B085D /* Float4D.cpp */,
				BDA896162F6F9C8300B0683B /* Matrix3x4.cpp */,
				BDA8961C2F6FE89900B0683B /* Matrix4x4.cpp */,
				BDA896222F72A05D00B0683B /* Quaternion.cpp */,
			);
			name = DataType;
			sourceTree = "<group>";
		};
		BDA896272F74F46E00B0683B /* Codec */ = {
			isa = PBXGroup;
			children = (
				BDA896282F74F48400B0683B /* X2TeaCodec.cpp */,
			);
			name = Codec;
			sourceTree = "<group>";
		};
		BDA8962B2F74F4B200B0683B /* Codec */ = {
			isa = PBXGroup;
			children = (
				BDA8962C2F74F4C100B0683B /* X2TeaCodec.hpp */,
			);
			name = Codec;
			sourceTree = "<group>";
		};
		BDA896312F74F6D600B0683B /* Document */ = {
			isa = PBXGroup;
			children = (
				BDA896322F74F6E900B0683B /* Quaternion_derivation.txt */,
			);
			name = Document;
			sourceTree = "<group>";
		};
		BDC9CB2B2F978B8B0042BF24 /* ImageFile */ = {
			isa = PBXGroup;
			children = (
				BDC9CB2C2F978BA00042BF24 /* PpmFile.hpp */,
				BDC9CB2F2F978BC80042BF24 /* PpmFile.cpp */,
			);
			name = ImageFile;
			sourceTree = "<group>";
		};
		BDC9CB322F978BF80042BF24 /* MeshFile */ = {
			isa = PBXGroup;
			children = (
				BDC9CB332F978C0E0042BF24 /* PlyFile.hpp */,
				BDC9CB362F978C2F0042BF24 /* PlyFile.cpp */,
			);
			name = MeshFile;
			sourceTree = "<group>";
		};
		BDD403462F90EA120019BE16 /* IO */ = {
			isa = PBXGroup;
			children = (
				BDC9CB2B2F978B8B0042BF24 /* ImageFile */,
				BDC9CB322F978BF80042BF24 /* MeshFile */,
			);
			name = IO;
			sourceTree = "<group>";
		};
		BDD4034B2F9300E00019BE16 /* FileSystem */ = {
			isa = PBXGroup;
			children = (
				BDC9CB0C2F96324D0042BF24 /* FileHandle.hpp */,
				BDD4035F2F947EB80019BE16 /* FileName.hpp */,
				BDD4034C2F9300F70019BE16 /* NativeDirectory.hpp */,
				BDD403562F9385090019BE16 /* NativeFile.hpp */,
				BDC9CB002F94DD580042BF24 /* NativeReadStream.hpp */,
				BDC9CB032F94DDB50042BF24 /* NativeWriteStream.hpp */,
			);
			name = FileSystem;
			sourceTree = "<group>";
		};
		BDD403522F9351660019BE16 /* FileSystem */ = {
			isa = PBXGroup;
			children = (
				BDC9CB0F2F9633470042BF24 /* ApplFileHandle.hpp */,
				BDD403532F93519C0019BE16 /* ApplNativeDirectory.mm */,
				BDD4035C2F9387AC0019BE16 /* ApplNativeFile.mm */,
				BDD403622F947F2F0019BE16 /* FileName.cpp */,
				BDC9CB072F94DE020042BF24 /* NativeReadStream.cpp */,
				BDC9CB062F94DE020042BF24 /* NativeWriteStream.cpp */,
			);
			name = FileSystem;
			sourceTree = "<group>";
		};
/* End PBXGroup section */

/* Begin PBXHeadersBuildPhase section */
		BD326ECB2F3BFC7C007EE8EC /* Headers */ = {
			isa = PBXHeadersBuildPhase;
			buildActionMask = 2147483647;
			files = (
				BDD403502F9301BD0019BE16 /* GameMainLoop.hpp in Headers */,
				BD326EDE2F3C40A5007EE8EC /* PlatformDefines.hpp in Headers */,
				BD0E41282F7BC83D00CFA766 /* Matrix4x4.hpp in Headers */,
				BDC9CB1F2F978A680042BF24 /* Layout_Pos_Colr_Norm.hpp in Headers */,
				BD0E411C2F78A1AC00CFA766 /* Ray3D.hpp in Headers */,
				BD58B0D02F5B93B90024C670 /* StaticXXHash32.hpp in Headers */,
				BD58B0CE2F5B93B90024C670 /* StaticXXHash64.hpp in Headers */,
				BD58B0D72F5B97750024C670 /* RuntimeXXHash32.hpp in Headers */,
				BD326EE62F41773A007EE8EC /* MathUtilities.hpp in Headers */,
				BD0E412B2F7BC88E00CFA766 /* MathDefines.hpp in Headers */,
				BD8FB8392F85109100EE67B4 /* TextEncoding.hpp in Headers */,
				BDA8962D2F74F4C100B0683B /* X2TeaCodec.hpp in Headers */,
				BD58B0EB2F5BA1790024C670 /* StaticStringDepot.hpp in Headers */,
				BD8FB80B2F7F6EF000EE67B4 /* RenderMeshId.hpp in Headers */,
				BDA896202F714B9400B0683B /* Quaternion.hpp in Headers */,
				BDC9CB0D2F96324D0042BF24 /* FileHandle.hpp in Headers */,
				BD326ED82F3C24A5007EE8EC /* RuntimeAssert.hpp in Headers */,
				BD58B08A2F519C4A0024C670 /* ArenaAllocator.hpp in Headers */,
				BD326EDB2F3C2625007EE8EC /* CompilerDefines.hpp in Headers */,
				BD58B0CA2F5AD4BF0024C670 /* StaticStringId.hpp in Headers */,
				BD0E41252F7BC7F400CFA766 /* Matrix3x4.hpp in Headers */,
				BD8FB8442F8512B100EE67B4 /* Layout_Pos.hpp in Headers */,
				BDC9CB2D2F978BA00042BF24 /* PpmFile.hpp in Headers */,
				BD0E412E2F7BC8EF00CFA766 /* GameLogic.hpp in Headers */,
				BDD403572F9385090019BE16 /* NativeFile.hpp in Headers */,
				BD0E41312F7BC95900CFA766 /* RandomNumber.hpp in Headers */,
				BDC9CB042F94DDB50042BF24 /* NativeWriteStream.hpp in Headers */,
				BD8FB8272F822DC900EE67B4 /* RenderMesh.hpp in Headers */,
				BDC9CB292F978B320042BF24 /* Layout_Pos_Norm.hpp in Headers */,
				BD58B0832F4EECE10024C670 /* ThreadDefines.hpp in Headers */,
				BDC9CB262F978AFF0042BF24 /* Layout_Pos_Colr_Uv.hpp in Headers */,
				BDC9CB012F94DD580042BF24 /* NativeReadStream.hpp in Headers */,
				BDC9CB232F978AB60042BF24 /* Layout_Pos_Colr_Norm_Uv.hpp in Headers */,
				BD58B0982F56DCDC0024C670 /* ClockTime.hpp in Headers */,
				BD8FB8222F81047F00EE67B4 /* IndexedTriangle.hpp in Headers */,
				BDD403602F947EB80019BE16 /* FileName.hpp in Headers */,
				BD0E41222F79281800CFA766 /* Triangle3D.hpp in Headers */,
				BD58B0D92F5B97750024C670 /* RuntimeXXHash64.hpp in Headers */,
				BD0E410A2F778DF600CFA766 /* Float2D.hpp in Headers */,
				BDC9CB102F9633470042BF24 /* ApplFileHandle.hpp in Headers */,
				BDD4034D2F9300F70019BE16 /* NativeDirectory.hpp in Headers */,
				BD58B0D32F5B93F30024C670 /* StaticStringHash.hpp in Headers */,
				BD326F322F495429007EE8EC /* RingBuffer.hpp in Headers */,
				BDC9CB342F978C0E0042BF24 /* PlyFile.hpp in Headers */,
				BD326F2A2F431CD5007EE8EC /* MemoryUtilities.hpp in Headers */,
				BD8FB8482F8512B100EE67B4 /* Layout_Pos_Uv.hpp in Headers */,
				BD9FAFB92F6E7430000B085D /* Float4D.hpp in Headers */,
				BD58B0802F4DA6D40024C670 /* WorkerThread.hpp in Headers */,
				BD58B0BE2F5974630024C670 /* RuntimeHash.hpp in Headers */,
				BD8FB8332F850FA800EE67B4 /* AABB.hpp in Headers */,
				BD8FB8462F8512B100EE67B4 /* Layout_Pos_Colr.hpp in Headers */,
				BDA8960E2F6F6F0300B0683B /* Float3D.hpp in Headers */,
				BD8FB80F2F7F701800EE67B4 /* RenderMeshDepot.hpp in Headers */,
				BD326ECC2F3BFC80007EE8EC /* CommonDefines.hpp in Headers */,
				BD8FB8362F850FFD00EE67B4 /* AxisType.hpp in Headers */,
				BD8FB84B2F8512EE00EE67B4 /* VertexDataType.hpp in Headers */,
				BD58B0E12F5B9C930024C670 /* StaticString.hpp in Headers */,
			);
			runOnlyForDeploymentPostprocessing = 0;
		};
		BD86B5F62F388E1600DD8D2E /* Headers */ = {
			isa = PBXHeadersBuildPhase;
			buildActionMask = 2147483647;
			files = (
				BDD403512F9301BD0019BE16 /* GameMainLoop.hpp in Headers */,
				BD326EDF2F3C40A5007EE8EC /* PlatformDefines.hpp in Headers */,
				BD0E41292F7BC83D00CFA766 /* Matrix4x4.hpp in Headers */,
				BDC9CB202F978A680042BF24 /* Layout_Pos_Colr_Norm.hpp in Headers */,
				BD0E411D2F78A1AC00CFA766 /* Ray3D.hpp in Headers */,
				BD58B0D12F5B93B90024C670 /* StaticXXHash32.hpp in Headers */,
				BD58B0CF2F5B93B90024C670 /* StaticXXHash64.hpp in Headers */,
				BD58B0D82F5B97750024C670 /* RuntimeXXHash32.hpp in Headers */,
				BD326EE72F41773B007EE8EC /* MathUtilities.hpp in Headers */,
				BD0E412C2F7BC88E00CFA766 /* MathDefines.hpp in Headers */,
				BD8FB83A2F85109100EE67B4 /* TextEncoding.hpp in Headers */,
				BDA8962E2F74F4C100B0683B /* X2TeaCodec.hpp in Headers */,
				BD58B0EC2F5BA1790024C670 /* StaticStringDepot.hpp in Headers */,
				BD8FB80C2F7F6EF000EE67B4 /* RenderMeshId.hpp in Headers */,
				BDA896212F714B9400B0683B /* Quaternion.hpp in Headers */,
				BDC9CB0E2F96324D0042BF24 /* FileHandle.hpp in Headers */,
				BD326ED92F3C24A5007EE8EC /* RuntimeAssert.hpp in Headers */,
				BD58B08B2F519C4A0024C670 /* ArenaAllocator.hpp in Headers */,
				BD326EDC2F3C2625007EE8EC /* CompilerDefines.hpp in Headers */,
				BD58B0CB2F5AD4BF0024C670 /* StaticStringId.hpp in Headers */,
				BD0E41262F7BC7F400CFA766 /* Matrix3x4.hpp in Headers */,
				BD8FB8452F8512B100EE67B4 /* Layout_Pos.hpp in Headers */,
				BDC9CB2E2F978BA00042BF24 /* PpmFile.hpp in Headers */,
				BD0E412F2F7BC8EF00CFA766 /* GameLogic.hpp in Headers */,
				BDD403582F9385090019BE16 /* NativeFile.hpp in Headers */,
				BD0E41322F7BC95900CFA766 /* RandomNumber.hpp in Headers */,
				BDC9CB052F94DDB50042BF24 /* NativeWriteStream.hpp in Headers */,
				BD8FB8282F822DC900EE67B4 /* RenderMesh.hpp in Headers */,
				BDC9CB2A2F978B320042BF24 /* Layout_Pos_Norm.hpp in Headers */,
				BD58B0842F4EECE10024C670 /* ThreadDefines.hpp in Headers */,
				BDC9CB272F978AFF0042BF24 /* Layout_Pos_Colr_Uv.hpp in Headers */,
				BDC9CB022F94DD580042BF24 /* NativeReadStream.hpp in Headers */,
				BDC9CB242F978AB60042BF24 /* Layout_Pos_Colr_Norm_Uv.hpp in Headers */,
				BD58B0992F56DCDC0024C670 /* ClockTime.hpp in Headers */,
				BD8FB8232F81047F00EE67B4 /* IndexedTriangle.hpp in Headers */,
				BDD403612F947EB80019BE16 /* FileName.hpp in Headers */,
				BD0E41232F79281800CFA766 /* Triangle3D.hpp in Headers */,
				BD58B0DA2F5B97750024C670 /* RuntimeXXHash64.hpp in Headers */,
				BD0E410B2F778DF600CFA766 /* Float2D.hpp in Headers */,
				BDC9CB112F9633470042BF24 /* ApplFileHandle.hpp in Headers */,
				BDD4034E2F9300F70019BE16 /* NativeDirectory.hpp in Headers */,
				BD58B0D42F5B93F30024C670 /* StaticStringHash.hpp in Headers */,
				BD326F332F495429007EE8EC /* RingBuffer.hpp in Headers */,
				BDC9CB352F978C0E0042BF24 /* PlyFile.hpp in Headers */,
				BD326F2B2F431CD5007EE8EC /* MemoryUtilities.hpp in Headers */,
				BD8FB8492F8512B100EE67B4 /* Layout_Pos_Uv.hpp in Headers */,
				BD9FAFBA2F6E7430000B085D /* Float4D.hpp in Headers */,
				BD58B0812F4DA6D40024C670 /* WorkerThread.hpp in Headers */,
				BD58B0BF2F5974630024C670 /* RuntimeHash.hpp in Headers */,
				BD8FB8342F850FA800EE67B4 /* AABB.hpp in Headers */,
				BD8FB8472F8512B100EE67B4 /* Layout_Pos_Colr.hpp in Headers */,
				BDA8960F2F6F6F0300B0683B /* Float3D.hpp in Headers */,
				BD8FB8102F7F701800EE67B4 /* RenderMeshDepot.hpp in Headers */,
				BD326EC72F3B32F0007EE8EC /* CommonDefines.hpp in Headers */,
				BD8FB8372F850FFD00EE67B4 /* AxisType.hpp in Headers */,
				BD8FB84C2F8512EE00EE67B4 /* VertexDataType.hpp in Headers */,
				BD58B0E22F5B9C930024C670 /* StaticString.hpp in Headers */,
			);
			runOnlyForDeploymentPostprocessing = 0;
		};
/* End PBXHeadersBuildPhase section */

/* Begin PBXNativeTarget section */
		BD86B5F92F388E1600DD8D2E /* RedSoUL-macOS */ = {
			isa = PBXNativeTarget;
			buildConfigurationList = BD86B6052F388E1600DD8D2E /* Build configuration list for PBXNativeTarget "RedSoUL-macOS" */;
			buildPhases = (
				BD86B5F62F388E1600DD8D2E /* Headers */,
				BD86B5F72F388E1600DD8D2E /* Sources */,
				BD86B5F82F388E1600DD8D2E /* Frameworks */,
			);
			buildRules = (
			);
			dependencies = (
			);
			name = "RedSoUL-macOS";
			productName = RedSoUL;
			productReference = BD86B5FA2F388E1600DD8D2E /* libRedSoUL-macOS.a */;
			productType = "com.apple.product-type.library.static";
		};
		BD86B60D2F39E1FC00DD8D2E /* RedSoUL-iOS */ = {
			isa = PBXNativeTarget;
			buildConfigurationList = BD86B6142F39E1FC00DD8D2E /* Build configuration list for PBXNativeTarget "RedSoUL-iOS" */;
			buildPhases = (
				BD326ECB2F3BFC7C007EE8EC /* Headers */,
				BD86B60A2F39E1FC00DD8D2E /* Sources */,
				BD86B60B2F39E1FC00DD8D2E /* Frameworks */,
				BD86B60C2F39E1FC00DD8D2E /* CopyFiles */,
			);
			buildRules = (
			);
			dependencies = (
			);
			name = "RedSoUL-iOS";
			productName = "RedSoUL-iOS";
			productReference = BD86B60E2F39E1FC00DD8D2E /* libRedSoUL-iOS.a */;
			productType = "com.apple.product-type.library.static";
		};
/* End PBXNativeTarget section */

/* Begin PBXProject section */
		BD86B5F22F388E1600DD8D2E /* Project object */ = {
			isa = PBXProject;
			attributes = {
				BuildIndependentTargetsInParallel = 1;
				LastUpgradeCheck = 1340;
				TargetAttributes = {
					BD86B5F92F388E1600DD8D2E = {
						CreatedOnToolsVersion = 13.4.1;
					};
					BD86B60D2F39E1FC00DD8D2E = {
						CreatedOnToolsVersion = 13.4.1;
					};
				};
			};
			buildConfigurationList = BD86B5F52F388E1600DD8D2E /* Build configuration list for PBXProject "RedSoUL" */;
			compatibilityVersion = "Xcode 13.0";
			developmentRegion = en;
			hasScannedForEncodings = 0;
			knownRegions = (
				en,
				Base,
			);
			mainGroup = BD86B5F12F388E1600DD8D2E;
			productRefGroup = BD86B5FB2F388E1600DD8D2E /* Products */;
			projectDirPath = "";
			projectRoot = "";
			targets = (
				BD86B60D2F39E1FC00DD8D2E /* RedSoUL-iOS */,
				BD86B5F92F388E1600DD8D2E /* RedSoUL-macOS */,
			);
		};
/* End PBXProject section */

/* Begin PBXSourcesBuildPhase section */
		BD86B5F72F388E1600DD8D2E /* Sources */ = {
			isa = PBXSourcesBuildPhase;
			buildActionMask = 2147483647;
			files = (
				BDA896242F72A05D00B0683B /* Quaternion.cpp in Sources */,
				BD326EE32F3C7F9A007EE8EC /* RuntimeAssert.cpp in Sources */,
				BDD403552F93519C0019BE16 /* ApplNativeDirectory.mm in Sources */,
				BD0E410E2F778E4A00CFA766 /* Float2D.cpp in Sources */,
				BDC9CB092F94DE020042BF24 /* NativeWriteStream.cpp in Sources */,
				BDC9CB312F978BC80042BF24 /* PpmFile.cpp in Sources */,
				BD326F3A2F4958CE007EE8EC /* RingBuffer.cpp in Sources */,
				BD58B0A62F582F480024C670 /* GameMainLoop.cpp in Sources */,
				BDA8962A2F74F48400B0683B /* X2TeaCodec.cpp in Sources */,
				BD8FB82B2F8230E300EE67B4 /* RenderMesh.cpp in Sources */,
				BDA8961E2F6FE89900B0683B /* Matrix4x4.cpp in Sources */,
				BD58B0DD2F5B97BA0024C670 /* RuntimeHash.cpp in Sources */,
				BDA896182F6F9C8300B0683B /* Matrix3x4.cpp in Sources */,
				BD58B08E2F519D890024C670 /* ArenaAllocator.cpp in Sources */,
				BD9FAFBE2F6E756B000B085D /* Float4D.cpp in Sources */,
				BDD403642F947F2F0019BE16 /* FileName.cpp in Sources */,
				BD58B09D2F56DE1D0024C670 /* ClockTime.cpp in Sources */,
				BD58B0882F4EF27D0024C670 /* WorkerThread.cpp in Sources */,
				BD9FAFB42F6E528C000B085D /* MathUtilities.cpp in Sources */,
				BD8FB83D2F8510D600EE67B4 /* AABB.cpp in Sources */,
				BD326F2F2F431F39007EE8EC /* MemoryUtilities.cpp in Sources */,
				BD8FB8132F7F7C6A00EE67B4 /* RenderMeshDepot.cpp in Sources */,
				BD0E41202F79245600CFA766 /* Ray3D.cpp in Sources */,
				BDC9CB0B2F94DE020042BF24 /* NativeReadStream.cpp in Sources */,
				BD58B0EE2F5BA1790024C670 /* StaticStringDepot.cpp in Sources */,
				BD8FB8402F85112900EE67B4 /* Triangle3D.cpp in Sources */,
				BD58B0F12F5BB84C0024C670 /* StaticString.cpp in Sources */,
				BDD4035E2F9387AD0019BE16 /* ApplNativeFile.mm in Sources */,
				BDA896122F6F70FA00B0683B /* Float3D.cpp in Sources */,
				BDC9CB382F978C2F0042BF24 /* PlyFile.cpp in Sources */,
				BD0E41352F7BD6B600CFA766 /* RandomNumber.cpp in Sources */,
			);
			runOnlyForDeploymentPostprocessing = 0;
		};
		BD86B60A2F39E1FC00DD8D2E /* Sources */ = {
			isa = PBXSourcesBuildPhase;
			buildActionMask = 2147483647;
			files = (
				BDA896232F72A05D00B0683B /* Quaternion.cpp in Sources */,
				BD326EE22F3C7F9A007EE8EC /* RuntimeAssert.cpp in Sources */,
				BDD403542F93519C0019BE16 /* ApplNativeDirectory.mm in Sources */,
				BD0E410D2F778E4A00CFA766 /* Float2D.cpp in Sources */,
				BDC9CB082F94DE020042BF24 /* NativeWriteStream.cpp in Sources */,
				BDC9CB302F978BC80042BF24 /* PpmFile.cpp in Sources */,
				BD326F392F4958CE007EE8EC /* RingBuffer.cpp in Sources */,
				BD58B0A52F582F480024C670 /* GameMainLoop.cpp in Sources */,
				BDA896292F74F48400B0683B /* X2TeaCodec.cpp in Sources */,
				BD8FB82A2F8230E300EE67B4 /* RenderMesh.cpp in Sources */,
				BDA8961D2F6FE89900B0683B /* Matrix4x4.cpp in Sources */,
				BD58B0DC2F5B97BA0024C670 /* RuntimeHash.cpp in Sources */,
				BDA896172F6F9C8300B0683B /* Matrix3x4.cpp in Sources */,
				BD58B08D2F519D890024C670 /* ArenaAllocator.cpp in Sources */,
				BD9FAFBD2F6E756B000B085D /* Float4D.cpp in Sources */,
				BDD403632F947F2F0019BE16 /* FileName.cpp in Sources */,
				BD58B09C2F56DE1D0024C670 /* ClockTime.cpp in Sources */,
				BD58B0872F4EF27D0024C670 /* WorkerThread.cpp in Sources */,
				BD9FAFB32F6E528C000B085D /* MathUtilities.cpp in Sources */,
				BD8FB83C2F8510D600EE67B4 /* AABB.cpp in Sources */,
				BD326F2E2F431F39007EE8EC /* MemoryUtilities.cpp in Sources */,
				BD8FB8122F7F7C6A00EE67B4 /* RenderMeshDepot.cpp in Sources */,
				BD0E411F2F79245600CFA766 /* Ray3D.cpp in Sources */,
				BDC9CB0A2F94DE020042BF24 /* NativeReadStream.cpp in Sources */,
				BD58B0ED2F5BA1790024C670 /* StaticStringDepot.cpp in Sources */,
				BD8FB83F2F85112900EE67B4 /* Triangle3D.cpp in Sources */,
				BD58B0F02F5BB84C0024C670 /* StaticString.cpp in Sources */,
				BDD4035D2F9387AD0019BE16 /* ApplNativeFile.mm in Sources */,
				BDA896112F6F70FA00B0683B /* Float3D.cpp in Sources */,
				BDC9CB372F978C2F0042BF24 /* PlyFile.cpp in Sources */,
				BD0E41342F7BD6B600CFA766 /* RandomNumber.cpp in Sources */,
			);
			runOnlyForDeploymentPostprocessing = 0;
		};
/* End PBXSourcesBuildPhase section */

/* Begin XCBuildConfiguration section */
		BD86B6032F388E1600DD8D2E /* Debug */ = {
			isa = XCBuildConfiguration;
			buildSettings = {
				ALWAYS_SEARCH_USER_PATHS = NO;
				CLANG_ANALYZER_NONNULL = YES;
				CLANG_ANALYZER_NUMBER_OBJECT_CONVERSION = YES_AGGRESSIVE;
				CLANG_CXX_LANGUAGE_STANDARD = "c++0x";
				CLANG_CXX_LIBRARY = "libc++";
				CLANG_ENABLE_MODULES = YES;
				CLANG_ENABLE_OBJC_ARC = YES;
				CLANG_ENABLE_OBJC_WEAK = YES;
				CLANG_WARN_BLOCK_CAPTURE_AUTORELEASING = YES;
				CLANG_WARN_BOOL_CONVERSION = YES;
				CLANG_WARN_COMMA = YES;
				CLANG_WARN_CONSTANT_CONVERSION = YES;
				CLANG_WARN_DEPRECATED_OBJC_IMPLEMENTATIONS = YES;
				CLANG_WARN_DIRECT_OBJC_ISA_USAGE = YES_ERROR;
				CLANG_WARN_DOCUMENTATION_COMMENTS = YES;
				CLANG_WARN_EMPTY_BODY = YES;
				CLANG_WARN_ENUM_CONVERSION = YES;
				CLANG_WARN_INFINITE_RECURSION = YES;
				CLANG_WARN_INT_CONVERSION = YES;
				CLANG_WARN_NON_LITERAL_NULL_CONVERSION = YES;
				CLANG_WARN_OBJC_IMPLICIT_RETAIN_SELF = YES;
				CLANG_WARN_OBJC_LITERAL_CONVERSION = YES;
				CLANG_WARN_OBJC_ROOT_CLASS = YES_ERROR;
				CLANG_WARN_QUOTED_INCLUDE_IN_FRAMEWORK_HEADER = YES;
				CLANG_WARN_RANGE_LOOP_ANALYSIS = YES;
				CLANG_WARN_STRICT_PROTOTYPES = YES;
				CLANG_WARN_SUSPICIOUS_MOVE = YES;
				CLANG_WARN_UNGUARDED_AVAILABILITY = YES_AGGRESSIVE;
				CLANG_WARN_UNREACHABLE_CODE = YES;
				CLANG_WARN__DUPLICATE_METHOD_MATCH = YES;
				CONFIGURATION_BUILD_DIR = "$(PROJECT_DIR)/../Library/$(PLATFORM_NAME)/$(CONFIGURATION)";
				CONFIGURATION_TEMP_DIR = "$(PROJECT_DIR)/../TrashBin/$(PROJECT_NAME)/$(PLATFORM_NAME)/$(CONFIGURATION)";
				COPY_PHASE_STRIP = NO;
				DEBUG_INFORMATION_FORMAT = dwarf;
				ENABLE_STRICT_OBJC_MSGSEND = YES;
				ENABLE_TESTABILITY = YES;
				GCC_C_LANGUAGE_STANDARD = c11;
				GCC_DYNAMIC_NO_PIC = NO;
				GCC_ENABLE_CPP_EXCEPTIONS = YES;
				GCC_ENABLE_CPP_RTTI = NO;
				GCC_NO_COMMON_BLOCKS = YES;
				GCC_OPTIMIZATION_LEVEL = 0;
				GCC_PREPROCESSOR_DEFINITIONS = (
					"DEBUG=1",
					"$(inherited)",
				);
				GCC_WARN_64_TO_32_BIT_CONVERSION = YES;
				GCC_WARN_ABOUT_RETURN_TYPE = YES_ERROR;
				GCC_WARN_UNDECLARED_SELECTOR = YES;
				GCC_WARN_UNINITIALIZED_AUTOS = YES_AGGRESSIVE;
				GCC_WARN_UNUSED_FUNCTION = YES;
				GCC_WARN_UNUSED_VARIABLE = YES;
				IPHONEOS_DEPLOYMENT_TARGET = 15.0;
				MACOSX_DEPLOYMENT_TARGET = 10.15;
				MTL_ENABLE_DEBUG_INFO = INCLUDE_SOURCE;
				MTL_FAST_MATH = YES;
				ONLY_ACTIVE_ARCH = YES;
				PRODUCT_NAME = "$(TARGET_NAME)";
				SDKROOT = macosx;
				USER_HEADER_SEARCH_PATHS = (
					"$(SRCROOT)/Public",
					"$(SRCROOT)/Private",
				);
			};
			name = Debug;
		};
		BD86B6042F388E1600DD8D2E /* Release */ = {
			isa = XCBuildConfiguration;
			buildSettings = {
				ALWAYS_SEARCH_USER_PATHS = NO;
				CLANG_ANALYZER_NONNULL = YES;
				CLANG_ANALYZER_NUMBER_OBJECT_CONVERSION = YES_AGGRESSIVE;
				CLANG_CXX_LANGUAGE_STANDARD = "c++0x";
				CLANG_CXX_LIBRARY = "libc++";
				CLANG_ENABLE_MODULES = YES;
				CLANG_ENABLE_OBJC_ARC = YES;
				CLANG_ENABLE_OBJC_WEAK = YES;
				CLANG_WARN_BLOCK_CAPTURE_AUTORELEASING = YES;
				CLANG_WARN_BOOL_CONVERSION = YES;
				CLANG_WARN_COMMA = YES;
				CLANG_WARN_CONSTANT_CONVERSION = YES;
				CLANG_WARN_DEPRECATED_OBJC_IMPLEMENTATIONS = YES;
				CLANG_WARN_DIRECT_OBJC_ISA_USAGE = YES_ERROR;
				CLANG_WARN_DOCUMENTATION_COMMENTS = YES;
				CLANG_WARN_EMPTY_BODY = YES;
				CLANG_WARN_ENUM_CONVERSION = YES;
				CLANG_WARN_INFINITE_RECURSION = YES;
				CLANG_WARN_INT_CONVERSION = YES;
				CLANG_WARN_NON_LITERAL_NULL_CONVERSION = YES;
				CLANG_WARN_OBJC_IMPLICIT_RETAIN_SELF = YES;
				CLANG_WARN_OBJC_LITERAL_CONVERSION = YES;
				CLANG_WARN_OBJC_ROOT_CLASS = YES_ERROR;
				CLANG_WARN_QUOTED_INCLUDE_IN_FRAMEWORK_HEADER = YES;
				CLANG_WARN_RANGE_LOOP_ANALYSIS = YES;
				CLANG_WARN_STRICT_PROTOTYPES = YES;
				CLANG_WARN_SUSPICIOUS_MOVE = YES;
				CLANG_WARN_UNGUARDED_AVAILABILITY = YES_AGGRESSIVE;
				CLANG_WARN_UNREACHABLE_CODE = YES;
				CLANG_WARN__DUPLICATE_METHOD_MATCH = YES;
				CONFIGURATION_BUILD_DIR = "$(PROJECT_DIR)/../Library/$(PLATFORM_NAME)/$(CONFIGURATION)";
				CONFIGURATION_TEMP_DIR = "$(PROJECT_DIR)/../TrashBin/$(PROJECT_NAME)/$(PLATFORM_NAME)/$(CONFIGURATION)";
				COPY_PHASE_STRIP = NO;
				DEBUG_INFORMATION_FORMAT = "dwarf-with-dsym";
				ENABLE_NS_ASSERTIONS = NO;
				ENABLE_STRICT_OBJC_MSGSEND = YES;
				GCC_C_LANGUAGE_STANDARD = c11;
				GCC_ENABLE_CPP_EXCEPTIONS = YES;
				GCC_ENABLE_CPP_RTTI = NO;
				GCC_NO_COMMON_BLOCKS = YES;
				GCC_WARN_64_TO_32_BIT_CONVERSION = YES;
				GCC_WARN_ABOUT_RETURN_TYPE = YES_ERROR;
				GCC_WARN_UNDECLARED_SELECTOR = YES;
				GCC_WARN_UNINITIALIZED_AUTOS = YES_AGGRESSIVE;
				GCC_WARN_UNUSED_FUNCTION = YES;
				GCC_WARN_UNUSED_VARIABLE = YES;
				IPHONEOS_DEPLOYMENT_TARGET = 15.0;
				MACOSX_DEPLOYMENT_TARGET = 10.15;
				MTL_ENABLE_DEBUG_INFO = NO;
				MTL_FAST_MATH = YES;
				PRODUCT_NAME = "$(TARGET_NAME)";
				SDKROOT = macosx;
				USER_HEADER_SEARCH_PATHS = (
					"$(SRCROOT)/Public",
					"$(SRCROOT)/Private",
				);
			};
			name = Release;
		};
		BD86B6062F388E1600DD8D2E /* Debug */ = {
			isa = XCBuildConfiguration;
			buildSettings = {
				CODE_SIGN_STYLE = Automatic;
				EXECUTABLE_PREFIX = lib;
				SKIP_INSTALL = YES;
			};
			name = Debug;
		};
		BD86B6072F388E1600DD8D2E /* Release */ = {
			isa = XCBuildConfiguration;
			buildSettings = {
				CODE_SIGN_STYLE = Automatic;
				EXECUTABLE_PREFIX = lib;
				SKIP_INSTALL = YES;
			};
			name = Release;
		};
		BD86B6152F39E1FC00DD8D2E /* Debug */ = {
			isa = XCBuildConfiguration;
			buildSettings = {
				CODE_SIGN_STYLE = Automatic;
				OTHER_LDFLAGS = "-ObjC";
				SDKROOT = iphoneos;
				SKIP_INSTALL = YES;
				TARGETED_DEVICE_FAMILY = "1,2";
			};
			name = Debug;
		};
		BD86B6162F39E1FC00DD8D2E /* Release */ = {
			isa = XCBuildConfiguration;
			buildSettings = {
				CODE_SIGN_STYLE = Automatic;
				OTHER_LDFLAGS = "-ObjC";
				SDKROOT = iphoneos;
				SKIP_INSTALL = YES;
				TARGETED_DEVICE_FAMILY = "1,2";
				VALIDATE_PRODUCT = YES;
			};
			name = Release;
		};
/* End XCBuildConfiguration section */

/* Begin XCConfigurationList section */
		BD86B5F52F388E1600DD8D2E /* Build configuration list for PBXProject "RedSoUL" */ = {
			isa = XCConfigurationList;
			buildConfigurations = (
				BD86B6032F388E1600DD8D2E /* Debug */,
				BD86B6042F388E1600DD8D2E /* Release */,
			);
			defaultConfigurationIsVisible = 0;
			defaultConfigurationName = Release;
		};
		BD86B6052F388E1600DD8D2E /* Build configuration list for PBXNativeTarget "RedSoUL-macOS" */ = {
			isa = XCConfigurationList;
			buildConfigurations = (
				BD86B6062F388E1600DD8D2E /* Debug */,
				BD86B6072F388E1600DD8D2E /* Release */,
			);
			defaultConfigurationIsVisible = 0;
			defaultConfigurationName = Release;
		};
		BD86B6142F39E1FC00DD8D2E /* Build configuration list for PBXNativeTarget "RedSoUL-iOS" */ = {
			isa = XCConfigurationList;
			buildConfigurations = (
				BD86B6152F39E1FC00DD8D2E /* Debug */,
				BD86B6162F39E1FC00DD8D2E /* Release */,
			);
			defaultConfigurationIsVisible = 0;
			defaultConfigurationName = Release;
		};
/* End XCConfigurationList section */
	};
	rootObject = BD86B5F22F388E1600DD8D2E /* Project object */;
}
