// !$*UTF8*$!
{
	archiveVersion = 1;
	classes = {
	};
	objectVersion = 55;
	objects = {

/* Begin PBXBuildFile section */
		BD326EC72F3B32F0007EE8EC /* CommonDefines.hpp in Headers */ = {isa = PBXBuildFile; fileRef = BD326EC42F3B32F0007EE8EC /* CommonDefines.hpp */; };
		BD326ECC2F3BFC80007EE8EC /* CommonDefines.hpp in Headers */ = {isa = PBXBuildFile; fileRef = BD326EC42F3B32F0007EE8EC /* CommonDefines.hpp */; };
		BD326ED02F3C19E6007EE8EC /* X2TeaEncoder.hpp in Headers */ = {isa = PBXBuildFile; fileRef = BD326ECF2F3C19E6007EE8EC /* X2TeaEncoder.hpp */; };
		BD326ED12F3C19E6007EE8EC /* X2TeaEncoder.hpp in Headers */ = {isa = PBXBuildFile; fileRef = BD326ECF2F3C19E6007EE8EC /* X2TeaEncoder.hpp */; };
		BD326ED42F3C1B9E007EE8EC /* X2TeaEncoder.cpp in Sources */ = {isa = PBXBuildFile; fileRef = BD326ED32F3C1B9E007EE8EC /* X2TeaEncoder.cpp */; };
		BD326ED52F3C1B9E007EE8EC /* X2TeaEncoder.cpp in Sources */ = {isa = PBXBuildFile; fileRef = BD326ED32F3C1B9E007EE8EC /* X2TeaEncoder.cpp */; };
		BD326ED82F3C24A5007EE8EC /* RuntimeAssert.hpp in Headers */ = {isa = PBXBuildFile; fileRef = BD326ED72F3C24A5007EE8EC /* RuntimeAssert.hpp */; };
		BD326ED92F3C24A5007EE8EC /* RuntimeAssert.hpp in Headers */ = {isa = PBXBuildFile; fileRef = BD326ED72F3C24A5007EE8EC /* RuntimeAssert.hpp */; };
		BD326EDB2F3C2625007EE8EC /* CompilerDefines.hpp in Headers */ = {isa = PBXBuildFile; fileRef = BD326EDA2F3C2625007EE8EC /* CompilerDefines.hpp */; };
		BD326EDC2F3C2625007EE8EC /* CompilerDefines.hpp in Headers */ = {isa = PBXBuildFile; fileRef = BD326EDA2F3C2625007EE8EC /* CompilerDefines.hpp */; };
		BD326EDE2F3C40A5007EE8EC /* PlatformDefines.hpp in Headers */ = {isa = PBXBuildFile; fileRef = BD326EDD2F3C40A5007EE8EC /* PlatformDefines.hpp */; };
		BD326EDF2F3C40A5007EE8EC /* PlatformDefines.hpp in Headers */ = {isa = PBXBuildFile; fileRef = BD326EDD2F3C40A5007EE8EC /* PlatformDefines.hpp */; };
		BD326EE22F3C7F9A007EE8EC /* RuntimeAssert.cpp in Sources */ = {isa = PBXBuildFile; fileRef = BD326EE12F3C7F9A007EE8EC /* RuntimeAssert.cpp */; };
		BD326EE32F3C7F9A007EE8EC /* RuntimeAssert.cpp in Sources */ = {isa = PBXBuildFile; fileRef = BD326EE12F3C7F9A007EE8EC /* RuntimeAssert.cpp */; };
		BD326EE62F41773A007EE8EC /* MathUtilities.hpp in Headers */ = {isa = PBXBuildFile; fileRef = BD326EE52F41773A007EE8EC /* MathUtilities.hpp */; };
		BD326EE72F41773B007EE8EC /* MathUtilities.hpp in Headers */ = {isa = PBXBuildFile; fileRef = BD326EE52F41773A007EE8EC /* MathUtilities.hpp */; };
		BD326F2A2F431CD5007EE8EC /* MemoryUtilities.hpp in Headers */ = {isa = PBXBuildFile; fileRef = BD326F292F431CD5007EE8EC /* MemoryUtilities.hpp */; };
		BD326F2B2F431CD5007EE8EC /* MemoryUtilities.hpp in Headers */ = {isa = PBXBuildFile; fileRef = BD326F292F431CD5007EE8EC /* MemoryUtilities.hpp */; };
		BD326F2E2F431F39007EE8EC /* MemoryUtilities.cpp in Sources */ = {isa = PBXBuildFile; fileRef = BD326F2D2F431F39007EE8EC /* MemoryUtilities.cpp */; };
		BD326F2F2F431F39007EE8EC /* MemoryUtilities.cpp in Sources */ = {isa = PBXBuildFile; fileRef = BD326F2D2F431F39007EE8EC /* MemoryUtilities.cpp */; };
		BD326F322F495429007EE8EC /* RingBuffer.hpp in Headers */ = {isa = PBXBuildFile; fileRef = BD326F312F495429007EE8EC /* RingBuffer.hpp */; };
		BD326F332F495429007EE8EC /* RingBuffer.hpp in Headers */ = {isa = PBXBuildFile; fileRef = BD326F312F495429007EE8EC /* RingBuffer.hpp */; };
		BD326F392F4958CE007EE8EC /* RingBuffer.cpp in Sources */ = {isa = PBXBuildFile; fileRef = BD326F382F4958CE007EE8EC /* RingBuffer.cpp */; };
		BD326F3A2F4958CE007EE8EC /* RingBuffer.cpp in Sources */ = {isa = PBXBuildFile; fileRef = BD326F382F4958CE007EE8EC /* RingBuffer.cpp */; };
		BD58B0802F4DA6D40024C670 /* WorkerThread.hpp in Headers */ = {isa = PBXBuildFile; fileRef = BD58B07F2F4DA6D40024C670 /* WorkerThread.hpp */; };
		BD58B0812F4DA6D40024C670 /* WorkerThread.hpp in Headers */ = {isa = PBXBuildFile; fileRef = BD58B07F2F4DA6D40024C670 /* WorkerThread.hpp */; };
		BD58B0832F4EECE10024C670 /* ThreadDefines.hpp in Headers */ = {isa = PBXBuildFile; fileRef = BD58B0822F4EECE10024C670 /* ThreadDefines.hpp */; };
		BD58B0842F4EECE10024C670 /* ThreadDefines.hpp in Headers */ = {isa = PBXBuildFile; fileRef = BD58B0822F4EECE10024C670 /* ThreadDefines.hpp */; };
		BD58B0872F4EF27D0024C670 /* WorkerThread.cpp in Sources */ = {isa = PBXBuildFile; fileRef = BD58B0862F4EF27D0024C670 /* WorkerThread.cpp */; };
		BD58B0882F4EF27D0024C670 /* WorkerThread.cpp in Sources */ = {isa = PBXBuildFile; fileRef = BD58B0862F4EF27D0024C670 /* WorkerThread.cpp */; };
		BD58B08A2F519C4A0024C670 /* ArenaAllocator.hpp in Headers */ = {isa = PBXBuildFile; fileRef = BD58B0892F519C4A0024C670 /* ArenaAllocator.hpp */; };
		BD58B08B2F519C4A0024C670 /* ArenaAllocator.hpp in Headers */ = {isa = PBXBuildFile; fileRef = BD58B0892F519C4A0024C670 /* ArenaAllocator.hpp */; };
		BD58B08D2F519D890024C670 /* ArenaAllocator.cpp in Sources */ = {isa = PBXBuildFile; fileRef = BD58B08C2F519D890024C670 /* ArenaAllocator.cpp */; };
		BD58B08E2F519D890024C670 /* ArenaAllocator.cpp in Sources */ = {isa = PBXBuildFile; fileRef = BD58B08C2F519D890024C670 /* ArenaAllocator.cpp */; };
		BD58B0982F56DCDC0024C670 /* ClockTime.hpp in Headers */ = {isa = PBXBuildFile; fileRef = BD58B0972F56DCDC0024C670 /* ClockTime.hpp */; };
		BD58B0992F56DCDC0024C670 /* ClockTime.hpp in Headers */ = {isa = PBXBuildFile; fileRef = BD58B0972F56DCDC0024C670 /* ClockTime.hpp */; };
		BD58B09C2F56DE1D0024C670 /* ClockTime.cpp in Sources */ = {isa = PBXBuildFile; fileRef = BD58B09B2F56DE1D0024C670 /* ClockTime.cpp */; };
		BD58B09D2F56DE1D0024C670 /* ClockTime.cpp in Sources */ = {isa = PBXBuildFile; fileRef = BD58B09B2F56DE1D0024C670 /* ClockTime.cpp */; };
		BD58B0A12F582F330024C670 /* GameLogic.hpp in Headers */ = {isa = PBXBuildFile; fileRef = BD58B0A02F582F330024C670 /* GameLogic.hpp */; };
		BD58B0A22F582F330024C670 /* GameLogic.hpp in Headers */ = {isa = PBXBuildFile; fileRef = BD58B0A02F582F330024C670 /* GameLogic.hpp */; };
		BD58B0A52F582F480024C670 /* GameMainLoop.cpp in Sources */ = {isa = PBXBuildFile; fileRef = BD58B0A32F582F480024C670 /* GameMainLoop.cpp */; };
		BD58B0A62F582F480024C670 /* GameMainLoop.cpp in Sources */ = {isa = PBXBuildFile; fileRef = BD58B0A32F582F480024C670 /* GameMainLoop.cpp */; };
		BD58B0A72F582F480024C670 /* GameMainLoop.hpp in Headers */ = {isa = PBXBuildFile; fileRef = BD58B0A42F582F480024C670 /* GameMainLoop.hpp */; };
		BD58B0A82F582F480024C670 /* GameMainLoop.hpp in Headers */ = {isa = PBXBuildFile; fileRef = BD58B0A42F582F480024C670 /* GameMainLoop.hpp */; };
		BD58B0BE2F5974630024C670 /* RuntimeHash.hpp in Headers */ = {isa = PBXBuildFile; fileRef = BD58B0BD2F5974630024C670 /* RuntimeHash.hpp */; };
		BD58B0BF2F5974630024C670 /* RuntimeHash.hpp in Headers */ = {isa = PBXBuildFile; fileRef = BD58B0BD2F5974630024C670 /* RuntimeHash.hpp */; };
		BD58B0CA2F5AD4BF0024C670 /* StaticStringId.hpp in Headers */ = {isa = PBXBuildFile; fileRef = BD58B0C92F5AD4BF0024C670 /* StaticStringId.hpp */; };
		BD58B0CB2F5AD4BF0024C670 /* StaticStringId.hpp in Headers */ = {isa = PBXBuildFile; fileRef = BD58B0C92F5AD4BF0024C670 /* StaticStringId.hpp */; };
		BD58B0CE2F5B93B90024C670 /* StaticXXHash64.hpp in Headers */ = {isa = PBXBuildFile; fileRef = BD58B0CC2F5B93B90024C670 /* StaticXXHash64.hpp */; };
		BD58B0CF2F5B93B90024C670 /* StaticXXHash64.hpp in Headers */ = {isa = PBXBuildFile; fileRef = BD58B0CC2F5B93B90024C670 /* StaticXXHash64.hpp */; };
		BD58B0D02F5B93B90024C670 /* StaticXXHash32.hpp in Headers */ = {isa = PBXBuildFile; fileRef = BD58B0CD2F5B93B90024C670 /* StaticXXHash32.hpp */; };
		BD58B0D12F5B93B90024C670 /* StaticXXHash32.hpp in Headers */ = {isa = PBXBuildFile; fileRef = BD58B0CD2F5B93B90024C670 /* StaticXXHash32.hpp */; };
		BD58B0D32F5B93F30024C670 /* StaticHash.hpp in Headers */ = {isa = PBXBuildFile; fileRef = BD58B0D22F5B93F30024C670 /* StaticHash.hpp */; };
		BD58B0D42F5B93F30024C670 /* StaticHash.hpp in Headers */ = {isa = PBXBuildFile; fileRef = BD58B0D22F5B93F30024C670 /* StaticHash.hpp */; };
		BD58B0D72F5B97750024C670 /* RuntimeXXHash32.hpp in Headers */ = {isa = PBXBuildFile; fileRef = BD58B0D52F5B97750024C670 /* RuntimeXXHash32.hpp */; };
		BD58B0D82F5B97750024C670 /* RuntimeXXHash32.hpp in Headers */ = {isa = PBXBuildFile; fileRef = BD58B0D52F5B97750024C670 /* RuntimeXXHash32.hpp */; };
		BD58B0D92F5B97750024C670 /* RuntimeXXHash64.hpp in Headers */ = {isa = PBXBuildFile; fileRef = BD58B0D62F5B97750024C670 /* RuntimeXXHash64.hpp */; };
		BD58B0DA2F5B97750024C670 /* RuntimeXXHash64.hpp in Headers */ = {isa = PBXBuildFile; fileRef = BD58B0D62F5B97750024C670 /* RuntimeXXHash64.hpp */; };
		BD58B0DC2F5B97BA0024C670 /* RuntimeHash.cpp in Sources */ = {isa = PBXBuildFile; fileRef = BD58B0DB2F5B97BA0024C670 /* RuntimeHash.cpp */; };
		BD58B0DD2F5B97BA0024C670 /* RuntimeHash.cpp in Sources */ = {isa = PBXBuildFile; fileRef = BD58B0DB2F5B97BA0024C670 /* RuntimeHash.cpp */; };
		BD58B0E12F5B9C930024C670 /* StaticString.hpp in Headers */ = {isa = PBXBuildFile; fileRef = BD58B0E02F5B9C930024C670 /* StaticString.hpp */; };
		BD58B0E22F5B9C930024C670 /* StaticString.hpp in Headers */ = {isa = PBXBuildFile; fileRef = BD58B0E02F5B9C930024C670 /* StaticString.hpp */; };
		BD58B0EB2F5BA1790024C670 /* StaticStringDepot.hpp in Headers */ = {isa = PBXBuildFile; fileRef = BD58B0E92F5BA1790024C670 /* StaticStringDepot.hpp */; };
		BD58B0EC2F5BA1790024C670 /* StaticStringDepot.hpp in Headers */ = {isa = PBXBuildFile; fileRef = BD58B0E92F5BA1790024C670 /* StaticStringDepot.hpp */; };
		BD58B0ED2F5BA1790024C670 /* StaticStringDepot.cpp in Sources */ = {isa = PBXBuildFile; fileRef = BD58B0EA2F5BA1790024C670 /* StaticStringDepot.cpp */; };
		BD58B0EE2F5BA1790024C670 /* StaticStringDepot.cpp in Sources */ = {isa = PBXBuildFile; fileRef = BD58B0EA2F5BA1790024C670 /* StaticStringDepot.cpp */; };
		BD58B0F02F5BB84C0024C670 /* StaticString.cpp in Sources */ = {isa = PBXBuildFile; fileRef = BD58B0EF2F5BB84C0024C670 /* StaticString.cpp */; };
		BD58B0F12F5BB84C0024C670 /* StaticString.cpp in Sources */ = {isa = PBXBuildFile; fileRef = BD58B0EF2F5BB84C0024C670 /* StaticString.cpp */; };
		BD9FAFAF2F6D5DE9000B085D /* MathDefines.hpp in Headers */ = {isa = PBXBuildFile; fileRef = BD9FAFAE2F6D5DE9000B085D /* MathDefines.hpp */; };
		BD9FAFB02F6D5DE9000B085D /* MathDefines.hpp in Headers */ = {isa = PBXBuildFile; fileRef = BD9FAFAE2F6D5DE9000B085D /* MathDefines.hpp */; };
		BD9FAFB32F6E528C000B085D /* MathUtilities.cpp in Sources */ = {isa = PBXBuildFile; fileRef = BD9FAFB22F6E528C000B085D /* MathUtilities.cpp */; };
		BD9FAFB42F6E528C000B085D /* MathUtilities.cpp in Sources */ = {isa = PBXBuildFile; fileRef = BD9FAFB22F6E528C000B085D /* MathUtilities.cpp */; };
		BD9FAFB92F6E7430000B085D /* Float4D.hpp in Headers */ = {isa = PBXBuildFile; fileRef = BD9FAFB82F6E7430000B085D /* Float4D.hpp */; };
		BD9FAFBA2F6E7430000B085D /* Float4D.hpp in Headers */ = {isa = PBXBuildFile; fileRef = BD9FAFB82F6E7430000B085D /* Float4D.hpp */; };
		BD9FAFBD2F6E756B000B085D /* Float4D.cpp in Sources */ = {isa = PBXBuildFile; fileRef = BD9FAFBC2F6E756B000B085D /* Float4D.cpp */; };
		BD9FAFBE2F6E756B000B085D /* Float4D.cpp in Sources */ = {isa = PBXBuildFile; fileRef = BD9FAFBC2F6E756B000B085D /* Float4D.cpp */; };
		BDA8960E2F6F6F0300B0683B /* Float3D.hpp in Headers */ = {isa = PBXBuildFile; fileRef = BDA8960D2F6F6F0300B0683B /* Float3D.hpp */; };
		BDA8960F2F6F6F0300B0683B /* Float3D.hpp in Headers */ = {isa = PBXBuildFile; fileRef = BDA8960D2F6F6F0300B0683B /* Float3D.hpp */; };
		BDA896112F6F70FA00B0683B /* Float3D.cpp in Sources */ = {isa = PBXBuildFile; fileRef = BDA896102F6F70FA00B0683B /* Float3D.cpp */; };
		BDA896122F6F70FA00B0683B /* Float3D.cpp in Sources */ = {isa = PBXBuildFile; fileRef = BDA896102F6F70FA00B0683B /* Float3D.cpp */; };
		BDA896142F6F9B9600B0683B /* Matrix3x4.hpp in Headers */ = {isa = PBXBuildFile; fileRef = BDA896132F6F9B9600B0683B /* Matrix3x4.hpp */; };
		BDA896152F6F9B9600B0683B /* Matrix3x4.hpp in Headers */ = {isa = PBXBuildFile; fileRef = BDA896132F6F9B9600B0683B /* Matrix3x4.hpp */; };
		BDA896172F6F9C8300B0683B /* Matrix3x4.cpp in Sources */ = {isa = PBXBuildFile; fileRef = BDA896162F6F9C8300B0683B /* Matrix3x4.cpp */; };
		BDA896182F6F9C8300B0683B /* Matrix3x4.cpp in Sources */ = {isa = PBXBuildFile; fileRef = BDA896162F6F9C8300B0683B /* Matrix3x4.cpp */; };
		BDA8961A2F6FE7E900B0683B /* Matrix4x4.hpp in Headers */ = {isa = PBXBuildFile; fileRef = BDA896192F6FE7E900B0683B /* Matrix4x4.hpp */; };
		BDA8961B2F6FE7E900B0683B /* Matrix4x4.hpp in Headers */ = {isa = PBXBuildFile; fileRef = BDA896192F6FE7E900B0683B /* Matrix4x4.hpp */; };
		BDA8961D2F6FE89900B0683B /* Matrix4x4.cpp in Sources */ = {isa = PBXBuildFile; fileRef = BDA8961C2F6FE89900B0683B /* Matrix4x4.cpp */; };
		BDA8961E2F6FE89900B0683B /* Matrix4x4.cpp in Sources */ = {isa = PBXBuildFile; fileRef = BDA8961C2F6FE89900B0683B /* Matrix4x4.cpp */; };
		BDA896202F714B9400B0683B /* Quaternion.hpp in Headers */ = {isa = PBXBuildFile; fileRef = BDA8961F2F714B9400B0683B /* Quaternion.hpp */; };
		BDA896212F714B9400B0683B /* Quaternion.hpp in Headers */ = {isa = PBXBuildFile; fileRef = BDA8961F2F714B9400B0683B /* Quaternion.hpp */; };
/* End PBXBuildFile section */

/* Begin PBXCopyFilesBuildPhase section */
		BD86B60C2F39E1FC00DD8D2E /* CopyFiles */ = {
			isa = PBXCopyFilesBuildPhase;
			buildActionMask = 2147483647;
			dstPath = "include/$(PRODUCT_NAME)";
			dstSubfolderSpec = 16;
			files = (
			);
			runOnlyForDeploymentPostprocessing = 0;
		};
/* End PBXCopyFilesBuildPhase section */

/* Begin PBXFileReference section */
		BD326EC42F3B32F0007EE8EC /* CommonDefines.hpp */ = {isa = PBXFileReference; fileEncoding = 4; lastKnownFileType = sourcecode.cpp.h; lineEnding = 0; name = CommonDefines.hpp; path = Public/Common/CommonDefines.hpp; sourceTree = "<group>"; };
		BD326ECF2F3C19E6007EE8EC /* X2TeaEncoder.hpp */ = {isa = PBXFileReference; fileEncoding = 4; lastKnownFileType = sourcecode.cpp.h; lineEnding = 0; name = X2TeaEncoder.hpp; path = Public/Encoder/X2TeaEncoder.hpp; sourceTree = "<group>"; };
		BD326ED32F3C1B9E007EE8EC /* X2TeaEncoder.cpp */ = {isa = PBXFileReference; fileEncoding = 4; lastKnownFileType = sourcecode.cpp.cpp; lineEnding = 0; name = X2TeaEncoder.cpp; path = Private/Encoder/X2TeaEncoder.cpp; sourceTree = "<group>"; };
		BD326ED72F3C24A5007EE8EC /* RuntimeAssert.hpp */ = {isa = PBXFileReference; fileEncoding = 4; lastKnownFileType = sourcecode.cpp.h; lineEnding = 0; name = RuntimeAssert.hpp; path = Public/Assert/RuntimeAssert.hpp; sourceTree = "<group>"; };
		BD326EDA2F3C2625007EE8EC /* CompilerDefines.hpp */ = {isa = PBXFileReference; fileEncoding = 4; lastKnownFileType = sourcecode.cpp.h; lineEnding = 0; name = CompilerDefines.hpp; path = Public/Common/CompilerDefines.hpp; sourceTree = "<group>"; };
		BD326EDD2F3C40A5007EE8EC /* PlatformDefines.hpp */ = {isa = PBXFileReference; fileEncoding = 4; lastKnownFileType = sourcecode.cpp.h; lineEnding = 0; name = PlatformDefines.hpp; path = Public/Common/PlatformDefines.hpp; sourceTree = "<group>"; };
		BD326EE12F3C7F9A007EE8EC /* RuntimeAssert.cpp */ = {isa = PBXFileReference; fileEncoding = 4; lastKnownFileType = sourcecode.cpp.cpp; lineEnding = 0; name = RuntimeAssert.cpp; path = Private/Assert/RuntimeAssert.cpp; sourceTree = "<group>"; };
		BD326EE52F41773A007EE8EC /* MathUtilities.hpp */ = {isa = PBXFileReference; fileEncoding = 4; lastKnownFileType = sourcecode.cpp.h; lineEnding = 0; name = MathUtilities.hpp; path = Public/Math/MathUtilities.hpp; sourceTree = "<group>"; };
		BD326F292F431CD5007EE8EC /* MemoryUtilities.hpp */ = {isa = PBXFileReference; fileEncoding = 4; lastKnownFileType = sourcecode.cpp.h; lineEnding = 0; name = MemoryUtilities.hpp; path = Public/Memory/MemoryUtilities.hpp; sourceTree = "<group>"; };
		BD326F2D2F431F39007EE8EC /* MemoryUtilities.cpp */ = {isa = PBXFileReference; fileEncoding = 4; lastKnownFileType = sourcecode.cpp.cpp; lineEnding = 0; name = MemoryUtilities.cpp; path = Private/Memory/MemoryUtilities.cpp; sourceTree = "<group>"; };
		BD326F312F495429007EE8EC /* RingBuffer.hpp */ = {isa = PBXFileReference; fileEncoding = 4; lastKnownFileType = sourcecode.cpp.h; lineEnding = 0; name = RingBuffer.hpp; path = Public/Container/RingBuffer.hpp; sourceTree = "<group>"; };
		BD326F382F4958CE007EE8EC /* RingBuffer.cpp */ = {isa = PBXFileReference; fileEncoding = 4; lastKnownFileType = sourcecode.cpp.cpp; lineEnding = 0; name = RingBuffer.cpp; path = Private/Container/RingBuffer.cpp; sourceTree = "<group>"; };
		BD58B07F2F4DA6D40024C670 /* WorkerThread.hpp */ = {isa = PBXFileReference; fileEncoding = 4; lastKnownFileType = sourcecode.cpp.h; lineEnding = 0; name = WorkerThread.hpp; path = Public/Thread/WorkerThread.hpp; sourceTree = "<group>"; };
		BD58B0822F4EECE10024C670 /* ThreadDefines.hpp */ = {isa = PBXFileReference; fileEncoding = 4; lastKnownFileType = sourcecode.cpp.h; lineEnding = 0; name = ThreadDefines.hpp; path = Public/Thread/ThreadDefines.hpp; sourceTree = "<group>"; };
		BD58B0862F4EF27D0024C670 /* WorkerThread.cpp */ = {isa = PBXFileReference; fileEncoding = 4; lastKnownFileType = sourcecode.cpp.cpp; lineEnding = 0; name = WorkerThread.cpp; path = Private/Thread/WorkerThread.cpp; sourceTree = "<group>"; };
		BD58B0892F519C4A0024C670 /* ArenaAllocator.hpp */ = {isa = PBXFileReference; fileEncoding = 4; lastKnownFileType = sourcecode.cpp.h; lineEnding = 0; name = ArenaAllocator.hpp; path = Public/Memory/ArenaAllocator.hpp; sourceTree = "<group>"; };
		BD58B08C2F519D890024C670 /* ArenaAllocator.cpp */ = {isa = PBXFileReference; fileEncoding = 4; lastKnownFileType = sourcecode.cpp.cpp; lineEnding = 0; name = ArenaAllocator.cpp; path = Private/Memory/ArenaAllocator.cpp; sourceTree = "<group>"; };
		BD58B0972F56DCDC0024C670 /* ClockTime.hpp */ = {isa = PBXFileReference; fileEncoding = 4; lastKnownFileType = sourcecode.cpp.h; lineEnding = 0; name = ClockTime.hpp; path = Public/Time/ClockTime.hpp; sourceTree = "<group>"; };
		BD58B09B2F56DE1D0024C670 /* ClockTime.cpp */ = {isa = PBXFileReference; fileEncoding = 4; lastKnownFileType = sourcecode.cpp.cpp; lineEnding = 0; name = ClockTime.cpp; path = Private/Time/ClockTime.cpp; sourceTree = "<group>"; };
		BD58B0A02F582F330024C670 /* GameLogic.hpp */ = {isa = PBXFileReference; fileEncoding = 4; lastKnownFileType = sourcecode.cpp.h; lineEnding = 0; name = GameLogic.hpp; path = Public/Runtime/GameLogic.hpp; sourceTree = "<group>"; };
		BD58B0A32F582F480024C670 /* GameMainLoop.cpp */ = {isa = PBXFileReference; fileEncoding = 4; lastKnownFileType = sourcecode.cpp.cpp; lineEnding = 0; name = GameMainLoop.cpp; path = Private/Runtime/GameMainLoop.cpp; sourceTree = "<group>"; };
		BD58B0A42F582F480024C670 /* GameMainLoop.hpp */ = {isa = PBXFileReference; fileEncoding = 4; lastKnownFileType = sourcecode.cpp.h; lineEnding = 0; name = GameMainLoop.hpp; path = Private/Runtime/GameMainLoop.hpp; sourceTree = "<group>"; };
		BD58B0BD2F5974630024C670 /* RuntimeHash.hpp */ = {isa = PBXFileReference; fileEncoding = 4; lastKnownFileType = sourcecode.cpp.h; lineEnding = 0; name = RuntimeHash.hpp; path = Public/Hashing/RuntimeHash.hpp; sourceTree = "<group>"; };
		BD58B0C92F5AD4BF0024C670 /* StaticStringId.hpp */ = {isa = PBXFileReference; fileEncoding = 4; lastKnownFileType = sourcecode.cpp.h; name = StaticStringId.hpp; path = Public/Text/StaticStringId.hpp; sourceTree = "<group>"; };
		BD58B0CC2F5B93B90024C670 /* StaticXXHash64.hpp */ = {isa = PBXFileReference; fileEncoding = 4; lastKnownFileType = sourcecode.cpp.h; lineEnding = 0; name = StaticXXHash64.hpp; path = Public/Hashing/StaticXXHash64.hpp; sourceTree = "<group>"; };
		BD58B0CD2F5B93B90024C670 /* StaticXXHash32.hpp */ = {isa = PBXFileReference; fileEncoding = 4; lastKnownFileType = sourcecode.cpp.h; lineEnding = 0; name = StaticXXHash32.hpp; path = Public/Hashing/StaticXXHash32.hpp; sourceTree = "<group>"; };
		BD58B0D22F5B93F30024C670 /* StaticHash.hpp */ = {isa = PBXFileReference; fileEncoding = 4; lastKnownFileType = sourcecode.cpp.h; lineEnding = 0; name = StaticHash.hpp; path = Public/Hashing/StaticHash.hpp; sourceTree = "<group>"; };
		BD58B0D52F5B97750024C670 /* RuntimeXXHash32.hpp */ = {isa = PBXFileReference; fileEncoding = 4; lastKnownFileType = sourcecode.cpp.h; lineEnding = 0; name = RuntimeXXHash32.hpp; path = Private/Hashing/RuntimeXXHash32.hpp; sourceTree = "<group>"; };
		BD58B0D62F5B97750024C670 /* RuntimeXXHash64.hpp */ = {isa = PBXFileReference; fileEncoding = 4; lastKnownFileType = sourcecode.cpp.h; lineEnding = 0; name = RuntimeXXHash64.hpp; path = Private/Hashing/RuntimeXXHash64.hpp; sourceTree = "<group>"; };
		BD58B0DB2F5B97BA0024C670 /* RuntimeHash.cpp */ = {isa = PBXFileReference; fileEncoding = 4; lastKnownFileType = sourcecode.cpp.cpp; lineEnding = 0; name = RuntimeHash.cpp; path = Private/Hashing/RuntimeHash.cpp; sourceTree = "<group>"; };
		BD58B0E02F5B9C930024C670 /* StaticString.hpp */ = {isa = PBXFileReference; fileEncoding = 4; lastKnownFileType = sourcecode.cpp.h; lineEnding = 0; name = StaticString.hpp; path = Public/Text/StaticString.hpp; sourceTree = "<group>"; };
		BD58B0E92F5BA1790024C670 /* StaticStringDepot.hpp */ = {isa = PBXFileReference; fileEncoding = 4; lastKnownFileType = sourcecode.cpp.h; lineEnding = 0; name = StaticStringDepot.hpp; path = Private/Text/StaticStringDepot.hpp; sourceTree = "<group>"; };
		BD58B0EA2F5BA1790024C670 /* StaticStringDepot.cpp */ = {isa = PBXFileReference; fileEncoding = 4; lastKnownFileType = sourcecode.cpp.cpp; lineEnding = 0; name = StaticStringDepot.cpp; path = Private/Text/StaticStringDepot.cpp; sourceTree = "<group>"; };
		BD58B0EF2F5BB84C0024C670 /* StaticString.cpp */ = {isa = PBXFileReference; fileEncoding = 4; lastKnownFileType = sourcecode.cpp.cpp; lineEnding = 0; name = StaticString.cpp; path = Private/Text/StaticString.cpp; sourceTree = "<group>"; };
		BD86B5FA2F388E1600DD8D2E /* libRedSoUL-macOS.a */ = {isa = PBXFileReference; explicitFileType = archive.ar; includeInIndex = 0; path = "libRedSoUL-macOS.a"; sourceTree = BUILT_PRODUCTS_DIR; };
		BD86B60E2F39E1FC00DD8D2E /* libRedSoUL-iOS.a */ = {isa = PBXFileReference; explicitFileType = archive.ar; includeInIndex = 0; path = "libRedSoUL-iOS.a"; sourceTree = BUILT_PRODUCTS_DIR; };
		BD9FAFAE2F6D5DE9000B085D /* MathDefines.hpp */ = {isa = PBXFileReference; fileEncoding = 4; lastKnownFileType = sourcecode.cpp.h; lineEnding = 0; name = MathDefines.hpp; path = Public/Math/MathDefines.hpp; sourceTree = "<group>"; };
		BD9FAFB22F6E528C000B085D /* MathUtilities.cpp */ = {isa = PBXFileReference; fileEncoding = 4; lastKnownFileType = sourcecode.cpp.cpp; lineEnding = 0; name = MathUtilities.cpp; path = Private/Math/MathUtilities.cpp; sourceTree = "<group>"; };
		BD9FAFB82F6E7430000B085D /* Float4D.hpp */ = {isa = PBXFileReference; fileEncoding = 4; lastKnownFileType = sourcecode.cpp.h; lineEnding = 0; name = Float4D.hpp; path = Public/DataType/Float4D.hpp; sourceTree = "<group>"; };
		BD9FAFBC2F6E756B000B085D /* Float4D.cpp */ = {isa = PBXFileReference; fileEncoding = 4; lastKnownFileType = sourcecode.cpp.cpp; lineEnding = 0; name = Float4D.cpp; path = Private/DataType/Float4D.cpp; sourceTree = "<group>"; };
		BDA8960D2F6F6F0300B0683B /* Float3D.hpp */ = {isa = PBXFileReference; fileEncoding = 4; lastKnownFileType = sourcecode.cpp.h; lineEnding = 0; name = Float3D.hpp; path = Public/DataType/Float3D.hpp; sourceTree = "<group>"; };
		BDA896102F6F70FA00B0683B /* Float3D.cpp */ = {isa = PBXFileReference; fileEncoding = 4; lastKnownFileType = sourcecode.cpp.cpp; lineEnding = 0; name = Float3D.cpp; path = Private/DataType/Float3D.cpp; sourceTree = "<group>"; };
		BDA896132F6F9B9600B0683B /* Matrix3x4.hpp */ = {isa = PBXFileReference; fileEncoding = 4; lastKnownFileType = sourcecode.cpp.h; lineEnding = 0; name = Matrix3x4.hpp; path = Public/DataType/Matrix3x4.hpp; sourceTree = "<group>"; };
		BDA896162F6F9C8300B0683B /* Matrix3x4.cpp */ = {isa = PBXFileReference; fileEncoding = 4; lastKnownFileType = sourcecode.cpp.cpp; lineEnding = 0; name = Matrix3x4.cpp; path = Private/DataType/Matrix3x4.cpp; sourceTree = "<group>"; };
		BDA896192F6FE7E900B0683B /* Matrix4x4.hpp */ = {isa = PBXFileReference; fileEncoding = 4; lastKnownFileType = sourcecode.cpp.h; lineEnding = 0; name = Matrix4x4.hpp; path = Public/DataType/Matrix4x4.hpp; sourceTree = "<group>"; };
		BDA8961C2F6FE89900B0683B /* Matrix4x4.cpp */ = {isa = PBXFileReference; fileEncoding = 4; lastKnownFileType = sourcecode.cpp.cpp; lineEnding = 0; name = Matrix4x4.cpp; path = Private/DataType/Matrix4x4.cpp; sourceTree = "<group>"; };
		BDA8961F2F714B9400B0683B /* Quaternion.hpp */ = {isa = PBXFileReference; fileEncoding = 4; lastKnownFileType = sourcecode.cpp.h; lineEnding = 0; name = Quaternion.hpp; path = Public/DataType/Quaternion.hpp; sourceTree = "<group>"; };
/* End PBXFileReference section */

/* Begin PBXFrameworksBuildPhase section */
		BD86B5F82F388E1600DD8D2E /* Frameworks */ = {
			isa = PBXFrameworksBuildPhase;
			buildActionMask = 2147483647;
			files = (
			);
			runOnlyForDeploymentPostprocessing = 0;
		};
		BD86B60B2F39E1FC00DD8D2E /* Frameworks */ = {
			isa = PBXFrameworksBuildPhase;
			buildActionMask = 2147483647;
			files = (
			);
			runOnlyForDeploymentPostprocessing = 0;
		};
/* End PBXFrameworksBuildPhase section */

/* Begin PBXGroup section */
		BD326EC82F3BEF2B007EE8EC /* DataType */ = {
			isa = PBXGroup;
			children = (
				BDA8960D2F6F6F0300B0683B /* Float3D.hpp */,
				BD9FAFB82F6E7430000B085D /* Float4D.hpp */,
				BDA896132F6F9B9600B0683B /* Matrix3x4.hpp */,
				BDA896192F6FE7E900B0683B /* Matrix4x4.hpp */,
				BDA8961F2F714B9400B0683B /* Quaternion.hpp */,
			);
			name = DataType;
			sourceTree = "<group>";
		};
		BD326ECE2F3C1930007EE8EC /* Encoder */ = {
			isa = PBXGroup;
			children = (
				BD326ECF2F3C19E6007EE8EC /* X2TeaEncoder.hpp */,
			);
			name = Encoder;
			sourceTree = "<group>";
		};
		BD326ED22F3C1B50007EE8EC /* Encoder */ = {
			isa = PBXGroup;
			children = (
				BD326ED32F3C1B9E007EE8EC /* X2TeaEncoder.cpp */,
			);
			name = Encoder;
			sourceTree = "<group>";
		};
		BD326ED62F3C246F007EE8EC /* Assert */ = {
			isa = PBXGroup;
			children = (
				BD326ED72F3C24A5007EE8EC /* RuntimeAssert.hpp */,
			);
			name = Assert;
			sourceTree = "<group>";
		};
		BD326EE02F3C7DF7007EE8EC /* Assert */ = {
			isa = PBXGroup;
			children = (
				BD326EE12F3C7F9A007EE8EC /* RuntimeAssert.cpp */,
			);
			name = Assert;
			sourceTree = "<group>";
		};
		BD326EE42F4176F2007EE8EC /* Math */ = {
			isa = PBXGroup;
			children = (
				BD9FAFAE2F6D5DE9000B085D /* MathDefines.hpp */,
				BD326EE52F41773A007EE8EC /* MathUtilities.hpp */,
			);
			name = Math;
			sourceTree = "<group>";
		};
		BD326F282F431C8A007EE8EC /* Memory */ = {
			isa = PBXGroup;
			children = (
				BD58B0892F519C4A0024C670 /* ArenaAllocator.hpp */,
				BD326F292F431CD5007EE8EC /* MemoryUtilities.hpp */,
			);
			name = Memory;
			sourceTree = "<group>";
		};
		BD326F2C2F431F23007EE8EC /* Memory */ = {
			isa = PBXGroup;
			children = (
				BD58B08C2F519D890024C670 /* ArenaAllocator.cpp */,
				BD326F2D2F431F39007EE8EC /* MemoryUtilities.cpp */,
			);
			name = Memory;
			sourceTree = "<group>";
		};
		BD326F302F495402007EE8EC /* Container */ = {
			isa = PBXGroup;
			children = (
				BD326F312F495429007EE8EC /* RingBuffer.hpp */,
			);
			name = Container;
			sourceTree = "<group>";
		};
		BD326F372F4958BC007EE8EC /* Container */ = {
			isa = PBXGroup;
			children = (
				BD326F382F4958CE007EE8EC /* RingBuffer.cpp */,
			);
			name = Container;
			sourceTree = "<group>";
		};
		BD58B07E2F4DA6920024C670 /* Thread */ = {
			isa = PBXGroup;
			children = (
				BD58B0822F4EECE10024C670 /* ThreadDefines.hpp */,
				BD58B07F2F4DA6D40024C670 /* WorkerThread.hpp */,
			);
			name = Thread;
			sourceTree = "<group>";
		};
		BD58B0852F4EF2640024C670 /* Thread */ = {
			isa = PBXGroup;
			children = (
				BD58B0862F4EF27D0024C670 /* WorkerThread.cpp */,
			);
			name = Thread;
			sourceTree = "<group>";
		};
		BD58B08F2F51A03F0024C670 /* Text */ = {
			isa = PBXGroup;
			children = (
				BD58B0E02F5B9C930024C670 /* StaticString.hpp */,
				BD58B0C92F5AD4BF0024C670 /* StaticStringId.hpp */,
			);
			name = Text;
			sourceTree = "<group>";
		};
		BD58B0962F56DBA70024C670 /* Time */ = {
			isa = PBXGroup;
			children = (
				BD58B0972F56DCDC0024C670 /* ClockTime.hpp */,
			);
			name = Time;
			sourceTree = "<group>";
		};
		BD58B09A2F56DE0B0024C670 /* Time */ = {
			isa = PBXGroup;
			children = (
				BD58B09B2F56DE1D0024C670 /* ClockTime.cpp */,
			);
			name = Time;
			sourceTree = "<group>";
		};
		BD58B09E2F582F0F0024C670 /* Runtime */ = {
			isa = PBXGroup;
			children = (
				BD58B0A42F582F480024C670 /* GameMainLoop.hpp */,
				BD58B0A32F582F480024C670 /* GameMainLoop.cpp */,
			);
			name = Runtime;
			sourceTree = "<group>";
		};
		BD58B09F2F582F180024C670 /* Runtime */ = {
			isa = PBXGroup;
			children = (
				BD58B0A02F582F330024C670 /* GameLogic.hpp */,
			);
			name = Runtime;
			sourceTree = "<group>";
		};
		BD58B0AE2F58EF5C0024C670 /* Text */ = {
			isa = PBXGroup;
			children = (
				BD58B0EF2F5BB84C0024C670 /* StaticString.cpp */,
				BD58B0E92F5BA1790024C670 /* StaticStringDepot.hpp */,
				BD58B0EA2F5BA1790024C670 /* StaticStringDepot.cpp */,
			);
			name = Text;
			sourceTree = "<group>";
		};
		BD58B0B82F5973A10024C670 /* Hashing */ = {
			isa = PBXGroup;
			children = (
				BD58B0DB2F5B97BA0024C670 /* RuntimeHash.cpp */,
				BD58B0D52F5B97750024C670 /* RuntimeXXHash32.hpp */,
				BD58B0D62F5B97750024C670 /* RuntimeXXHash64.hpp */,
			);
			name = Hashing;
			sourceTree = "<group>";
		};
		BD58B0B92F5973B00024C670 /* Hashing */ = {
			isa = PBXGroup;
			children = (
				BD58B0BD2F5974630024C670 /* RuntimeHash.hpp */,
				BD58B0D22F5B93F30024C670 /* StaticHash.hpp */,
				BD58B0CD2F5B93B90024C670 /* StaticXXHash32.hpp */,
				BD58B0CC2F5B93B90024C670 /* StaticXXHash64.hpp */,
			);
			name = Hashing;
			sourceTree = "<group>";
		};
		BD86B5F12F388E1600DD8D2E = {
			isa = PBXGroup;
			children = (
				BD86B6182F39E26800DD8D2E /* Private */,
				BD86B6172F39E25B00DD8D2E /* Public */,
				BD86B5FB2F388E1600DD8D2E /* Products */,
			);
			sourceTree = "<group>";
		};
		BD86B5FB2F388E1600DD8D2E /* Products */ = {
			isa = PBXGroup;
			children = (
				BD86B5FA2F388E1600DD8D2E /* libRedSoUL-macOS.a */,
				BD86B60E2F39E1FC00DD8D2E /* libRedSoUL-iOS.a */,
			);
			name = Products;
			sourceTree = "<group>";
		};
		BD86B6172F39E25B00DD8D2E /* Public */ = {
			isa = PBXGroup;
			children = (
				BD326ED62F3C246F007EE8EC /* Assert */,
				BD86B6192F3B316800DD8D2E /* Common */,
				BD326F302F495402007EE8EC /* Container */,
				BD326EC82F3BEF2B007EE8EC /* DataType */,
				BD326ECE2F3C1930007EE8EC /* Encoder */,
				BD58B0B92F5973B00024C670 /* Hashing */,
				BD326EE42F4176F2007EE8EC /* Math */,
				BD326F282F431C8A007EE8EC /* Memory */,
				BD58B09F2F582F180024C670 /* Runtime */,
				BD58B08F2F51A03F0024C670 /* Text */,
				BD58B0962F56DBA70024C670 /* Time */,
				BD58B07E2F4DA6920024C670 /* Thread */,
			);
			name = Public;
			sourceTree = "<group>";
		};
		BD86B6182F39E26800DD8D2E /* Private */ = {
			isa = PBXGroup;
			children = (
				BD326EE02F3C7DF7007EE8EC /* Assert */,
				BD326F372F4958BC007EE8EC /* Container */,
				BD9FAFBB2F6E753F000B085D /* DataType */,
				BD326ED22F3C1B50007EE8EC /* Encoder */,
				BD58B0B82F5973A10024C670 /* Hashing */,
				BD9FAFB12F6E526F000B085D /* Math */,
				BD326F2C2F431F23007EE8EC /* Memory */,
				BD58B09E2F582F0F0024C670 /* Runtime */,
				BD58B0AE2F58EF5C0024C670 /* Text */,
				BD58B09A2F56DE0B0024C670 /* Time */,
				BD58B0852F4EF2640024C670 /* Thread */,
			);
			name = Private;
			sourceTree = "<group>";
		};
		BD86B6192F3B316800DD8D2E /* Common */ = {
			isa = PBXGroup;
			children = (
				BD326EC42F3B32F0007EE8EC /* CommonDefines.hpp */,
				BD326EDA2F3C2625007EE8EC /* CompilerDefines.hpp */,
				BD326EDD2F3C40A5007EE8EC /* PlatformDefines.hpp */,
			);
			name = Common;
			sourceTree = "<group>";
		};
		BD9FAFB12F6E526F000B085D /* Math */ = {
			isa = PBXGroup;
			children = (
				BD9FAFB22F6E528C000B085D /* MathUtilities.cpp */,
			);
			name = Math;
			sourceTree = "<group>";
		};
		BD9FAFBB2F6E753F000B085D /* DataType */ = {
			isa = PBXGroup;
			children = (
				BDA896102F6F70FA00B0683B /* Float3D.cpp */,
				BD9FAFBC2F6E756B000B085D /* Float4D.cpp */,
				BDA896162F6F9C8300B0683B /* Matrix3x4.cpp */,
				BDA8961C2F6FE89900B0683B /* Matrix4x4.cpp */,
			);
			name = DataType;
			sourceTree = "<group>";
		};
/* End PBXGroup section */

/* Begin PBXHeadersBuildPhase section */
		BD326ECB2F3BFC7C007EE8EC /* Headers */ = {
			isa = PBXHeadersBuildPhase;
			buildActionMask = 2147483647;
			files = (
				BDA8961A2F6FE7E900B0683B /* Matrix4x4.hpp in Headers */,
				BD326EDE2F3C40A5007EE8EC /* PlatformDefines.hpp in Headers */,
				BD58B0D02F5B93B90024C670 /* StaticXXHash32.hpp in Headers */,
				BD58B0CE2F5B93B90024C670 /* StaticXXHash64.hpp in Headers */,
				BD58B0D72F5B97750024C670 /* RuntimeXXHash32.hpp in Headers */,
				BD326ED02F3C19E6007EE8EC /* X2TeaEncoder.hpp in Headers */,
				BD326EE62F41773A007EE8EC /* MathUtilities.hpp in Headers */,
				BD58B0EB2F5BA1790024C670 /* StaticStringDepot.hpp in Headers */,
				BDA896202F714B9400B0683B /* Quaternion.hpp in Headers */,
				BD326ED82F3C24A5007EE8EC /* RuntimeAssert.hpp in Headers */,
				BD58B08A2F519C4A0024C670 /* ArenaAllocator.hpp in Headers */,
				BD326EDB2F3C2625007EE8EC /* CompilerDefines.hpp in Headers */,
				BD58B0CA2F5AD4BF0024C670 /* StaticStringId.hpp in Headers */,
				BD58B0832F4EECE10024C670 /* ThreadDefines.hpp in Headers */,
				BD58B0982F56DCDC0024C670 /* ClockTime.hpp in Headers */,
				BD9FAFAF2F6D5DE9000B085D /* MathDefines.hpp in Headers */,
				BD58B0D92F5B97750024C670 /* RuntimeXXHash64.hpp in Headers */,
				BD58B0D32F5B93F30024C670 /* StaticHash.hpp in Headers */,
				BD326F322F495429007EE8EC /* RingBuffer.hpp in Headers */,
				BD326F2A2F431CD5007EE8EC /* MemoryUtilities.hpp in Headers */,
				BD9FAFB92F6E7430000B085D /* Float4D.hpp in Headers */,
				BD58B0802F4DA6D40024C670 /* WorkerThread.hpp in Headers */,
				BDA896142F6F9B9600B0683B /* Matrix3x4.hpp in Headers */,
				BD58B0A12F582F330024C670 /* GameLogic.hpp in Headers */,
				BD58B0BE2F5974630024C670 /* RuntimeHash.hpp in Headers */,
				BDA8960E2F6F6F0300B0683B /* Float3D.hpp in Headers */,
				BD326ECC2F3BFC80007EE8EC /* CommonDefines.hpp in Headers */,
				BD58B0A72F582F480024C670 /* GameMainLoop.hpp in Headers */,
				BD58B0E12F5B9C930024C670 /* StaticString.hpp in Headers */,
			);
			runOnlyForDeploymentPostprocessing = 0;
		};
		BD86B5F62F388E1600DD8D2E /* Headers */ = {
			isa = PBXHeadersBuildPhase;
			buildActionMask = 2147483647;
			files = (
				BDA8961B2F6FE7E900B0683B /* Matrix4x4.hpp in Headers */,
				BD326EDF2F3C40A5007EE8EC /* PlatformDefines.hpp in Headers */,
				BD58B0D12F5B93B90024C670 /* StaticXXHash32.hpp in Headers */,
				BD58B0CF2F5B93B90024C670 /* StaticXXHash64.hpp in Headers */,
				BD58B0D82F5B97750024C670 /* RuntimeXXHash32.hpp in Headers */,
				BD326ED12F3C19E6007EE8EC /* X2TeaEncoder.hpp in Headers */,
				BD326EE72F41773B007EE8EC /* MathUtilities.hpp in Headers */,
				BD58B0EC2F5BA1790024C670 /* StaticStringDepot.hpp in Headers */,
				BDA896212F714B9400B0683B /* Quaternion.hpp in Headers */,
				BD326ED92F3C24A5007EE8EC /* RuntimeAssert.hpp in Headers */,
				BD58B08B2F519C4A0024C670 /* ArenaAllocator.hpp in Headers */,
				BD326EDC2F3C2625007EE8EC /* CompilerDefines.hpp in Headers */,
				BD58B0CB2F5AD4BF0024C670 /* StaticStringId.hpp in Headers */,
				BD58B0842F4EECE10024C670 /* ThreadDefines.hpp in Headers */,
				BD58B0992F56DCDC0024C670 /* ClockTime.hpp in Headers */,
				BD9FAFB02F6D5DE9000B085D /* MathDefines.hpp in Headers */,
				BD58B0DA2F5B97750024C670 /* RuntimeXXHash64.hpp in Headers */,
				BD58B0D42F5B93F30024C670 /* StaticHash.hpp in Headers */,
				BD326F332F495429007EE8EC /* RingBuffer.hpp in Headers */,
				BD326F2B2F431CD5007EE8EC /* MemoryUtilities.hpp in Headers */,
				BD9FAFBA2F6E7430000B085D /* Float4D.hpp in Headers */,
				BD58B0812F4DA6D40024C670 /* WorkerThread.hpp in Headers */,
				BDA896152F6F9B9600B0683B /* Matrix3x4.hpp in Headers */,
				BD58B0A22F582F330024C670 /* GameLogic.hpp in Headers */,
				BD58B0BF2F5974630024C670 /* RuntimeHash.hpp in Headers */,
				BDA8960F2F6F6F0300B0683B /* Float3D.hpp in Headers */,
				BD326EC72F3B32F0007EE8EC /* CommonDefines.hpp in Headers */,
				BD58B0A82F582F480024C670 /* GameMainLoop.hpp in Headers */,
				BD58B0E22F5B9C930024C670 /* StaticString.hpp in Headers */,
			);
			runOnlyForDeploymentPostprocessing = 0;
		};
/* End PBXHeadersBuildPhase section */

/* Begin PBXNativeTarget section */
		BD86B5F92F388E1600DD8D2E /* RedSoUL-macOS */ = {
			isa = PBXNativeTarget;
			buildConfigurationList = BD86B6052F388E1600DD8D2E /* Build configuration list for PBXNativeTarget "RedSoUL-macOS" */;
			buildPhases = (
				BD86B5F62F388E1600DD8D2E /* Headers */,
				BD86B5F72F388E1600DD8D2E /* Sources */,
				BD86B5F82F388E1600DD8D2E /* Frameworks */,
			);
			buildRules = (
			);
			dependencies = (
			);
			name = "RedSoUL-macOS";
			productName = RedSoUL;
			productReference = BD86B5FA2F388E1600DD8D2E /* libRedSoUL-macOS.a */;
			productType = "com.apple.product-type.library.static";
		};
		BD86B60D2F39E1FC00DD8D2E /* RedSoUL-iOS */ = {
			isa = PBXNativeTarget;
			buildConfigurationList = BD86B6142F39E1FC00DD8D2E /* Build configuration list for PBXNativeTarget "RedSoUL-iOS" */;
			buildPhases = (
				BD326ECB2F3BFC7C007EE8EC /* Headers */,
				BD86B60A2F39E1FC00DD8D2E /* Sources */,
				BD86B60B2F39E1FC00DD8D2E /* Frameworks */,
				BD86B60C2F39E1FC00DD8D2E /* CopyFiles */,
			);
			buildRules = (
			);
			dependencies = (
			);
			name = "RedSoUL-iOS";
			productName = "RedSoUL-iOS";
			productReference = BD86B60E2F39E1FC00DD8D2E /* libRedSoUL-iOS.a */;
			productType = "com.apple.product-type.library.static";
		};
/* End PBXNativeTarget section */

/* Begin PBXProject section */
		BD86B5F22F388E1600DD8D2E /* Project object */ = {
			isa = PBXProject;
			attributes = {
				BuildIndependentTargetsInParallel = 1;
				LastUpgradeCheck = 1340;
				TargetAttributes = {
					BD86B5F92F388E1600DD8D2E = {
						CreatedOnToolsVersion = 13.4.1;
					};
					BD86B60D2F39E1FC00DD8D2E = {
						CreatedOnToolsVersion = 13.4.1;
					};
				};
			};
			buildConfigurationList = BD86B5F52F388E1600DD8D2E /* Build configuration list for PBXProject "RedSoUL" */;
			compatibilityVersion = "Xcode 13.0";
			developmentRegion = en;
			hasScannedForEncodings = 0;
			knownRegions = (
				en,
				Base,
			);
			mainGroup = BD86B5F12F388E1600DD8D2E;
			productRefGroup = BD86B5FB2F388E1600DD8D2E /* Products */;
			projectDirPath = "";
			projectRoot = "";
			targets = (
				BD86B60D2F39E1FC00DD8D2E /* RedSoUL-iOS */,
				BD86B5F92F388E1600DD8D2E /* RedSoUL-macOS */,
			);
		};
/* End PBXProject section */

/* Begin PBXSourcesBuildPhase section */
		BD86B5F72F388E1600DD8D2E /* Sources */ = {
			isa = PBXSourcesBuildPhase;
			buildActionMask = 2147483647;
			files = (
				BD326EE32F3C7F9A007EE8EC /* RuntimeAssert.cpp in Sources */,
				BD326F3A2F4958CE007EE8EC /* RingBuffer.cpp in Sources */,
				BD58B0A62F582F480024C670 /* GameMainLoop.cpp in Sources */,
				BDA8961E2F6FE89900B0683B /* Matrix4x4.cpp in Sources */,
				BD58B0DD2F5B97BA0024C670 /* RuntimeHash.cpp in Sources */,
				BD326ED52F3C1B9E007EE8EC /* X2TeaEncoder.cpp in Sources */,
				BDA896182F6F9C8300B0683B /* Matrix3x4.cpp in Sources */,
				BD58B08E2F519D890024C670 /* ArenaAllocator.cpp in Sources */,
				BD9FAFBE2F6E756B000B085D /* Float4D.cpp in Sources */,
				BD58B09D2F56DE1D0024C670 /* ClockTime.cpp in Sources */,
				BD58B0882F4EF27D0024C670 /* WorkerThread.cpp in Sources */,
				BD9FAFB42F6E528C000B085D /* MathUtilities.cpp in Sources */,
				BD326F2F2F431F39007EE8EC /* MemoryUtilities.cpp in Sources */,
				BD58B0EE2F5BA1790024C670 /* StaticStringDepot.cpp in Sources */,
				BD58B0F12F5BB84C0024C670 /* StaticString.cpp in Sources */,
				BDA896122F6F70FA00B0683B /* Float3D.cpp in Sources */,
			);
			runOnlyForDeploymentPostprocessing = 0;
		};
		BD86B60A2F39E1FC00DD8D2E /* Sources */ = {
			isa = PBXSourcesBuildPhase;
			buildActionMask = 2147483647;
			files = (
				BD326EE22F3C7F9A007EE8EC /* RuntimeAssert.cpp in Sources */,
				BD326F392F4958CE007EE8EC /* RingBuffer.cpp in Sources */,
				BD58B0A52F582F480024C670 /* GameMainLoop.cpp in Sources */,
				BDA8961D2F6FE89900B0683B /* Matrix4x4.cpp in Sources */,
				BD58B0DC2F5B97BA0024C670 /* RuntimeHash.cpp in Sources */,
				BD326ED42F3C1B9E007EE8EC /* X2TeaEncoder.cpp in Sources */,
				BDA896172F6F9C8300B0683B /* Matrix3x4.cpp in Sources */,
				BD58B08D2F519D890024C670 /* ArenaAllocator.cpp in Sources */,
				BD9FAFBD2F6E756B000B085D /* Float4D.cpp in Sources */,
				BD58B09C2F56DE1D0024C670 /* ClockTime.cpp in Sources */,
				BD58B0872F4EF27D0024C670 /* WorkerThread.cpp in Sources */,
				BD9FAFB32F6E528C000B085D /* MathUtilities.cpp in Sources */,
				BD326F2E2F431F39007EE8EC /* MemoryUtilities.cpp in Sources */,
				BD58B0ED2F5BA1790024C670 /* StaticStringDepot.cpp in Sources */,
				BD58B0F02F5BB84C0024C670 /* StaticString.cpp in Sources */,
				BDA896112F6F70FA00B0683B /* Float3D.cpp in Sources */,
			);
			runOnlyForDeploymentPostprocessing = 0;
		};
/* End PBXSourcesBuildPhase section */

/* Begin XCBuildConfiguration section */
		BD86B6032F388E1600DD8D2E /* Debug */ = {
			isa = XCBuildConfiguration;
			buildSettings = {
				ALWAYS_SEARCH_USER_PATHS = NO;
				CLANG_ANALYZER_NONNULL = YES;
				CLANG_ANALYZER_NUMBER_OBJECT_CONVERSION = YES_AGGRESSIVE;
				CLANG_CXX_LANGUAGE_STANDARD = "c++0x";
				CLANG_CXX_LIBRARY = "libc++";
				CLANG_ENABLE_MODULES = YES;
				CLANG_ENABLE_OBJC_ARC = YES;
				CLANG_ENABLE_OBJC_WEAK = YES;
				CLANG_WARN_BLOCK_CAPTURE_AUTORELEASING = YES;
				CLANG_WARN_BOOL_CONVERSION = YES;
				CLANG_WARN_COMMA = YES;
				CLANG_WARN_CONSTANT_CONVERSION = YES;
				CLANG_WARN_DEPRECATED_OBJC_IMPLEMENTATIONS = YES;
				CLANG_WARN_DIRECT_OBJC_ISA_USAGE = YES_ERROR;
				CLANG_WARN_DOCUMENTATION_COMMENTS = YES;
				CLANG_WARN_EMPTY_BODY = YES;
				CLANG_WARN_ENUM_CONVERSION = YES;
				CLANG_WARN_INFINITE_RECURSION = YES;
				CLANG_WARN_INT_CONVERSION = YES;
				CLANG_WARN_NON_LITERAL_NULL_CONVERSION = YES;
				CLANG_WARN_OBJC_IMPLICIT_RETAIN_SELF = YES;
				CLANG_WARN_OBJC_LITERAL_CONVERSION = YES;
				CLANG_WARN_OBJC_ROOT_CLASS = YES_ERROR;
				CLANG_WARN_QUOTED_INCLUDE_IN_FRAMEWORK_HEADER = YES;
				CLANG_WARN_RANGE_LOOP_ANALYSIS = YES;
				CLANG_WARN_STRICT_PROTOTYPES = YES;
				CLANG_WARN_SUSPICIOUS_MOVE = YES;
				CLANG_WARN_UNGUARDED_AVAILABILITY = YES_AGGRESSIVE;
				CLANG_WARN_UNREACHABLE_CODE = YES;
				CLANG_WARN__DUPLICATE_METHOD_MATCH = YES;
				CONFIGURATION_BUILD_DIR = "$(PROJECT_DIR)/../Library/$(PLATFORM_NAME)/$(CONFIGURATION)";
				CONFIGURATION_TEMP_DIR = "$(PROJECT_DIR)/../TrashBin/$(PROJECT_NAME)/$(PLATFORM_NAME)/$(CONFIGURATION)";
				COPY_PHASE_STRIP = NO;
				DEBUG_INFORMATION_FORMAT = dwarf;
				ENABLE_STRICT_OBJC_MSGSEND = YES;
				ENABLE_TESTABILITY = YES;
				GCC_C_LANGUAGE_STANDARD = c11;
				GCC_DYNAMIC_NO_PIC = NO;
				GCC_ENABLE_CPP_EXCEPTIONS = YES;
				GCC_ENABLE_CPP_RTTI = NO;
				GCC_NO_COMMON_BLOCKS = YES;
				GCC_OPTIMIZATION_LEVEL = 0;
				GCC_PREPROCESSOR_DEFINITIONS = (
					"DEBUG=1",
					"$(inherited)",
				);
				GCC_WARN_64_TO_32_BIT_CONVERSION = YES;
				GCC_WARN_ABOUT_RETURN_TYPE = YES_ERROR;
				GCC_WARN_UNDECLARED_SELECTOR = YES;
				GCC_WARN_UNINITIALIZED_AUTOS = YES_AGGRESSIVE;
				GCC_WARN_UNUSED_FUNCTION = YES;
				GCC_WARN_UNUSED_VARIABLE = YES;
				IPHONEOS_DEPLOYMENT_TARGET = 15.0;
				MACOSX_DEPLOYMENT_TARGET = 10.15;
				MTL_ENABLE_DEBUG_INFO = INCLUDE_SOURCE;
				MTL_FAST_MATH = YES;
				ONLY_ACTIVE_ARCH = YES;
				PRODUCT_NAME = "$(TARGET_NAME)";
				SDKROOT = macosx;
				USER_HEADER_SEARCH_PATHS = (
					"$(SRCROOT)/Public",
					"$(SRCROOT)/Private",
				);
			};
			name = Debug;
		};
		BD86B6042F388E1600DD8D2E /* Release */ = {
			isa = XCBuildConfiguration;
			buildSettings = {
				ALWAYS_SEARCH_USER_PATHS = NO;
				CLANG_ANALYZER_NONNULL = YES;
				CLANG_ANALYZER_NUMBER_OBJECT_CONVERSION = YES_AGGRESSIVE;
				CLANG_CXX_LANGUAGE_STANDARD = "c++0x";
				CLANG_CXX_LIBRARY = "libc++";
				CLANG_ENABLE_MODULES = YES;
				CLANG_ENABLE_OBJC_ARC = YES;
				CLANG_ENABLE_OBJC_WEAK = YES;
				CLANG_WARN_BLOCK_CAPTURE_AUTORELEASING = YES;
				CLANG_WARN_BOOL_CONVERSION = YES;
				CLANG_WARN_COMMA = YES;
				CLANG_WARN_CONSTANT_CONVERSION = YES;
				CLANG_WARN_DEPRECATED_OBJC_IMPLEMENTATIONS = YES;
				CLANG_WARN_DIRECT_OBJC_ISA_USAGE = YES_ERROR;
				CLANG_WARN_DOCUMENTATION_COMMENTS = YES;
				CLANG_WARN_EMPTY_BODY = YES;
				CLANG_WARN_ENUM_CONVERSION = YES;
				CLANG_WARN_INFINITE_RECURSION = YES;
				CLANG_WARN_INT_CONVERSION = YES;
				CLANG_WARN_NON_LITERAL_NULL_CONVERSION = YES;
				CLANG_WARN_OBJC_IMPLICIT_RETAIN_SELF = YES;
				CLANG_WARN_OBJC_LITERAL_CONVERSION = YES;
				CLANG_WARN_OBJC_ROOT_CLASS = YES_ERROR;
				CLANG_WARN_QUOTED_INCLUDE_IN_FRAMEWORK_HEADER = YES;
				CLANG_WARN_RANGE_LOOP_ANALYSIS = YES;
				CLANG_WARN_STRICT_PROTOTYPES = YES;
				CLANG_WARN_SUSPICIOUS_MOVE = YES;
				CLANG_WARN_UNGUARDED_AVAILABILITY = YES_AGGRESSIVE;
				CLANG_WARN_UNREACHABLE_CODE = YES;
				CLANG_WARN__DUPLICATE_METHOD_MATCH = YES;
				CONFIGURATION_BUILD_DIR = "$(PROJECT_DIR)/../Library/$(PLATFORM_NAME)/$(CONFIGURATION)";
				CONFIGURATION_TEMP_DIR = "$(PROJECT_DIR)/../TrashBin/$(PROJECT_NAME)/$(PLATFORM_NAME)/$(CONFIGURATION)";
				COPY_PHASE_STRIP = NO;
				DEBUG_INFORMATION_FORMAT = "dwarf-with-dsym";
				ENABLE_NS_ASSERTIONS = NO;
				ENABLE_STRICT_OBJC_MSGSEND = YES;
				GCC_C_LANGUAGE_STANDARD = c11;
				GCC_ENABLE_CPP_EXCEPTIONS = YES;
				GCC_ENABLE_CPP_RTTI = NO;
				GCC_NO_COMMON_BLOCKS = YES;
				GCC_WARN_64_TO_32_BIT_CONVERSION = YES;
				GCC_WARN_ABOUT_RETURN_TYPE = YES_ERROR;
				GCC_WARN_UNDECLARED_SELECTOR = YES;
				GCC_WARN_UNINITIALIZED_AUTOS = YES_AGGRESSIVE;
				GCC_WARN_UNUSED_FUNCTION = YES;
				GCC_WARN_UNUSED_VARIABLE = YES;
				IPHONEOS_DEPLOYMENT_TARGET = 15.0;
				MACOSX_DEPLOYMENT_TARGET = 10.15;
				MTL_ENABLE_DEBUG_INFO = NO;
				MTL_FAST_MATH = YES;
				PRODUCT_NAME = "$(TARGET_NAME)";
				SDKROOT = macosx;
				USER_HEADER_SEARCH_PATHS = (
					"$(SRCROOT)/Public",
					"$(SRCROOT)/Private",
				);
			};
			name = Release;
		};
		BD86B6062F388E1600DD8D2E /* Debug */ = {
			isa = XCBuildConfiguration;
			buildSettings = {
				CODE_SIGN_STYLE = Automatic;
				EXECUTABLE_PREFIX = lib;
				SKIP_INSTALL = YES;
			};
			name = Debug;
		};
		BD86B6072F388E1600DD8D2E /* Release */ = {
			isa = XCBuildConfiguration;
			buildSettings = {
				CODE_SIGN_STYLE = Automatic;
				EXECUTABLE_PREFIX = lib;
				SKIP_INSTALL = YES;
			};
			name = Release;
		};
		BD86B6152F39E1FC00DD8D2E /* Debug */ = {
			isa = XCBuildConfiguration;
			buildSettings = {
				CODE_SIGN_STYLE = Automatic;
				OTHER_LDFLAGS = "-ObjC";
				SDKROOT = iphoneos;
				SKIP_INSTALL = YES;
				TARGETED_DEVICE_FAMILY = "1,2";
			};
			name = Debug;
		};
		BD86B6162F39E1FC00DD8D2E /* Release */ = {
			isa = XCBuildConfiguration;
			buildSettings = {
				CODE_SIGN_STYLE = Automatic;
				OTHER_LDFLAGS = "-ObjC";
				SDKROOT = iphoneos;
				SKIP_INSTALL = YES;
				TARGETED_DEVICE_FAMILY = "1,2";
				VALIDATE_PRODUCT = YES;
			};
			name = Release;
		};
/* End XCBuildConfiguration section */

/* Begin XCConfigurationList section */
		BD86B5F52F388E1600DD8D2E /* Build configuration list for PBXProject "RedSoUL" */ = {
			isa = XCConfigurationList;
			buildConfigurations = (
				BD86B6032F388E1600DD8D2E /* Debug */,
				BD86B6042F388E1600DD8D2E /* Release */,
			);
			defaultConfigurationIsVisible = 0;
			defaultConfigurationName = Release;
		};
		BD86B6052F388E1600DD8D2E /* Build configuration list for PBXNativeTarget "RedSoUL-macOS" */ = {
			isa = XCConfigurationList;
			buildConfigurations = (
				BD86B6062F388E1600DD8D2E /* Debug */,
				BD86B6072F388E1600DD8D2E /* Release */,
			);
			defaultConfigurationIsVisible = 0;
			defaultConfigurationName = Release;
		};
		BD86B6142F39E1FC00DD8D2E /* Build configuration list for PBXNativeTarget "RedSoUL-iOS" */ = {
			isa = XCConfigurationList;
			buildConfigurations = (
				BD86B6152F39E1FC00DD8D2E /* Debug */,
				BD86B6162F39E1FC00DD8D2E /* Release */,
			);
			defaultConfigurationIsVisible = 0;
			defaultConfigurationName = Release;
		};
/* End XCConfigurationList section */
	};
	rootObject = BD86B5F22F388E1600DD8D2E /* Project object */;
}
